
Microsoft Visual Studio Solution File, Format Version 12.00
# Visual Studio Version 16
VisualStudioVersion = 16.0.32510.428
MinimumVisualStudioVersion = 10.0.40219.1
Project("{9A19103F-16F7-4668-BE54-9A1E7A4F7556}") = "wswp-terraform", "wswp-terraform\wswp-terraform.csproj", "{60561280-DF04-4871-8468-A185E5B26DA3}"
EndProject
Project("{9A19103F-16F7-4668-BE54-9A1E7A4F7556}") = "wswp-app", "wswp-app\wswp-app.csproj", "{C4AD4B91-64CD-4BF3-BA0C-A477BD562C41}"
EndProject
Global
	GlobalSection(SolutionConfigurationPlatforms) = preSolution
		Debug|Any CPU = Debug|Any CPU
		Debug|x64 = Debug|x64
		Debug|x86 = Debug|x86
		Release|Any CPU = Release|Any CPU
		Release|x64 = Release|x64
		Release|x86 = Release|x86
	EndGlobalSection
	GlobalSection(ProjectConfigurationPlatforms) = postSolution
		{60561280-DF04-4871-8468-A185E5B26DA3}.Debug|Any CPU.ActiveCfg = Debug|Any CPU
		{60561280-DF04-4871-8468-A185E5B26DA3}.Debug|Any CPU.Build.0 = Debug|Any CPU
		{60561280-DF04-4871-8468-A185E5B26DA3}.Debug|x64.ActiveCfg = Debug|Any CPU
		{60561280-DF04-4871-8468-A185E5B26DA3}.Debug|x64.Build.0 = Debug|Any CPU
		{60561280-DF04-4871-8468-A185E5B26DA3}.Debug|x86.ActiveCfg = Debug|Any CPU
		{60561280-DF04-4871-8468-A185E5B26DA3}.Debug|x86.Build.0 = Debug|Any CPU
		{60561280-DF04-4871-8468-A185E5B26DA3}.Release|Any CPU.ActiveCfg = Release|Any CPU
		{60561280-DF04-4871-8468-A185E5B26DA3}.Release|Any CPU.Build.0 = Release|Any CPU
		{60561280-DF04-4871-8468-A185E5B26DA3}.Release|x64.ActiveCfg = Release|Any CPU
		{60561280-DF04-4871-8468-A185E5B26DA3}.Release|x64.Build.0 = Release|Any CPU
		{60561280-DF04-4871-8468-A185E5B26DA3}.Release|x86.ActiveCfg = Release|Any CPU
		{60561280-DF04-4871-8468-A185E5B26DA3}.Release|x86.Build.0 = Release|Any CPU
		{C4AD4B91-64CD-4BF3-BA0C-A477BD562C41}.Debug|Any CPU.ActiveCfg = Debug|Any CPU
		{C4AD4B91-64CD-4BF3-BA0C-A477BD562C41}.Debug|Any CPU.Build.0 = Debug|Any CPU
		{C4AD4B91-64CD-4BF3-BA0C-A477BD562C41}.Debug|x64.ActiveCfg = Debug|Any CPU
		{C4AD4B91-64CD-4BF3-BA0C-A477BD562C41}.Debug|x64.Build.0 = Debug|Any CPU
		{C4AD4B91-64CD-4BF3-BA0C-A477BD562C41}.Debug|x86.ActiveCfg = Debug|Any CPU
		{C4AD4B91-64CD-4BF3-BA0C-A477BD562C41}.Debug|x86.Build.0 = Debug|Any CPU
		{C4AD4B91-64CD-4BF3-BA0C-A477BD562C41}.Release|Any CPU.ActiveCfg = Release|Any CPU
		{C4AD4B91-64CD-4BF3-BA0C-A477BD562C41}.Release|Any CPU.Build.0 = Release|Any CPU
		{C4AD4B91-64CD-4BF3-BA0C-A477BD562C41}.Release|x64.ActiveCfg = Release|Any CPU
		{C4AD4B91-64CD-4BF3-BA0C-A477BD562C41}.Release|x64.Build.0 = Release|Any CPU
		{C4AD4B91-64CD-4BF3-BA0C-A477BD562C41}.Release|x86.ActiveCfg = Release|Any CPU
		{C4AD4B91-64CD-4BF3-BA0C-A477BD562C41}.Release|x86.Build.0 = Release|Any CPU
	EndGlobalSection
	GlobalSection(SolutionProperties) = preSolution
		HideSolutionNode = FALSE
	EndGlobalSection
	GlobalSection(ExtensibilityGlobals) = postSolution
		SolutionGuid = {D94A3E85-EFF3-4F7C-BCB6-67C478DDBEB8}
	EndGlobalSection
EndGlobal
