{
  "version": 4,
  "terraform_version": "1.2.9",
  "serial": 1732,
  "lineage": "47a37d04-7770-26a0-717b-a7098f352135",
  "outputs": {},
  "resources": [
    {
      "mode": "data",
      "type": "aws_ami",
      "name": "ubuntu",
      "provider": "provider[\"registry.terraform.io/hashicorp/aws\"]",
      "instances": [
        {
          "schema_version": 0,
          "attributes": {
            "architecture": "x86_64",
            "arn": "arn:aws:ec2:us-east-2::image/ami-0ddb5a74386eb6091",
            "block_device_mappings": [
              {
                "device_name": "/dev/sda1",
                "ebs": {
                  "delete_on_termination": "true",
                  "encrypted": "false",
                  "iops": "0",
                  "snapshot_id": "snap-037180bc35191462b",
                  "throughput": "0",
                  "volume_size": "8",
                  "volume_type": "gp2"
                },
                "no_device": "",
                "virtual_name": ""
              },
              {
                "device_name": "/dev/sdb",
                "ebs": {},
                "no_device": "",
                "virtual_name": "ephemeral0"
              },
              {
                "device_name": "/dev/sdc",
                "ebs": {},
                "no_device": "",
                "virtual_name": "ephemeral1"
              }
            ],
            "boot_mode": "legacy-bios",
            "creation_date": "2023-03-14T14:06:20.000Z",
            "deprecation_time": "2025-03-14T14:06:20.000Z",
            "description": "Canonical, Ubuntu Server Pro, 22.04 LTS, amd64 jammy image build on 2023-03-14",
            "ena_support": true,
            "executable_users": null,
            "filter": [
              {
                "name": "image-id",
                "values": [
                  "ami-0ddb5a74386eb6091"
                ]
              }
            ],
            "hypervisor": "xen",
            "id": "ami-0ddb5a74386eb6091",
            "image_id": "ami-0ddb5a74386eb6091",
            "image_location": "amazon/ubuntu-pro-server/images/hvm-ssd/ubuntu-jammy-22.04-amd64-pro-server-20230314",
            "image_owner_alias": "amazon",
            "image_type": "machine",
            "imds_support": "",
            "include_deprecated": false,
            "kernel_id": "",
            "most_recent": true,
            "name": "ubuntu-pro-server/images/hvm-ssd/ubuntu-jammy-22.04-amd64-pro-server-20230314",
            "name_regex": null,
            "owner_id": "099720109477",
            "owners": [
              "amazon"
            ],
            "platform": "",
            "platform_details": "Ubuntu Pro Linux",
            "product_codes": [],
            "public": true,
            "ramdisk_id": "",
            "root_device_name": "/dev/sda1",
            "root_device_type": "ebs",
            "root_snapshot_id": "snap-037180bc35191462b",
            "sriov_net_support": "simple",
            "state": "available",
            "state_reason": {
              "code": "UNSET",
              "message": "UNSET"
            },
            "tags": {},
            "timeouts": null,
            "tpm_support": "",
            "usage_operation": "RunInstances:0g00",
            "virtualization_type": "hvm"
          },
          "sensitive_attributes": []
        }
      ]
    },
    {
      "mode": "data",
      "type": "aws_internet_gateway",
      "name": "default_gw",
      "provider": "provider[\"registry.terraform.io/hashicorp/aws\"]",
      "instances": [
        {
          "schema_version": 0,
          "attributes": {
            "arn": "arn:aws:ec2:us-east-2:382376429664:internet-gateway/igw-0e76c0199b64d26ca",
            "attachments": [
              {
                "state": "available",
                "vpc_id": "vpc-0ec4ebc165b30fcd0"
              }
            ],
            "filter": [
              {
                "name": "attachment.vpc-id",
                "values": [
                  "vpc-0ec4ebc165b30fcd0"
                ]
              }
            ],
            "id": "igw-0e76c0199b64d26ca",
            "internet_gateway_id": "igw-0e76c0199b64d26ca",
            "owner_id": "382376429664",
            "tags": {},
            "timeouts": null
          },
          "sensitive_attributes": []
        }
      ]
    },
    {
      "mode": "data",
      "type": "dns_a_record_set",
      "name": "home_network",
      "provider": "provider[\"registry.terraform.io/hashicorp/dns\"]",
      "instances": [
        {
          "schema_version": 0,
          "attributes": {
            "addrs": [
              "73.75.199.77"
            ],
            "host": "zoeyhome.tplinkdns.com",
            "id": "zoeyhome.tplinkdns.com"
          },
          "sensitive_attributes": []
        }
      ]
    },
    {
      "mode": "managed",
      "type": "aws_default_security_group",
      "name": "default_security",
      "provider": "provider[\"registry.terraform.io/hashicorp/aws\"]",
      "instances": [
        {
          "schema_version": 1,
          "attributes": {
            "arn": "arn:aws:ec2:us-east-2:382376429664:security-group/sg-09211c77b47c14fac",
            "description": "default VPC security group",
            "egress": [],
            "id": "sg-09211c77b47c14fac",
            "ingress": [
              {
                "cidr_blocks": [
                  "73.75.199.77/32"
                ],
                "description": "",
                "from_port": 22,
                "ipv6_cidr_blocks": [],
                "prefix_list_ids": [],
                "protocol": "tcp",
                "security_groups": [],
                "self": false,
                "to_port": 22
              }
            ],
            "name": "default",
            "name_prefix": "",
            "owner_id": "382376429664",
            "revoke_rules_on_delete": false,
            "tags": null,
            "tags_all": {},
            "vpc_id": "vpc-0ec4ebc165b30fcd0"
          },
          "sensitive_attributes": [],
          "private": "eyJzY2hlbWFfdmVyc2lvbiI6IjEifQ==",
          "dependencies": [
            "aws_default_vpc.default",
            "data.dns_a_record_set.home_network"
          ]
        }
      ]
    },
    {
      "mode": "managed",
      "type": "aws_default_vpc",
      "name": "default",
      "provider": "provider[\"registry.terraform.io/hashicorp/aws\"]",
      "instances": [
        {
          "schema_version": 1,
          "attributes": {
            "arn": "arn:aws:ec2:us-east-2:382376429664:vpc/vpc-0ec4ebc165b30fcd0",
            "assign_generated_ipv6_cidr_block": false,
            "cidr_block": "172.31.0.0/16",
            "default_network_acl_id": "acl-06dc4e91f2aa5b2be",
            "default_route_table_id": "rtb-0936f560106052cbd",
            "default_security_group_id": "sg-09211c77b47c14fac",
            "dhcp_options_id": "dopt-09346f8f3b9d0db30",
            "enable_classiclink": false,
            "enable_classiclink_dns_support": false,
            "enable_dns_hostnames": true,
            "enable_dns_support": true,
            "enable_network_address_usage_metrics": false,
            "existing_default_vpc": true,
            "force_destroy": false,
            "id": "vpc-0ec4ebc165b30fcd0",
            "instance_tenancy": "default",
            "ipv6_association_id": "",
            "ipv6_cidr_block": "",
            "ipv6_cidr_block_network_border_group": "",
            "ipv6_ipam_pool_id": "",
            "ipv6_netmask_length": 0,
            "main_route_table_id": "rtb-0936f560106052cbd",
            "owner_id": "382376429664",
            "tags": {
              "Name": "DefaultVPC",
              "env": "dev",
              "project": "wswp"
            },
            "tags_all": {
              "Name": "DefaultVPC",
              "env": "dev",
              "project": "wswp"
            }
          },
          "sensitive_attributes": [],
          "private": "eyJzY2hlbWFfdmVyc2lvbiI6IjEifQ=="
        }
      ]
    },
    {
      "mode": "managed",
      "type": "aws_instance",
      "name": "test_instance",
      "provider": "provider[\"registry.terraform.io/hashicorp/aws\"]",
      "instances": [
        {
          "schema_version": 1,
          "attributes": {
            "ami": "ami-0ddb5a74386eb6091",
            "arn": "arn:aws:ec2:us-east-2:382376429664:instance/i-05007f15281e59f3f",
            "associate_public_ip_address": true,
            "availability_zone": "us-east-2b",
            "capacity_reservation_specification": [
              {
                "capacity_reservation_preference": "open",
                "capacity_reservation_target": []
              }
            ],
            "cpu_core_count": 1,
            "cpu_threads_per_core": 2,
            "credit_specification": [
              {
                "cpu_credits": "unlimited"
              }
            ],
            "disable_api_stop": false,
            "disable_api_termination": false,
            "ebs_block_device": [],
            "ebs_optimized": false,
            "enclave_options": [
              {
                "enabled": false
              }
            ],
            "ephemeral_block_device": [],
            "get_password_data": false,
            "hibernation": false,
            "host_id": "",
            "host_resource_group_arn": null,
            "iam_instance_profile": "",
            "id": "i-05007f15281e59f3f",
            "instance_initiated_shutdown_behavior": "stop",
            "instance_state": "running",
            "instance_type": "t3a.nano",
            "ipv6_address_count": 0,
            "ipv6_addresses": [],
            "key_name": "ec2_access",
            "launch_template": [],
            "maintenance_options": [
              {
                "auto_recovery": "default"
              }
            ],
            "metadata_options": [
              {
                "http_endpoint": "enabled",
                "http_put_response_hop_limit": 1,
                "http_tokens": "optional",
                "instance_metadata_tags": "disabled"
              }
            ],
            "monitoring": false,
            "network_interface": [],
            "outpost_arn": "",
            "password_data": "",
            "placement_group": "",
            "placement_partition_number": 0,
            "primary_network_interface_id": "eni-04a6c6f79a74cc725",
            "private_dns": "ip-172-31-28-153.us-east-2.compute.internal",
            "private_dns_name_options": [
              {
                "enable_resource_name_dns_a_record": false,
                "enable_resource_name_dns_aaaa_record": false,
                "hostname_type": "ip-name"
              }
            ],
            "private_ip": "172.31.28.153",
            "public_dns": "ec2-13-58-136-62.us-east-2.compute.amazonaws.com",
            "public_ip": "13.58.136.62",
            "root_block_device": [
              {
                "delete_on_termination": true,
                "device_name": "/dev/sda1",
                "encrypted": false,
                "iops": 100,
                "kms_key_id": "",
                "tags": {},
                "throughput": 0,
                "volume_id": "vol-0c544a033b67b6e68",
                "volume_size": 8,
                "volume_type": "gp2"
              }
            ],
            "secondary_private_ips": [],
            "security_groups": [
              "default"
            ],
            "source_dest_check": true,
            "subnet_id": "subnet-098a9ee49fd33a252",
            "tags": null,
            "tags_all": {},
            "tenancy": "default",
            "timeouts": null,
            "user_data": null,
            "user_data_base64": null,
            "user_data_replace_on_change": false,
            "volume_tags": null,
            "vpc_security_group_ids": [
              "sg-09211c77b47c14fac"
            ]
          },
          "sensitive_attributes": [],
          "private": "eyJlMmJmYjczMC1lY2FhLTExZTYtOGY4OC0zNDM2M2JjN2M0YzAiOnsiY3JlYXRlIjo2MDAwMDAwMDAwMDAsImRlbGV0ZSI6MTIwMDAwMDAwMDAwMCwidXBkYXRlIjo2MDAwMDAwMDAwMDB9LCJzY2hlbWFfdmVyc2lvbiI6IjEifQ==",
          "dependencies": [
            "aws_default_vpc.default",
            "data.aws_ami.ubuntu",
            "data.aws_internet_gateway.default_gw"
          ]
        }
      ]
    },
    {
      "mode": "managed",
      "type": "aws_key_pair",
      "name": "ec2_access",
      "provider": "provider[\"registry.terraform.io/hashicorp/aws\"]",
      "instances": [
        {
          "schema_version": 1,
          "attributes": {
            "arn": "arn:aws:ec2:us-east-2:382376429664:key-pair/ec2_access",
            "fingerprint": "3e:b1:2b:6d:eb:80:45:b8:36:cd:d7:b8:c1:f0:a4:78",
            "id": "ec2_access",
            "key_name": "ec2_access",
            "key_name_prefix": "",
            "key_pair_id": "key-0f05dc90a79f0b9cd",
            "key_type": "rsa",
            "public_key": "ssh-rsa AAAAB3NzaC1yc2EAAAADAQABAAABgQDI5LKIpx+FI6N0U18/vh3OHO7WD434HaLErHGy0EWYgQ8mSYwjvbsozR6nPsmPncJ7qe0sHLS1KlbvSiWCoXEdHV1Dlg+/2Kn1Gww7HdJuH+ZgxMGSPwWzH43Nt03IgzvhCm/Eg6Wy2mw6HjTaXmcLJn404uL761pWP8Zpll0XwCOlWweyxakF2Cb5g4suxscKyleq6I/klkb7/+QHC1+K/9LA2qUvHVVAlpN6mRYcH7zWvFwfSm9H/hpJ6/V92vuxF1TQW1M1Op22RCQEhsDXgfEEFts1cemD2wpDKiotVJ084r5cnRjVSI7QQTE6MmG0AE6D3ZbNlV9tW9CDc2pHat2fp9oRi2u1Ub6srlQMr+27adhAiDY+ROQrSQcJvO+YLvlHqcOHLwXKUVsage6vASkp59vQmdkdZThTKcuq52qjn1SrC6BIRaqyjJJC7txnitCUyZuFxRf6/iA4y2xFhGW2W5adDdQajrjJRb/jFRa4Brgwr6joBDWGYNlUFOE= ubuntu@ec2",
            "tags": null,
            "tags_all": {}
          },
          "sensitive_attributes": [],
          "private": "eyJzY2hlbWFfdmVyc2lvbiI6IjEifQ=="
        }
      ]
    },
    {
      "module": "module.dynamodb-lookup-cache",
      "mode": "data",
      "type": "archive_file",
      "name": "fetchstoreinfo-payload",
      "provider": "provider[\"registry.terraform.io/hashicorp/archive\"]",
      "instances": [
        {
          "schema_version": 0,
          "attributes": {
            "excludes": null,
            "id": "cbd4e132445f37ee05c079ab36e1a338d96ec915",
            "output_base64sha256": "H/BdNSTMHKNU0+6esSWRWG/BOror352NrHSOJdHXaP0=",
            "output_file_mode": null,
            "output_md5": "2c46fe67c193202e324b617892468b61",
            "output_path": "modules/aws-dynamodb-cache-lookup/lambda/fetch_store_info/fetch_store_info_payload.zip",
            "output_sha": "cbd4e132445f37ee05c079ab36e1a338d96ec915",
            "output_size": 2278,
            "source": [],
            "source_content": null,
            "source_content_filename": null,
            "source_dir": null,
            "source_file": "modules/aws-dynamodb-cache-lookup/lambda/fetch_store_info/index.js",
            "type": "zip"
          },
          "sensitive_attributes": []
        }
      ]
    },
    {
      "module": "module.dynamodb-lookup-cache",
      "mode": "data",
      "type": "archive_file",
      "name": "getappdetails-payload",
      "provider": "provider[\"registry.terraform.io/hashicorp/archive\"]",
      "instances": [
        {
          "schema_version": 0,
          "attributes": {
            "excludes": null,
            "id": "e994c2daed21553179d510dc317ba033bfba6980",
            "output_base64sha256": "gmny7N3Sjk6NM/c87e/pH5BLxJzATkeavIid+bt06Ws=",
            "output_file_mode": null,
            "output_md5": "ecbad2e4ce2855293bfcefd57d167681",
            "output_path": "modules/aws-dynamodb-cache-lookup/lambda/get_app_details/get_app_details_payload.zip",
            "output_sha": "e994c2daed21553179d510dc317ba033bfba6980",
            "output_size": 2941,
            "source": [],
            "source_content": null,
            "source_content_filename": null,
            "source_dir": null,
            "source_file": "modules/aws-dynamodb-cache-lookup/lambda/get_app_details/index.js",
            "type": "zip"
          },
          "sensitive_attributes": []
        }
      ]
    },
    {
      "module": "module.dynamodb-lookup-cache",
      "mode": "data",
      "type": "archive_file",
      "name": "writetocache-payload",
      "provider": "provider[\"registry.terraform.io/hashicorp/archive\"]",
      "instances": [
        {
          "schema_version": 0,
          "attributes": {
            "excludes": null,
            "id": "b6efdc280dbc37f815f27adba2bfefdc6e7bb7bb",
            "output_base64sha256": "4t6F8MfA7jPnK2D+Nh1IJN3lG8IrTZJ37Q/Nkr7JCqo=",
            "output_file_mode": null,
            "output_md5": "3d1f66163c6e2a5c741eb318022f84f1",
            "output_path": "modules/aws-dynamodb-cache-lookup/lambda/write_to_cache/write_to_cache_payload.zip",
            "output_sha": "b6efdc280dbc37f815f27adba2bfefdc6e7bb7bb",
            "output_size": 1053,
            "source": [],
            "source_content": null,
            "source_content_filename": null,
            "source_dir": null,
            "source_file": "modules/aws-dynamodb-cache-lookup/lambda/write_to_cache/index.js",
            "type": "zip"
          },
          "sensitive_attributes": []
        }
      ]
    },
    {
      "module": "module.dynamodb-lookup-cache",
      "mode": "data",
      "type": "aws_iam_policy",
      "name": "APIGateway-LoggingRole",
      "provider": "provider[\"registry.terraform.io/hashicorp/aws\"]",
      "instances": [
        {
          "schema_version": 0,
          "attributes": {
            "arn": "arn:aws:iam::aws:policy/service-role/AmazonAPIGatewayPushToCloudWatchLogs",
            "description": "Allows API Gateway to push logs to user's account.",
            "id": "arn:aws:iam::aws:policy/service-role/AmazonAPIGatewayPushToCloudWatchLogs",
            "name": "AmazonAPIGatewayPushToCloudWatchLogs",
            "path": "/service-role/",
            "path_prefix": null,
            "policy": "{\n    \"Version\": \"2012-10-17\",\n    \"Statement\": [\n        {\n            \"Effect\": \"Allow\",\n            \"Action\": [\n                \"logs:CreateLogGroup\",\n                \"logs:CreateLogStream\",\n                \"logs:DescribeLogGroups\",\n                \"logs:DescribeLogStreams\",\n                \"logs:PutLogEvents\",\n                \"logs:GetLogEvents\",\n                \"logs:FilterLogEvents\"\n            ],\n            \"Resource\": \"*\"\n        }\n    ]\n}",
            "policy_id": "ANPAIK4GFO7HLKYN64ASK",
            "tags": {}
          },
          "sensitive_attributes": []
        }
      ]
    },
    {
      "module": "module.dynamodb-lookup-cache",
      "mode": "data",
      "type": "aws_s3_object",
      "name": "fetchstoreinfo_config_file",
      "provider": "provider[\"registry.terraform.io/hashicorp/aws\"]",
      "instances": [
        {
          "schema_version": 0,
          "attributes": {
            "body": "{\r\n  \"search_url_base\": \"https://store.steampowered.com/app/\",\r\n  \"search_strings\": [\r\n    \"Online Co-Op\",\r\n    \"Online PvP\",\r\n    \"LAN Co-Op\",\r\n    \"LAN PvP\"\r\n  ]\r\n}\r\n",
            "bucket": "aws-dynamodb-cache-lookup-bucket",
            "bucket_key_enabled": false,
            "cache_control": "",
            "content_disposition": "",
            "content_encoding": "",
            "content_language": "",
            "content_length": 168,
            "content_type": "text/plain",
            "etag": "21174ebaf25f711978a8d72db192622b",
            "expiration": "",
            "expires": "",
            "id": "aws-dynamodb-cache-lookup-bucket/config/lambda/fetch_store_info/config.json",
            "key": "config/lambda/fetch_store_info/config.json",
            "last_modified": "Wed, 22 Mar 2023 21:17:52 UTC",
            "metadata": {},
            "object_lock_legal_hold_status": "",
            "object_lock_mode": "",
            "object_lock_retain_until_date": "",
            "range": null,
            "server_side_encryption": "AES256",
            "sse_kms_key_id": "",
            "storage_class": "STANDARD",
            "tags": {},
            "version_id": "",
            "website_redirect_location": ""
          },
          "sensitive_attributes": []
        }
      ]
    },
    {
      "module": "module.dynamodb-lookup-cache",
      "mode": "managed",
      "type": "aws_api_gateway_deployment",
      "name": "deployment",
      "provider": "provider[\"registry.terraform.io/hashicorp/aws\"]",
      "instances": [
        {
          "schema_version": 0,
          "attributes": {
            "created_date": "2023-03-22T21:18:14Z",
            "description": "",
            "execution_arn": "arn:aws:execute-api:us-east-2:382376429664:d3z4r1ijjf/test",
            "id": "vfvxb7",
            "invoke_url": "https://d3z4r1ijjf.execute-api.us-east-2.amazonaws.com/test",
            "rest_api_id": "d3z4r1ijjf",
            "stage_description": null,
            "stage_name": "test",
            "triggers": null,
            "variables": null
          },
          "sensitive_attributes": [],
          "private": "bnVsbA==",
          "dependencies": [
            "module.dynamodb-lookup-cache.aws_api_gateway_integration.lambda",
            "module.dynamodb-lookup-cache.aws_api_gateway_method.proxy",
            "module.dynamodb-lookup-cache.aws_api_gateway_resource.proxy",
            "module.dynamodb-lookup-cache.aws_api_gateway_rest_api.api_gateway",
            "module.dynamodb-lookup-cache.aws_iam_role.Lambda-FetchStoreInfo-Role",
            "module.dynamodb-lookup-cache.aws_iam_role.Lambda-GetAppDetails-Role",
            "module.dynamodb-lookup-cache.aws_iam_role.Lambda-WriteToCache-Role",
            "module.dynamodb-lookup-cache.aws_lambda_function.dynamodb-lookup",
            "module.dynamodb-lookup-cache.aws_lambda_function.fetch-store-info",
            "module.dynamodb-lookup-cache.aws_lambda_function.write-to-cache",
            "module.dynamodb-lookup-cache.aws_lambda_layer_version.jsdom_layer",
            "module.dynamodb-lookup-cache.aws_s3_bucket.aws-dynamodb-cache-lookup-s3",
            "module.dynamodb-lookup-cache.aws_s3_object.fetchstoreinfo-payload-upload",
            "module.dynamodb-lookup-cache.aws_s3_object.fetchstoreinfo_config_object",
            "module.dynamodb-lookup-cache.aws_s3_object.getappdetails-payload-upload",
            "module.dynamodb-lookup-cache.aws_s3_object.writetocache-payload-upload",
            "module.dynamodb-lookup-cache.data.archive_file.fetchstoreinfo-payload",
            "module.dynamodb-lookup-cache.data.archive_file.getappdetails-payload",
            "module.dynamodb-lookup-cache.data.archive_file.writetocache-payload",
            "module.dynamodb-lookup-cache.data.aws_s3_object.fetchstoreinfo_config_file"
          ]
        }
      ]
    },
    {
      "module": "module.dynamodb-lookup-cache",
      "mode": "managed",
      "type": "aws_api_gateway_integration",
      "name": "lambda",
      "provider": "provider[\"registry.terraform.io/hashicorp/aws\"]",
      "instances": [
        {
          "schema_version": 0,
          "attributes": {
            "cache_key_parameters": null,
            "cache_namespace": "60fi96",
            "connection_id": "",
            "connection_type": "INTERNET",
            "content_handling": "",
            "credentials": "",
            "http_method": "POST",
            "id": "agi-d3z4r1ijjf-60fi96-POST",
            "integration_http_method": "POST",
            "passthrough_behavior": "WHEN_NO_MATCH",
            "request_parameters": null,
            "request_templates": null,
            "resource_id": "60fi96",
            "rest_api_id": "d3z4r1ijjf",
            "timeout_milliseconds": 29000,
            "tls_config": [],
            "type": "AWS_PROXY",
            "uri": "arn:aws:apigateway:us-east-2:lambda:path/2015-03-31/functions/arn:aws:lambda:us-east-2:382376429664:function:getAppDetails/invocations"
          },
          "sensitive_attributes": [],
          "private": "bnVsbA==",
          "dependencies": [
            "module.dynamodb-lookup-cache.aws_api_gateway_method.proxy",
            "module.dynamodb-lookup-cache.aws_api_gateway_resource.proxy",
            "module.dynamodb-lookup-cache.aws_api_gateway_rest_api.api_gateway",
            "module.dynamodb-lookup-cache.aws_iam_role.Lambda-FetchStoreInfo-Role",
            "module.dynamodb-lookup-cache.aws_iam_role.Lambda-GetAppDetails-Role",
            "module.dynamodb-lookup-cache.aws_iam_role.Lambda-WriteToCache-Role",
            "module.dynamodb-lookup-cache.aws_lambda_function.dynamodb-lookup",
            "module.dynamodb-lookup-cache.aws_lambda_function.fetch-store-info",
            "module.dynamodb-lookup-cache.aws_lambda_function.write-to-cache",
            "module.dynamodb-lookup-cache.aws_lambda_layer_version.jsdom_layer",
            "module.dynamodb-lookup-cache.aws_s3_bucket.aws-dynamodb-cache-lookup-s3",
            "module.dynamodb-lookup-cache.aws_s3_object.fetchstoreinfo-payload-upload",
            "module.dynamodb-lookup-cache.aws_s3_object.fetchstoreinfo_config_object",
            "module.dynamodb-lookup-cache.aws_s3_object.getappdetails-payload-upload",
            "module.dynamodb-lookup-cache.aws_s3_object.writetocache-payload-upload",
            "module.dynamodb-lookup-cache.data.archive_file.fetchstoreinfo-payload",
            "module.dynamodb-lookup-cache.data.archive_file.getappdetails-payload",
            "module.dynamodb-lookup-cache.data.archive_file.writetocache-payload",
            "module.dynamodb-lookup-cache.data.aws_s3_object.fetchstoreinfo_config_file"
          ]
        }
      ]
    },
    {
      "module": "module.dynamodb-lookup-cache",
      "mode": "managed",
      "type": "aws_api_gateway_method",
      "name": "proxy",
      "provider": "provider[\"registry.terraform.io/hashicorp/aws\"]",
      "instances": [
        {
          "schema_version": 0,
          "attributes": {
            "api_key_required": false,
            "authorization": "NONE",
            "authorization_scopes": null,
            "authorizer_id": null,
            "http_method": "POST",
            "id": "agm-d3z4r1ijjf-60fi96-POST",
            "operation_name": null,
            "request_models": null,
            "request_parameters": null,
            "request_validator_id": null,
            "resource_id": "60fi96",
            "rest_api_id": "d3z4r1ijjf"
          },
          "sensitive_attributes": [],
          "private": "bnVsbA==",
          "dependencies": [
            "module.dynamodb-lookup-cache.aws_api_gateway_resource.proxy",
            "module.dynamodb-lookup-cache.aws_api_gateway_rest_api.api_gateway"
          ]
        }
      ]
    },
    {
      "module": "module.dynamodb-lookup-cache",
      "mode": "managed",
      "type": "aws_api_gateway_resource",
      "name": "proxy",
      "provider": "provider[\"registry.terraform.io/hashicorp/aws\"]",
      "instances": [
        {
          "schema_version": 0,
          "attributes": {
            "id": "60fi96",
            "parent_id": "u1v4vz6bch",
            "path": "/getAppDetails",
            "path_part": "getAppDetails",
            "rest_api_id": "d3z4r1ijjf"
          },
          "sensitive_attributes": [],
          "private": "bnVsbA==",
          "dependencies": [
            "module.dynamodb-lookup-cache.aws_api_gateway_rest_api.api_gateway"
          ]
        }
      ]
    },
    {
      "module": "module.dynamodb-lookup-cache",
      "mode": "managed",
      "type": "aws_api_gateway_rest_api",
      "name": "api_gateway",
      "provider": "provider[\"registry.terraform.io/hashicorp/aws\"]",
      "instances": [
        {
          "schema_version": 0,
          "attributes": {
            "api_key_source": "HEADER",
            "arn": "arn:aws:apigateway:us-east-2::/restapis/d3z4r1ijjf",
            "binary_media_types": [],
            "body": null,
            "created_date": "2023-03-22T21:17:50Z",
            "description": "API to get Steam App details (multiplayer support) from DynamoDB",
            "disable_execute_api_endpoint": false,
            "endpoint_configuration": [
              {
                "types": [
                  "EDGE"
                ],
                "vpc_endpoint_ids": []
              }
            ],
            "execution_arn": "arn:aws:execute-api:us-east-2:382376429664:d3z4r1ijjf",
            "id": "d3z4r1ijjf",
            "minimum_compression_size": -1,
            "name": "GetAppDetails",
            "parameters": null,
            "policy": "",
            "put_rest_api_mode": null,
            "root_resource_id": "u1v4vz6bch",
            "tags": null,
            "tags_all": {}
          },
          "sensitive_attributes": [],
          "private": "bnVsbA=="
        }
      ]
    },
    {
      "module": "module.dynamodb-lookup-cache",
      "mode": "managed",
      "type": "aws_dynamodb_table",
      "name": "dynamodb-instance",
      "provider": "provider[\"registry.terraform.io/hashicorp/aws\"]",
      "instances": [
        {
          "schema_version": 1,
          "attributes": {
            "arn": "arn:aws:dynamodb:us-east-2:382376429664:table/dynamodb-lookup-cache-22032023",
            "attribute": [
              {
                "name": "app_id",
                "type": "S"
              }
            ],
            "billing_mode": "PROVISIONED",
            "deletion_protection_enabled": false,
            "global_secondary_index": [],
            "hash_key": "app_id",
            "id": "dynamodb-lookup-cache-22032023",
            "local_secondary_index": [],
            "name": "dynamodb-lookup-cache-22032023",
            "point_in_time_recovery": [
              {
                "enabled": false
              }
            ],
            "range_key": null,
            "read_capacity": 1,
            "replica": [],
            "restore_date_time": null,
            "restore_source_name": null,
            "restore_to_latest_time": null,
            "server_side_encryption": [],
            "stream_arn": "",
            "stream_enabled": false,
            "stream_label": "",
            "stream_view_type": "",
            "table_class": "STANDARD",
            "tags": null,
            "tags_all": {},
            "timeouts": null,
            "ttl": [
              {
                "attribute_name": "",
                "enabled": false
              }
            ],
            "write_capacity": 1
          },
          "sensitive_attributes": [],
          "private": "eyJlMmJmYjczMC1lY2FhLTExZTYtOGY4OC0zNDM2M2JjN2M0YzAiOnsiY3JlYXRlIjoxODAwMDAwMDAwMDAwLCJkZWxldGUiOjYwMDAwMDAwMDAwMCwidXBkYXRlIjozNjAwMDAwMDAwMDAwfSwic2NoZW1hX3ZlcnNpb24iOiIxIn0="
        }
      ]
    },
    {
      "module": "module.dynamodb-lookup-cache",
      "mode": "managed",
      "type": "aws_iam_policy",
      "name": "Lambda-FetchStoreInfo-Policy",
      "provider": "provider[\"registry.terraform.io/hashicorp/aws\"]",
      "instances": [
        {
          "schema_version": 0,
          "attributes": {
            "arn": "arn:aws:iam::382376429664:policy/Lambda-LoggingOnly",
            "description": "Policy that only allows logging for lambda functions",
            "id": "arn:aws:iam::382376429664:policy/Lambda-LoggingOnly",
            "name": "Lambda-LoggingOnly",
            "name_prefix": null,
            "path": "/",
            "policy": "{\"Statement\":[{\"Action\":[\"logs:CreateLogStream\",\"logs:CreateLogGroup\",\"logs:PutLogEvents\"],\"Effect\":\"Allow\",\"Resource\":[\"arn:aws:logs:us-east-2:382376429664:log-group:/aws/lambda/fetchStoreInfo:*\"]}],\"Version\":\"2012-10-17\"}",
            "policy_id": "ANPAVSB3JJBQEK7BA6EX6",
            "tags": null,
            "tags_all": {}
          },
          "sensitive_attributes": [],
          "private": "bnVsbA==",
          "dependencies": [
            "module.dynamodb-lookup-cache.aws_iam_role.Lambda-FetchStoreInfo-Role",
            "module.dynamodb-lookup-cache.aws_lambda_function.fetch-store-info",
            "module.dynamodb-lookup-cache.aws_lambda_layer_version.jsdom_layer",
            "module.dynamodb-lookup-cache.aws_s3_bucket.aws-dynamodb-cache-lookup-s3",
            "module.dynamodb-lookup-cache.aws_s3_object.fetchstoreinfo-payload-upload",
            "module.dynamodb-lookup-cache.aws_s3_object.fetchstoreinfo_config_object",
            "module.dynamodb-lookup-cache.data.archive_file.fetchstoreinfo-payload",
            "module.dynamodb-lookup-cache.data.aws_s3_object.fetchstoreinfo_config_file"
          ]
        }
      ]
    },
    {
      "module": "module.dynamodb-lookup-cache",
      "mode": "managed",
      "type": "aws_iam_policy",
      "name": "Lambda-GetAppDetails-Policy",
      "provider": "provider[\"registry.terraform.io/hashicorp/aws\"]",
      "instances": [
        {
          "schema_version": 0,
          "attributes": {
            "arn": "arn:aws:iam::382376429664:policy/Lambda-DynamoReadLambdaInvoke",
            "description": "Lambda Access to Read to DynamoDB, log, and invoke lambda",
            "id": "arn:aws:iam::382376429664:policy/Lambda-DynamoReadLambdaInvoke",
            "name": "Lambda-DynamoReadLambdaInvoke",
            "name_prefix": null,
            "path": "/",
            "policy": "{\"Statement\":[{\"Action\":[\"dynamodb:BatchGetItem\",\"dynamodb:Query\",\"dynamodb:Scan\",\"lambda:InvokeFunction\",\"logs:CreateLogStream\",\"logs:CreateLogGroup\",\"logs:PutLogEvents\"],\"Effect\":\"Allow\",\"Resource\":[\"arn:aws:dynamodb:us-east-2:382376429664:table/dynamodb-lookup-cache-22032023\",\"arn:aws:logs:us-east-2:382376429664:log-group:/aws/lambda/getAppDetails:*\",\"arn:aws:lambda:us-east-2:382376429664:function:fetchStoreInfo\",\"arn:aws:lambda:us-east-2:382376429664:function:writeToCache\"]}],\"Version\":\"2012-10-17\"}",
            "policy_id": "ANPAVSB3JJBQHVVHJFUZI",
            "tags": null,
            "tags_all": {}
          },
          "sensitive_attributes": [],
          "private": "bnVsbA==",
          "dependencies": [
            "module.dynamodb-lookup-cache.aws_iam_role.Lambda-FetchStoreInfo-Role",
            "module.dynamodb-lookup-cache.aws_iam_role.Lambda-GetAppDetails-Role",
            "module.dynamodb-lookup-cache.aws_iam_role.Lambda-WriteToCache-Role",
            "module.dynamodb-lookup-cache.aws_lambda_function.dynamodb-lookup",
            "module.dynamodb-lookup-cache.aws_lambda_function.fetch-store-info",
            "module.dynamodb-lookup-cache.aws_lambda_function.write-to-cache",
            "module.dynamodb-lookup-cache.aws_lambda_layer_version.jsdom_layer",
            "module.dynamodb-lookup-cache.aws_s3_bucket.aws-dynamodb-cache-lookup-s3",
            "module.dynamodb-lookup-cache.aws_s3_object.fetchstoreinfo-payload-upload",
            "module.dynamodb-lookup-cache.aws_s3_object.fetchstoreinfo_config_object",
            "module.dynamodb-lookup-cache.aws_s3_object.getappdetails-payload-upload",
            "module.dynamodb-lookup-cache.aws_s3_object.writetocache-payload-upload",
            "module.dynamodb-lookup-cache.data.archive_file.fetchstoreinfo-payload",
            "module.dynamodb-lookup-cache.data.archive_file.getappdetails-payload",
            "module.dynamodb-lookup-cache.data.archive_file.writetocache-payload",
            "module.dynamodb-lookup-cache.data.aws_s3_object.fetchstoreinfo_config_file"
          ]
        }
      ]
    },
    {
      "module": "module.dynamodb-lookup-cache",
      "mode": "managed",
      "type": "aws_iam_policy",
      "name": "Lambda-WriteToCache-Policy",
      "provider": "provider[\"registry.terraform.io/hashicorp/aws\"]",
      "instances": [
        {
          "schema_version": 0,
          "attributes": {
            "arn": "arn:aws:iam::382376429664:policy/Lambda-DynamoWrite",
            "description": "Lambda Access to Write to DynamoDB, log",
            "id": "arn:aws:iam::382376429664:policy/Lambda-DynamoWrite",
            "name": "Lambda-DynamoWrite",
            "name_prefix": null,
            "path": "/",
            "policy": "{\"Statement\":[{\"Action\":[\"dynamodb:BatchWriteItem\",\"logs:CreateLogStream\",\"logs:CreateLogGroup\",\"logs:PutLogEvents\"],\"Effect\":\"Allow\",\"Resource\":[\"arn:aws:dynamodb:us-east-2:382376429664:table/dynamodb-lookup-cache-22032023\",\"arn:aws:logs:us-east-2:382376429664:log-group:/aws/lambda/writeToCache:*\"]}],\"Version\":\"2012-10-17\"}",
            "policy_id": "ANPAVSB3JJBQFFUUA6J4B",
            "tags": null,
            "tags_all": {}
          },
          "sensitive_attributes": [],
          "private": "bnVsbA==",
          "dependencies": [
            "module.dynamodb-lookup-cache.aws_iam_role.Lambda-WriteToCache-Role",
            "module.dynamodb-lookup-cache.aws_lambda_function.write-to-cache",
            "module.dynamodb-lookup-cache.aws_s3_bucket.aws-dynamodb-cache-lookup-s3",
            "module.dynamodb-lookup-cache.aws_s3_object.writetocache-payload-upload",
            "module.dynamodb-lookup-cache.data.archive_file.writetocache-payload"
          ]
        }
      ]
    },
    {
      "module": "module.dynamodb-lookup-cache",
      "mode": "managed",
      "type": "aws_iam_role",
      "name": "Lambda-FetchStoreInfo-Role",
      "provider": "provider[\"registry.terraform.io/hashicorp/aws\"]",
      "instances": [
        {
          "schema_version": 0,
          "attributes": {
            "arn": "arn:aws:iam::382376429664:role/Lambda-FetchStoreInfo",
            "assume_role_policy": "{\"Statement\":[{\"Action\":\"sts:AssumeRole\",\"Effect\":\"Allow\",\"Principal\":{\"Service\":\"lambda.amazonaws.com\"},\"Sid\":\"\"}],\"Version\":\"2012-10-17\"}",
            "create_date": "2023-03-22T21:17:50Z",
            "description": "",
            "force_detach_policies": false,
            "id": "Lambda-FetchStoreInfo",
            "inline_policy": [],
            "managed_policy_arns": [],
            "max_session_duration": 3600,
            "name": "Lambda-FetchStoreInfo",
            "name_prefix": "",
            "path": "/",
            "permissions_boundary": null,
            "tags": null,
            "tags_all": {},
            "unique_id": "AROAVSB3JJBQB7T7CQITN"
          },
          "sensitive_attributes": [],
          "private": "bnVsbA=="
        }
      ]
    },
    {
      "module": "module.dynamodb-lookup-cache",
      "mode": "managed",
      "type": "aws_iam_role",
      "name": "Lambda-GetAppDetails-Role",
      "provider": "provider[\"registry.terraform.io/hashicorp/aws\"]",
      "instances": [
        {
          "schema_version": 0,
          "attributes": {
            "arn": "arn:aws:iam::382376429664:role/Lambda-GetAppDetails",
            "assume_role_policy": "{\"Statement\":[{\"Action\":\"sts:AssumeRole\",\"Effect\":\"Allow\",\"Principal\":{\"Service\":\"lambda.amazonaws.com\"},\"Sid\":\"\"}],\"Version\":\"2012-10-17\"}",
            "create_date": "2023-03-22T21:17:50Z",
            "description": "",
            "force_detach_policies": false,
            "id": "Lambda-GetAppDetails",
            "inline_policy": [],
            "managed_policy_arns": [],
            "max_session_duration": 3600,
            "name": "Lambda-GetAppDetails",
            "name_prefix": "",
            "path": "/",
            "permissions_boundary": null,
            "tags": null,
            "tags_all": {},
            "unique_id": "AROAVSB3JJBQNXPAKYYCI"
          },
          "sensitive_attributes": [],
          "private": "bnVsbA=="
        }
      ]
    },
    {
      "module": "module.dynamodb-lookup-cache",
      "mode": "managed",
      "type": "aws_iam_role",
      "name": "Lambda-WriteToCache-Role",
      "provider": "provider[\"registry.terraform.io/hashicorp/aws\"]",
      "instances": [
        {
          "schema_version": 0,
          "attributes": {
            "arn": "arn:aws:iam::382376429664:role/Lambda-WriteToCache",
            "assume_role_policy": "{\"Statement\":[{\"Action\":\"sts:AssumeRole\",\"Effect\":\"Allow\",\"Principal\":{\"Service\":\"lambda.amazonaws.com\"},\"Sid\":\"\"}],\"Version\":\"2012-10-17\"}",
            "create_date": "2023-03-22T21:17:50Z",
            "description": "",
            "force_detach_policies": false,
            "id": "Lambda-WriteToCache",
            "inline_policy": [],
            "managed_policy_arns": [],
            "max_session_duration": 3600,
            "name": "Lambda-WriteToCache",
            "name_prefix": "",
            "path": "/",
            "permissions_boundary": null,
            "tags": null,
            "tags_all": {},
            "unique_id": "AROAVSB3JJBQAH66RNUMA"
          },
          "sensitive_attributes": [],
          "private": "bnVsbA=="
        }
      ]
    },
    {
      "module": "module.dynamodb-lookup-cache",
      "mode": "managed",
      "type": "aws_iam_role_policy_attachment",
      "name": "Lambda-FetchStoreInfo-PolicyAttachment",
      "provider": "provider[\"registry.terraform.io/hashicorp/aws\"]",
      "instances": [
        {
          "schema_version": 0,
          "attributes": {
            "id": "Lambda-FetchStoreInfo-20230322211809186700000003",
            "policy_arn": "arn:aws:iam::382376429664:policy/Lambda-LoggingOnly",
            "role": "Lambda-FetchStoreInfo"
          },
          "sensitive_attributes": [],
          "private": "bnVsbA==",
          "dependencies": [
            "module.dynamodb-lookup-cache.aws_iam_policy.Lambda-FetchStoreInfo-Policy",
            "module.dynamodb-lookup-cache.aws_iam_role.Lambda-FetchStoreInfo-Role",
            "module.dynamodb-lookup-cache.aws_lambda_function.fetch-store-info",
            "module.dynamodb-lookup-cache.aws_lambda_layer_version.jsdom_layer",
            "module.dynamodb-lookup-cache.aws_s3_bucket.aws-dynamodb-cache-lookup-s3",
            "module.dynamodb-lookup-cache.aws_s3_object.fetchstoreinfo-payload-upload",
            "module.dynamodb-lookup-cache.aws_s3_object.fetchstoreinfo_config_object",
            "module.dynamodb-lookup-cache.data.archive_file.fetchstoreinfo-payload",
            "module.dynamodb-lookup-cache.data.aws_s3_object.fetchstoreinfo_config_file"
          ]
        }
      ]
    },
    {
      "module": "module.dynamodb-lookup-cache",
      "mode": "managed",
      "type": "aws_iam_role_policy_attachment",
      "name": "Lambda-GetAppDetails-PolicyAttachment",
      "provider": "provider[\"registry.terraform.io/hashicorp/aws\"]",
      "instances": [
        {
          "schema_version": 0,
          "attributes": {
            "id": "Lambda-GetAppDetails-20230322211814782100000004",
            "policy_arn": "arn:aws:iam::382376429664:policy/Lambda-DynamoReadLambdaInvoke",
            "role": "Lambda-GetAppDetails"
          },
          "sensitive_attributes": [],
          "private": "bnVsbA==",
          "dependencies": [
            "module.dynamodb-lookup-cache.aws_iam_policy.Lambda-GetAppDetails-Policy",
            "module.dynamodb-lookup-cache.aws_iam_role.Lambda-FetchStoreInfo-Role",
            "module.dynamodb-lookup-cache.aws_iam_role.Lambda-GetAppDetails-Role",
            "module.dynamodb-lookup-cache.aws_iam_role.Lambda-WriteToCache-Role",
            "module.dynamodb-lookup-cache.aws_lambda_function.dynamodb-lookup",
            "module.dynamodb-lookup-cache.aws_lambda_function.fetch-store-info",
            "module.dynamodb-lookup-cache.aws_lambda_function.write-to-cache",
            "module.dynamodb-lookup-cache.aws_lambda_layer_version.jsdom_layer",
            "module.dynamodb-lookup-cache.aws_s3_bucket.aws-dynamodb-cache-lookup-s3",
            "module.dynamodb-lookup-cache.aws_s3_object.fetchstoreinfo-payload-upload",
            "module.dynamodb-lookup-cache.aws_s3_object.fetchstoreinfo_config_object",
            "module.dynamodb-lookup-cache.aws_s3_object.getappdetails-payload-upload",
            "module.dynamodb-lookup-cache.aws_s3_object.writetocache-payload-upload",
            "module.dynamodb-lookup-cache.data.archive_file.fetchstoreinfo-payload",
            "module.dynamodb-lookup-cache.data.archive_file.getappdetails-payload",
            "module.dynamodb-lookup-cache.data.archive_file.writetocache-payload",
            "module.dynamodb-lookup-cache.data.aws_s3_object.fetchstoreinfo_config_file"
          ]
        }
      ]
    },
    {
      "module": "module.dynamodb-lookup-cache",
      "mode": "managed",
      "type": "aws_iam_role_policy_attachment",
      "name": "Lambda-WriteToCache-PolicyAttachment",
      "provider": "provider[\"registry.terraform.io/hashicorp/aws\"]",
      "instances": [
        {
          "schema_version": 0,
          "attributes": {
            "id": "Lambda-WriteToCache-20230322211805989500000002",
            "policy_arn": "arn:aws:iam::382376429664:policy/Lambda-DynamoWrite",
            "role": "Lambda-WriteToCache"
          },
          "sensitive_attributes": [],
          "private": "bnVsbA==",
          "dependencies": [
            "module.dynamodb-lookup-cache.aws_iam_policy.Lambda-WriteToCache-Policy",
            "module.dynamodb-lookup-cache.aws_iam_role.Lambda-WriteToCache-Role",
            "module.dynamodb-lookup-cache.aws_lambda_function.write-to-cache",
            "module.dynamodb-lookup-cache.aws_s3_bucket.aws-dynamodb-cache-lookup-s3",
            "module.dynamodb-lookup-cache.aws_s3_object.writetocache-payload-upload",
            "module.dynamodb-lookup-cache.data.archive_file.writetocache-payload"
          ]
        }
      ]
    },
    {
      "module": "module.dynamodb-lookup-cache",
      "mode": "managed",
      "type": "aws_lambda_function",
      "name": "dynamodb-lookup",
      "provider": "provider[\"registry.terraform.io/hashicorp/aws\"]",
      "instances": [
        {
          "schema_version": 0,
          "attributes": {
            "architectures": [
              "x86_64"
            ],
            "arn": "arn:aws:lambda:us-east-2:382376429664:function:getAppDetails",
            "code_signing_config_arn": "",
            "dead_letter_config": [],
            "description": "",
            "environment": [
              {
                "variables": {
                  "aws_region": "us-east-2",
                  "dynamoEndpoint": "https://dynamodb.us-east-2.amazonaws.com",
                  "fetchStoreInfoFunctionName": "fetchStoreInfo",
                  "lambdaEndpoint": "https://lambda.us-east-2.amazonaws.com",
                  "primaryKeyName": "app_id",
                  "primaryKeyType": "S",
                  "tableName": "dynamodb-lookup-cache-22032023",
                  "writeToCacheFunctionName": "writeToCache"
                }
              }
            ],
            "ephemeral_storage": [
              {
                "size": 512
              }
            ],
            "file_system_config": [],
            "filename": null,
            "function_name": "getAppDetails",
            "handler": "index.handler",
            "id": "getAppDetails",
            "image_config": [],
            "image_uri": "",
            "invoke_arn": "arn:aws:apigateway:us-east-2:lambda:path/2015-03-31/functions/arn:aws:lambda:us-east-2:382376429664:function:getAppDetails/invocations",
            "kms_key_arn": "",
            "last_modified": "2023-03-22T21:18:08.985+0000",
            "layers": null,
            "memory_size": 2048,
            "package_type": "Zip",
            "publish": false,
            "qualified_arn": "arn:aws:lambda:us-east-2:382376429664:function:getAppDetails:$LATEST",
            "qualified_invoke_arn": "arn:aws:apigateway:us-east-2:lambda:path/2015-03-31/functions/arn:aws:lambda:us-east-2:382376429664:function:getAppDetails:$LATEST/invocations",
            "replace_security_groups_on_destroy": null,
            "replacement_security_group_ids": null,
            "reserved_concurrent_executions": -1,
            "role": "arn:aws:iam::382376429664:role/Lambda-GetAppDetails",
            "runtime": "nodejs16.x",
            "s3_bucket": "aws-dynamodb-cache-lookup-bucket",
            "s3_key": "lambda/getappdetails/local.get_app_details_payload.zip",
            "s3_object_version": null,
            "signing_job_arn": "",
            "signing_profile_version_arn": "",
            "skip_destroy": false,
            "snap_start": [],
            "source_code_hash": "gmny7N3Sjk6NM/c87e/pH5BLxJzATkeavIid+bt06Ws=",
            "source_code_size": 2941,
            "tags": null,
            "tags_all": {},
            "timeout": 10,
            "timeouts": null,
            "tracing_config": [
              {
                "mode": "PassThrough"
              }
            ],
            "version": "$LATEST",
            "vpc_config": []
          },
          "sensitive_attributes": [],
          "private": "eyJlMmJmYjczMC1lY2FhLTExZTYtOGY4OC0zNDM2M2JjN2M0YzAiOnsiY3JlYXRlIjo2MDAwMDAwMDAwMDAsImRlbGV0ZSI6NjAwMDAwMDAwMDAwLCJ1cGRhdGUiOjYwMDAwMDAwMDAwMH19",
          "dependencies": [
            "module.dynamodb-lookup-cache.aws_iam_role.Lambda-FetchStoreInfo-Role",
            "module.dynamodb-lookup-cache.aws_iam_role.Lambda-GetAppDetails-Role",
            "module.dynamodb-lookup-cache.aws_iam_role.Lambda-WriteToCache-Role",
            "module.dynamodb-lookup-cache.aws_lambda_function.fetch-store-info",
            "module.dynamodb-lookup-cache.aws_lambda_function.write-to-cache",
            "module.dynamodb-lookup-cache.aws_lambda_layer_version.jsdom_layer",
            "module.dynamodb-lookup-cache.aws_s3_bucket.aws-dynamodb-cache-lookup-s3",
            "module.dynamodb-lookup-cache.aws_s3_object.fetchstoreinfo-payload-upload",
            "module.dynamodb-lookup-cache.aws_s3_object.fetchstoreinfo_config_object",
            "module.dynamodb-lookup-cache.aws_s3_object.getappdetails-payload-upload",
            "module.dynamodb-lookup-cache.aws_s3_object.writetocache-payload-upload",
            "module.dynamodb-lookup-cache.data.archive_file.fetchstoreinfo-payload",
            "module.dynamodb-lookup-cache.data.archive_file.getappdetails-payload",
            "module.dynamodb-lookup-cache.data.archive_file.writetocache-payload",
            "module.dynamodb-lookup-cache.data.aws_s3_object.fetchstoreinfo_config_file"
          ]
        }
      ]
    },
    {
      "module": "module.dynamodb-lookup-cache",
      "mode": "managed",
      "type": "aws_lambda_function",
      "name": "fetch-store-info",
      "provider": "provider[\"registry.terraform.io/hashicorp/aws\"]",
      "instances": [
        {
          "schema_version": 0,
          "attributes": {
            "architectures": [
              "x86_64"
            ],
            "arn": "arn:aws:lambda:us-east-2:382376429664:function:fetchStoreInfo",
            "code_signing_config_arn": "",
            "dead_letter_config": [],
            "description": "",
            "environment": [
              {
                "variables": {
                  "searchStrings": "Online Co-Op,Online PvP,LAN Co-Op,LAN PvP",
                  "searchURL": "https://store.steampowered.com/app/"
                }
              }
            ],
            "ephemeral_storage": [
              {
                "size": 512
              }
            ],
            "file_system_config": [],
            "filename": null,
            "function_name": "fetchStoreInfo",
            "handler": "index.handler",
            "id": "fetchStoreInfo",
            "image_config": [],
            "image_uri": "",
            "invoke_arn": "arn:aws:apigateway:us-east-2:lambda:path/2015-03-31/functions/arn:aws:lambda:us-east-2:382376429664:function:fetchStoreInfo/invocations",
            "kms_key_arn": "",
            "last_modified": "2023-03-22T21:17:58.398+0000",
            "layers": [
              "arn:aws:lambda:us-east-2:382376429664:layer:jsdom-layer:23"
            ],
            "memory_size": 2048,
            "package_type": "Zip",
            "publish": false,
            "qualified_arn": "arn:aws:lambda:us-east-2:382376429664:function:fetchStoreInfo:$LATEST",
            "qualified_invoke_arn": "arn:aws:apigateway:us-east-2:lambda:path/2015-03-31/functions/arn:aws:lambda:us-east-2:382376429664:function:fetchStoreInfo:$LATEST/invocations",
            "replace_security_groups_on_destroy": null,
            "replacement_security_group_ids": null,
            "reserved_concurrent_executions": -1,
            "role": "arn:aws:iam::382376429664:role/Lambda-FetchStoreInfo",
            "runtime": "nodejs16.x",
            "s3_bucket": "aws-dynamodb-cache-lookup-bucket",
            "s3_key": "lambda/fetchstoreinfo/local.fetch_store_info_payload.zip",
            "s3_object_version": null,
            "signing_job_arn": "",
            "signing_profile_version_arn": "",
            "skip_destroy": false,
            "snap_start": [],
            "source_code_hash": "H/BdNSTMHKNU0+6esSWRWG/BOror352NrHSOJdHXaP0=",
            "source_code_size": 2278,
            "tags": null,
            "tags_all": {},
            "timeout": 10,
            "timeouts": null,
            "tracing_config": [
              {
                "mode": "PassThrough"
              }
            ],
            "version": "$LATEST",
            "vpc_config": []
          },
          "sensitive_attributes": [],
          "private": "eyJlMmJmYjczMC1lY2FhLTExZTYtOGY4OC0zNDM2M2JjN2M0YzAiOnsiY3JlYXRlIjo2MDAwMDAwMDAwMDAsImRlbGV0ZSI6NjAwMDAwMDAwMDAwLCJ1cGRhdGUiOjYwMDAwMDAwMDAwMH19",
          "dependencies": [
            "module.dynamodb-lookup-cache.aws_iam_role.Lambda-FetchStoreInfo-Role",
            "module.dynamodb-lookup-cache.aws_lambda_layer_version.jsdom_layer",
            "module.dynamodb-lookup-cache.aws_s3_bucket.aws-dynamodb-cache-lookup-s3",
            "module.dynamodb-lookup-cache.aws_s3_object.fetchstoreinfo-payload-upload",
            "module.dynamodb-lookup-cache.aws_s3_object.fetchstoreinfo_config_object",
            "module.dynamodb-lookup-cache.data.archive_file.fetchstoreinfo-payload",
            "module.dynamodb-lookup-cache.data.aws_s3_object.fetchstoreinfo_config_file"
          ]
        }
      ]
    },
    {
      "module": "module.dynamodb-lookup-cache",
      "mode": "managed",
      "type": "aws_lambda_function",
      "name": "write-to-cache",
      "provider": "provider[\"registry.terraform.io/hashicorp/aws\"]",
      "instances": [
        {
          "schema_version": 0,
          "attributes": {
            "architectures": [
              "x86_64"
            ],
            "arn": "arn:aws:lambda:us-east-2:382376429664:function:writeToCache",
            "code_signing_config_arn": "",
            "dead_letter_config": [],
            "description": "",
            "environment": [
              {
                "variables": {
                  "aws_region": "us-east-2",
                  "dynamoEndpoint": "https://dynamodb.us-east-2.amazonaws.com",
                  "primaryKeyName": "app_id",
                  "primaryKeyType": "S",
                  "tableName": "dynamodb-lookup-cache-22032023"
                }
              }
            ],
            "ephemeral_storage": [
              {
                "size": 512
              }
            ],
            "file_system_config": [],
            "filename": null,
            "function_name": "writeToCache",
            "handler": "index.handler",
            "id": "writeToCache",
            "image_config": [],
            "image_uri": "",
            "invoke_arn": "arn:aws:apigateway:us-east-2:lambda:path/2015-03-31/functions/arn:aws:lambda:us-east-2:382376429664:function:writeToCache/invocations",
            "kms_key_arn": "",
            "last_modified": "2023-03-22T21:18:00.090+0000",
            "layers": null,
            "memory_size": 1024,
            "package_type": "Zip",
            "publish": false,
            "qualified_arn": "arn:aws:lambda:us-east-2:382376429664:function:writeToCache:$LATEST",
            "qualified_invoke_arn": "arn:aws:apigateway:us-east-2:lambda:path/2015-03-31/functions/arn:aws:lambda:us-east-2:382376429664:function:writeToCache:$LATEST/invocations",
            "replace_security_groups_on_destroy": null,
            "replacement_security_group_ids": null,
            "reserved_concurrent_executions": -1,
            "role": "arn:aws:iam::382376429664:role/Lambda-WriteToCache",
            "runtime": "nodejs16.x",
            "s3_bucket": "aws-dynamodb-cache-lookup-bucket",
            "s3_key": "lambda/writetocache/local.write_to_cache_payload.zip",
            "s3_object_version": null,
            "signing_job_arn": "",
            "signing_profile_version_arn": "",
            "skip_destroy": false,
            "snap_start": [],
            "source_code_hash": "4t6F8MfA7jPnK2D+Nh1IJN3lG8IrTZJ37Q/Nkr7JCqo=",
            "source_code_size": 1053,
            "tags": null,
            "tags_all": {},
            "timeout": 10,
            "timeouts": null,
            "tracing_config": [
              {
                "mode": "PassThrough"
              }
            ],
            "version": "$LATEST",
            "vpc_config": []
          },
          "sensitive_attributes": [],
          "private": "eyJlMmJmYjczMC1lY2FhLTExZTYtOGY4OC0zNDM2M2JjN2M0YzAiOnsiY3JlYXRlIjo2MDAwMDAwMDAwMDAsImRlbGV0ZSI6NjAwMDAwMDAwMDAwLCJ1cGRhdGUiOjYwMDAwMDAwMDAwMH19",
          "dependencies": [
            "module.dynamodb-lookup-cache.aws_iam_role.Lambda-WriteToCache-Role",
            "module.dynamodb-lookup-cache.aws_s3_bucket.aws-dynamodb-cache-lookup-s3",
            "module.dynamodb-lookup-cache.aws_s3_object.writetocache-payload-upload",
            "module.dynamodb-lookup-cache.data.archive_file.writetocache-payload"
          ]
        }
      ]
    },
    {
      "module": "module.dynamodb-lookup-cache",
      "mode": "managed",
      "type": "aws_lambda_layer_version",
      "name": "jsdom_layer",
      "provider": "provider[\"registry.terraform.io/hashicorp/aws\"]",
      "instances": [
        {
          "schema_version": 0,
          "attributes": {
            "arn": "arn:aws:lambda:us-east-2:382376429664:layer:jsdom-layer:23",
            "compatible_architectures": null,
            "compatible_runtimes": [
              "nodejs16.x"
            ],
            "created_date": "2023-03-22T21:17:58.124+0000",
            "description": "",
            "filename": "modules/aws-dynamodb-cache-lookup/lambda/packages/jsdom.zip",
            "id": "arn:aws:lambda:us-east-2:382376429664:layer:jsdom-layer:23",
            "layer_arn": "arn:aws:lambda:us-east-2:382376429664:layer:jsdom-layer",
            "layer_name": "jsdom-layer",
            "license_info": "",
            "s3_bucket": null,
            "s3_key": null,
            "s3_object_version": null,
            "signing_job_arn": "",
            "signing_profile_version_arn": "",
            "skip_destroy": false,
            "source_code_hash": "15otELVmv/w5z213n0e0sKDWlFduRi9d7uuWCqm6vgI=",
            "source_code_size": 2475665,
            "version": "23"
          },
          "sensitive_attributes": [],
          "private": "bnVsbA=="
        }
      ]
    },
    {
      "module": "module.dynamodb-lookup-cache",
      "mode": "managed",
      "type": "aws_lambda_permission",
      "name": "apigw",
      "provider": "provider[\"registry.terraform.io/hashicorp/aws\"]",
      "instances": [
        {
          "schema_version": 0,
          "attributes": {
            "action": "lambda:InvokeFunction",
            "event_source_token": null,
            "function_name": "getAppDetails",
            "function_url_auth_type": null,
            "id": "AllowAPIGatewayInvoke",
            "principal": "apigateway.amazonaws.com",
            "principal_org_id": null,
            "qualifier": "",
            "source_account": null,
            "source_arn": "arn:aws:execute-api:us-east-2:382376429664:d3z4r1ijjf/*/*",
            "statement_id": "AllowAPIGatewayInvoke",
            "statement_id_prefix": ""
          },
          "sensitive_attributes": [],
          "private": "bnVsbA==",
          "dependencies": [
            "module.dynamodb-lookup-cache.aws_api_gateway_rest_api.api_gateway",
            "module.dynamodb-lookup-cache.aws_iam_role.Lambda-FetchStoreInfo-Role",
            "module.dynamodb-lookup-cache.aws_iam_role.Lambda-GetAppDetails-Role",
            "module.dynamodb-lookup-cache.aws_iam_role.Lambda-WriteToCache-Role",
            "module.dynamodb-lookup-cache.aws_lambda_function.dynamodb-lookup",
            "module.dynamodb-lookup-cache.aws_lambda_function.fetch-store-info",
            "module.dynamodb-lookup-cache.aws_lambda_function.write-to-cache",
            "module.dynamodb-lookup-cache.aws_lambda_layer_version.jsdom_layer",
            "module.dynamodb-lookup-cache.aws_s3_bucket.aws-dynamodb-cache-lookup-s3",
            "module.dynamodb-lookup-cache.aws_s3_object.fetchstoreinfo-payload-upload",
            "module.dynamodb-lookup-cache.aws_s3_object.fetchstoreinfo_config_object",
            "module.dynamodb-lookup-cache.aws_s3_object.getappdetails-payload-upload",
            "module.dynamodb-lookup-cache.aws_s3_object.writetocache-payload-upload",
            "module.dynamodb-lookup-cache.data.archive_file.fetchstoreinfo-payload",
            "module.dynamodb-lookup-cache.data.archive_file.getappdetails-payload",
            "module.dynamodb-lookup-cache.data.archive_file.writetocache-payload",
            "module.dynamodb-lookup-cache.data.aws_s3_object.fetchstoreinfo_config_file"
          ]
        }
      ]
    },
    {
      "module": "module.dynamodb-lookup-cache",
      "mode": "managed",
      "type": "aws_s3_bucket",
      "name": "aws-dynamodb-cache-lookup-s3",
      "provider": "provider[\"registry.terraform.io/hashicorp/aws\"]",
      "instances": [
        {
          "schema_version": 0,
          "attributes": {
            "acceleration_status": "",
            "acl": null,
            "arn": "arn:aws:s3:::aws-dynamodb-cache-lookup-bucket",
            "bucket": "aws-dynamodb-cache-lookup-bucket",
            "bucket_domain_name": "aws-dynamodb-cache-lookup-bucket.s3.amazonaws.com",
            "bucket_prefix": null,
            "bucket_regional_domain_name": "aws-dynamodb-cache-lookup-bucket.s3.us-east-2.amazonaws.com",
            "cors_rule": [],
            "force_destroy": false,
            "grant": [
              {
                "id": "2369ec787fd8c5497707161468eb83255d8727607516900bf30e2ac2be52c220",
                "permissions": [
                  "FULL_CONTROL"
                ],
                "type": "CanonicalUser",
                "uri": ""
              }
            ],
            "hosted_zone_id": "Z2O1EMRO9K5GLX",
            "id": "aws-dynamodb-cache-lookup-bucket",
            "lifecycle_rule": [],
            "logging": [],
            "object_lock_configuration": [],
            "object_lock_enabled": false,
            "policy": "",
            "region": "us-east-2",
            "replication_configuration": [],
            "request_payer": "BucketOwner",
            "server_side_encryption_configuration": [
              {
                "rule": [
                  {
                    "apply_server_side_encryption_by_default": [
                      {
                        "kms_master_key_id": "",
                        "sse_algorithm": "AES256"
                      }
                    ],
                    "bucket_key_enabled": false
                  }
                ]
              }
            ],
            "tags": null,
            "tags_all": {},
            "timeouts": null,
            "versioning": [
              {
                "enabled": false,
                "mfa_delete": false
              }
            ],
            "website": [],
            "website_domain": null,
            "website_endpoint": null
          },
          "sensitive_attributes": [],
          "private": "eyJlMmJmYjczMC1lY2FhLTExZTYtOGY4OC0zNDM2M2JjN2M0YzAiOnsiY3JlYXRlIjoxMjAwMDAwMDAwMDAwLCJkZWxldGUiOjM2MDAwMDAwMDAwMDAsInJlYWQiOjEyMDAwMDAwMDAwMDAsInVwZGF0ZSI6MTIwMDAwMDAwMDAwMH19"
        }
      ]
    },
    {
      "module": "module.dynamodb-lookup-cache",
      "mode": "managed",
      "type": "aws_s3_object",
      "name": "api-deployment-url-upload",
      "provider": "provider[\"registry.terraform.io/hashicorp/aws\"]",
      "instances": [
        {
          "schema_version": 0,
          "attributes": {
            "acl": "private",
            "bucket": "aws-dynamodb-cache-lookup-bucket",
            "bucket_key_enabled": false,
            "cache_control": "",
            "content": null,
            "content_base64": null,
            "content_disposition": "",
            "content_encoding": "",
            "content_language": "",
            "content_type": "binary/octet-stream",
            "etag": "dd89dab3aeb5ecfa3b71d47e01b5fbe0",
            "force_destroy": false,
            "id": "apigw/apigw.conf",
            "key": "apigw/apigw.conf",
            "kms_key_id": null,
            "metadata": null,
            "object_lock_legal_hold_status": "",
            "object_lock_mode": "",
            "object_lock_retain_until_date": "",
            "server_side_encryption": "AES256",
            "source": "modules/aws-dynamodb-cache-lookup/apigw/apigw.conf",
            "source_hash": null,
            "storage_class": "STANDARD",
            "tags": null,
            "tags_all": {},
            "version_id": "",
            "website_redirect": ""
          },
          "sensitive_attributes": [],
          "private": "bnVsbA==",
          "dependencies": [
            "module.dynamodb-lookup-cache.aws_api_gateway_deployment.deployment",
            "module.dynamodb-lookup-cache.aws_api_gateway_integration.lambda",
            "module.dynamodb-lookup-cache.aws_api_gateway_method.proxy",
            "module.dynamodb-lookup-cache.aws_api_gateway_resource.proxy",
            "module.dynamodb-lookup-cache.aws_api_gateway_rest_api.api_gateway",
            "module.dynamodb-lookup-cache.aws_iam_role.Lambda-FetchStoreInfo-Role",
            "module.dynamodb-lookup-cache.aws_iam_role.Lambda-GetAppDetails-Role",
            "module.dynamodb-lookup-cache.aws_iam_role.Lambda-WriteToCache-Role",
            "module.dynamodb-lookup-cache.aws_lambda_function.dynamodb-lookup",
            "module.dynamodb-lookup-cache.aws_lambda_function.fetch-store-info",
            "module.dynamodb-lookup-cache.aws_lambda_function.write-to-cache",
            "module.dynamodb-lookup-cache.aws_lambda_layer_version.jsdom_layer",
            "module.dynamodb-lookup-cache.aws_s3_bucket.aws-dynamodb-cache-lookup-s3",
            "module.dynamodb-lookup-cache.aws_s3_object.fetchstoreinfo-payload-upload",
            "module.dynamodb-lookup-cache.aws_s3_object.fetchstoreinfo_config_object",
            "module.dynamodb-lookup-cache.aws_s3_object.getappdetails-payload-upload",
            "module.dynamodb-lookup-cache.aws_s3_object.writetocache-payload-upload",
            "module.dynamodb-lookup-cache.data.archive_file.fetchstoreinfo-payload",
            "module.dynamodb-lookup-cache.data.archive_file.getappdetails-payload",
            "module.dynamodb-lookup-cache.data.archive_file.writetocache-payload",
            "module.dynamodb-lookup-cache.data.aws_s3_object.fetchstoreinfo_config_file",
            "module.dynamodb-lookup-cache.local_file.api-deployment-url"
          ]
        }
      ]
    },
    {
      "module": "module.dynamodb-lookup-cache",
      "mode": "managed",
      "type": "aws_s3_object",
      "name": "fetchstoreinfo-payload-upload",
      "provider": "provider[\"registry.terraform.io/hashicorp/aws\"]",
      "instances": [
        {
          "schema_version": 0,
          "attributes": {
            "acl": "private",
            "bucket": "aws-dynamodb-cache-lookup-bucket",
            "bucket_key_enabled": false,
            "cache_control": "",
            "content": null,
            "content_base64": null,
            "content_disposition": "",
            "content_encoding": "",
            "content_language": "",
            "content_type": "binary/octet-stream",
            "etag": "2c46fe67c193202e324b617892468b61",
            "force_destroy": false,
            "id": "lambda/fetchstoreinfo/local.fetch_store_info_payload.zip",
            "key": "lambda/fetchstoreinfo/local.fetch_store_info_payload.zip",
            "kms_key_id": null,
            "metadata": null,
            "object_lock_legal_hold_status": "",
            "object_lock_mode": "",
            "object_lock_retain_until_date": "",
            "server_side_encryption": "AES256",
            "source": "modules/aws-dynamodb-cache-lookup/lambda/fetch_store_info/fetch_store_info_payload.zip",
            "source_hash": null,
            "storage_class": "STANDARD",
            "tags": null,
            "tags_all": {},
            "version_id": "",
            "website_redirect": ""
          },
          "sensitive_attributes": [],
          "private": "bnVsbA==",
          "dependencies": [
            "module.dynamodb-lookup-cache.aws_s3_bucket.aws-dynamodb-cache-lookup-s3",
            "module.dynamodb-lookup-cache.data.archive_file.fetchstoreinfo-payload"
          ]
        }
      ]
    },
    {
      "module": "module.dynamodb-lookup-cache",
      "mode": "managed",
      "type": "aws_s3_object",
      "name": "fetchstoreinfo_config_object",
      "provider": "provider[\"registry.terraform.io/hashicorp/aws\"]",
      "instances": [
        {
          "schema_version": 0,
          "attributes": {
            "acl": "private",
            "bucket": "aws-dynamodb-cache-lookup-bucket",
            "bucket_key_enabled": false,
            "cache_control": "",
            "content": null,
            "content_base64": null,
            "content_disposition": "",
            "content_encoding": "",
            "content_language": "",
            "content_type": "text/plain",
            "etag": "21174ebaf25f711978a8d72db192622b",
            "force_destroy": false,
            "id": "config/lambda/fetch_store_info/config.json",
            "key": "config/lambda/fetch_store_info/config.json",
            "kms_key_id": null,
            "metadata": null,
            "object_lock_legal_hold_status": "",
            "object_lock_mode": "",
            "object_lock_retain_until_date": "",
            "server_side_encryption": "AES256",
            "source": "modules/aws-dynamodb-cache-lookup/lambda/fetch_store_info/config.json",
            "source_hash": null,
            "storage_class": "STANDARD",
            "tags": null,
            "tags_all": {},
            "version_id": "",
            "website_redirect": ""
          },
          "sensitive_attributes": [],
          "private": "bnVsbA==",
          "dependencies": [
            "module.dynamodb-lookup-cache.aws_s3_bucket.aws-dynamodb-cache-lookup-s3"
          ]
        }
      ]
    },
    {
      "module": "module.dynamodb-lookup-cache",
      "mode": "managed",
      "type": "aws_s3_object",
      "name": "getappdetails-payload-upload",
      "provider": "provider[\"registry.terraform.io/hashicorp/aws\"]",
      "instances": [
        {
          "schema_version": 0,
          "attributes": {
            "acl": "private",
            "bucket": "aws-dynamodb-cache-lookup-bucket",
            "bucket_key_enabled": false,
            "cache_control": "",
            "content": null,
            "content_base64": null,
            "content_disposition": "",
            "content_encoding": "",
            "content_language": "",
            "content_type": "binary/octet-stream",
            "etag": "ecbad2e4ce2855293bfcefd57d167681",
            "force_destroy": false,
            "id": "lambda/getappdetails/local.get_app_details_payload.zip",
            "key": "lambda/getappdetails/local.get_app_details_payload.zip",
            "kms_key_id": null,
            "metadata": null,
            "object_lock_legal_hold_status": "",
            "object_lock_mode": "",
            "object_lock_retain_until_date": "",
            "server_side_encryption": "AES256",
            "source": "modules/aws-dynamodb-cache-lookup/lambda/get_app_details/get_app_details_payload.zip",
            "source_hash": null,
            "storage_class": "STANDARD",
            "tags": null,
            "tags_all": {},
            "version_id": "",
            "website_redirect": ""
          },
          "sensitive_attributes": [],
          "private": "bnVsbA==",
          "dependencies": [
            "module.dynamodb-lookup-cache.aws_s3_bucket.aws-dynamodb-cache-lookup-s3",
            "module.dynamodb-lookup-cache.data.archive_file.fetchstoreinfo-payload",
            "module.dynamodb-lookup-cache.data.archive_file.getappdetails-payload"
          ]
        }
      ]
    },
    {
      "module": "module.dynamodb-lookup-cache",
      "mode": "managed",
      "type": "aws_s3_object",
      "name": "writetocache-payload-upload",
      "provider": "provider[\"registry.terraform.io/hashicorp/aws\"]",
      "instances": [
        {
          "schema_version": 0,
          "attributes": {
            "acl": "private",
            "bucket": "aws-dynamodb-cache-lookup-bucket",
            "bucket_key_enabled": false,
            "cache_control": "",
            "content": null,
            "content_base64": null,
            "content_disposition": "",
            "content_encoding": "",
            "content_language": "",
            "content_type": "binary/octet-stream",
            "etag": "3d1f66163c6e2a5c741eb318022f84f1",
            "force_destroy": false,
            "id": "lambda/writetocache/local.write_to_cache_payload.zip",
            "key": "lambda/writetocache/local.write_to_cache_payload.zip",
            "kms_key_id": null,
            "metadata": null,
            "object_lock_legal_hold_status": "",
            "object_lock_mode": "",
            "object_lock_retain_until_date": "",
            "server_side_encryption": "AES256",
            "source": "modules/aws-dynamodb-cache-lookup/lambda/write_to_cache/write_to_cache_payload.zip",
            "source_hash": null,
            "storage_class": "STANDARD",
            "tags": null,
            "tags_all": {},
            "version_id": "",
            "website_redirect": ""
          },
          "sensitive_attributes": [],
          "private": "bnVsbA==",
          "dependencies": [
            "module.dynamodb-lookup-cache.aws_s3_bucket.aws-dynamodb-cache-lookup-s3",
            "module.dynamodb-lookup-cache.data.archive_file.writetocache-payload"
          ]
        }
      ]
    },
    {
      "module": "module.dynamodb-lookup-cache",
      "mode": "managed",
      "type": "local_file",
      "name": "api-deployment-url",
      "provider": "provider[\"registry.terraform.io/hashicorp/local\"]",
      "instances": [
        {
          "schema_version": 0,
          "attributes": {
            "content": "https://d3z4r1ijjf.execute-api.us-east-2.amazonaws.com/test/getAppDetails/",
            "content_base64": null,
            "content_base64sha256": "2FZYgccoDCDgIQxfrx55w3VWbdjo3EiLpCUmlw5Z6e4=",
            "content_base64sha512": "N5Fhtj8kkRBpYgcxIsLSvTtWmnpaMcJ3V+4tApwDdeBCfKWTHmaTdUJKjOg5M9LPvgfBQ3JQIs7Ae2sF7/udlQ==",
            "content_md5": "dd89dab3aeb5ecfa3b71d47e01b5fbe0",
            "content_sha1": "7d7348e38bc2d0d8f2e3829a6a9acf97f477be1d",
            "content_sha256": "d8565881c7280c20e0210c5faf1e79c375566dd8e8dc488ba42526970e59e9ee",
            "content_sha512": "379161b63f2491106962073122c2d2bd3b569a7a5a31c27757ee2d029c0375e0427ca5931e669375424a8ce83933d2cfbe07c143725022cec07b6b05effb9d95",
            "directory_permission": "0777",
            "file_permission": "0777",
            "filename": "modules/aws-dynamodb-cache-lookup/apigw/apigw.conf",
            "id": "7d7348e38bc2d0d8f2e3829a6a9acf97f477be1d",
            "sensitive_content": null,
            "source": null
          },
          "sensitive_attributes": [],
          "dependencies": [
            "module.dynamodb-lookup-cache.aws_api_gateway_deployment.deployment",
            "module.dynamodb-lookup-cache.aws_api_gateway_integration.lambda",
            "module.dynamodb-lookup-cache.aws_api_gateway_method.proxy",
            "module.dynamodb-lookup-cache.aws_api_gateway_resource.proxy",
            "module.dynamodb-lookup-cache.aws_api_gateway_rest_api.api_gateway",
            "module.dynamodb-lookup-cache.aws_iam_role.Lambda-FetchStoreInfo-Role",
            "module.dynamodb-lookup-cache.aws_iam_role.Lambda-GetAppDetails-Role",
            "module.dynamodb-lookup-cache.aws_iam_role.Lambda-WriteToCache-Role",
            "module.dynamodb-lookup-cache.aws_lambda_function.dynamodb-lookup",
            "module.dynamodb-lookup-cache.aws_lambda_function.fetch-store-info",
            "module.dynamodb-lookup-cache.aws_lambda_function.write-to-cache",
            "module.dynamodb-lookup-cache.aws_lambda_layer_version.jsdom_layer",
            "module.dynamodb-lookup-cache.aws_s3_bucket.aws-dynamodb-cache-lookup-s3",
            "module.dynamodb-lookup-cache.aws_s3_object.fetchstoreinfo-payload-upload",
            "module.dynamodb-lookup-cache.aws_s3_object.fetchstoreinfo_config_object",
            "module.dynamodb-lookup-cache.aws_s3_object.getappdetails-payload-upload",
            "module.dynamodb-lookup-cache.aws_s3_object.writetocache-payload-upload",
            "module.dynamodb-lookup-cache.data.archive_file.fetchstoreinfo-payload",
            "module.dynamodb-lookup-cache.data.archive_file.getappdetails-payload",
            "module.dynamodb-lookup-cache.data.archive_file.writetocache-payload",
            "module.dynamodb-lookup-cache.data.aws_s3_object.fetchstoreinfo_config_file"
          ]
        }
      ]
    }
  ]
}
