{
  "version": 4,
  "terraform_version": "1.2.9",
  "serial": 3373,
  "lineage": "47a37d04-7770-26a0-717b-a7098f352135",
  "outputs": {},
  "resources": [
    {
      "mode": "data",
      "type": "aws_ami",
      "name": "ubuntu",
      "provider": "provider[\"registry.terraform.io/hashicorp/aws\"]",
      "instances": [
        {
          "schema_version": 0,
          "attributes": {
            "architecture": "x86_64",
            "arn": "arn:aws:ec2:us-east-2::image/ami-0ddb5a74386eb6091",
            "block_device_mappings": [
              {
                "device_name": "/dev/sda1",
                "ebs": {
                  "delete_on_termination": "true",
                  "encrypted": "false",
                  "iops": "0",
                  "snapshot_id": "snap-037180bc35191462b",
                  "throughput": "0",
                  "volume_size": "8",
                  "volume_type": "gp2"
                },
                "no_device": "",
                "virtual_name": ""
              },
              {
                "device_name": "/dev/sdb",
                "ebs": {},
                "no_device": "",
                "virtual_name": "ephemeral0"
              },
              {
                "device_name": "/dev/sdc",
                "ebs": {},
                "no_device": "",
                "virtual_name": "ephemeral1"
              }
            ],
            "boot_mode": "legacy-bios",
            "creation_date": "2023-03-14T14:06:20.000Z",
            "deprecation_time": "2025-03-14T14:06:20.000Z",
            "description": "Canonical, Ubuntu Server Pro, 22.04 LTS, amd64 jammy image build on 2023-03-14",
            "ena_support": true,
            "executable_users": null,
            "filter": [
              {
                "name": "image-id",
                "values": [
                  "ami-0ddb5a74386eb6091"
                ]
              }
            ],
            "hypervisor": "xen",
            "id": "ami-0ddb5a74386eb6091",
            "image_id": "ami-0ddb5a74386eb6091",
            "image_location": "amazon/ubuntu-pro-server/images/hvm-ssd/ubuntu-jammy-22.04-amd64-pro-server-20230314",
            "image_owner_alias": "amazon",
            "image_type": "machine",
            "imds_support": "",
            "include_deprecated": false,
            "kernel_id": "",
            "most_recent": true,
            "name": "ubuntu-pro-server/images/hvm-ssd/ubuntu-jammy-22.04-amd64-pro-server-20230314",
            "name_regex": null,
            "owner_id": "099720109477",
            "owners": [
              "amazon"
            ],
            "platform": "",
            "platform_details": "Ubuntu Pro Linux",
            "product_codes": [],
            "public": true,
            "ramdisk_id": "",
            "root_device_name": "/dev/sda1",
            "root_device_type": "ebs",
            "root_snapshot_id": "snap-037180bc35191462b",
            "sriov_net_support": "simple",
            "state": "available",
            "state_reason": {
              "code": "UNSET",
              "message": "UNSET"
            },
            "tags": {},
            "timeouts": null,
            "tpm_support": "",
            "usage_operation": "RunInstances:0g00",
            "virtualization_type": "hvm"
          },
          "sensitive_attributes": []
        }
      ]
    },
    {
      "mode": "data",
      "type": "aws_caller_identity",
      "name": "current",
      "provider": "provider[\"registry.terraform.io/hashicorp/aws\"]",
      "instances": [
        {
          "schema_version": 0,
          "attributes": {
            "account_id": "382376429664",
            "arn": "arn:aws:iam::382376429664:user/zseiple",
            "id": "382376429664",
            "user_id": "AIDAVSB3JJBQLOFMGRMW2"
          },
          "sensitive_attributes": []
        }
      ]
    },
    {
      "mode": "data",
      "type": "aws_internet_gateway",
      "name": "default_gw",
      "provider": "provider[\"registry.terraform.io/hashicorp/aws\"]",
      "instances": [
        {
          "schema_version": 0,
          "attributes": {
            "arn": "arn:aws:ec2:us-east-2:382376429664:internet-gateway/igw-0e76c0199b64d26ca",
            "attachments": [
              {
                "state": "available",
                "vpc_id": "vpc-0ec4ebc165b30fcd0"
              }
            ],
            "filter": [
              {
                "name": "attachment.vpc-id",
                "values": [
                  "vpc-0ec4ebc165b30fcd0"
                ]
              }
            ],
            "id": "igw-0e76c0199b64d26ca",
            "internet_gateway_id": "igw-0e76c0199b64d26ca",
            "owner_id": "382376429664",
            "tags": {},
            "timeouts": null
          },
          "sensitive_attributes": []
        }
      ]
    },
    {
      "mode": "data",
      "type": "dns_a_record_set",
      "name": "home_network",
      "provider": "provider[\"registry.terraform.io/hashicorp/dns\"]",
      "instances": [
        {
          "schema_version": 0,
          "attributes": {
            "addrs": [
              "73.75.199.77"
            ],
            "host": "zoeyhome.tplinkdns.com",
            "id": "zoeyhome.tplinkdns.com"
          },
          "sensitive_attributes": []
        }
      ]
    },
    {
      "mode": "managed",
      "type": "aws_acm_certificate",
      "name": "wswp_cert",
      "provider": "provider[\"registry.terraform.io/hashicorp/aws\"]",
      "instances": [
        {
          "schema_version": 0,
          "attributes": {
            "arn": "arn:aws:acm:us-east-2:382376429664:certificate/0a657f45-b227-4ee0-98f9-be6584494408",
            "certificate_authority_arn": "",
            "certificate_body": null,
            "certificate_chain": null,
            "domain_name": "whatshouldweplay.net",
            "domain_validation_options": [
              {
                "domain_name": "*.whatshouldweplay.net",
                "resource_record_name": "_9e66cf3697446a3683221f34800295ef.whatshouldweplay.net.",
                "resource_record_type": "CNAME",
                "resource_record_value": "_96f4e778b81fe172eb2f4e2236c41b37.sxgfwvgjsz.acm-validations.aws."
              },
              {
                "domain_name": "whatshouldweplay.net",
                "resource_record_name": "_9e66cf3697446a3683221f34800295ef.whatshouldweplay.net.",
                "resource_record_type": "CNAME",
                "resource_record_value": "_96f4e778b81fe172eb2f4e2236c41b37.sxgfwvgjsz.acm-validations.aws."
              }
            ],
            "early_renewal_duration": "",
            "id": "arn:aws:acm:us-east-2:382376429664:certificate/0a657f45-b227-4ee0-98f9-be6584494408",
            "key_algorithm": "RSA_2048",
            "not_after": "2024-06-19T23:59:59Z",
            "not_before": "2023-05-22T00:00:00Z",
            "options": [
              {
                "certificate_transparency_logging_preference": "ENABLED"
              }
            ],
            "pending_renewal": false,
            "private_key": null,
            "renewal_eligibility": "ELIGIBLE",
            "renewal_summary": [],
            "status": "ISSUED",
            "subject_alternative_names": [
              "*.whatshouldweplay.net",
              "whatshouldweplay.net"
            ],
            "tags": {},
            "tags_all": {},
            "type": "AMAZON_ISSUED",
            "validation_emails": [],
            "validation_method": "DNS",
            "validation_option": []
          },
          "sensitive_attributes": [],
          "private": "bnVsbA=="
        }
      ]
    },
    {
      "mode": "managed",
      "type": "aws_acm_certificate_validation",
      "name": "cert_validation",
      "provider": "provider[\"registry.terraform.io/hashicorp/aws\"]",
      "instances": [
        {
          "schema_version": 0,
          "attributes": {
            "certificate_arn": "arn:aws:acm:us-east-2:382376429664:certificate/0a657f45-b227-4ee0-98f9-be6584494408",
            "id": "0001-01-01 00:00:00 +0000 UTC",
            "timeouts": null,
            "validation_record_fqdns": [
              "_9e66cf3697446a3683221f34800295ef.whatshouldweplay.net"
            ]
          },
          "sensitive_attributes": [],
          "private": "eyJlMmJmYjczMC1lY2FhLTExZTYtOGY4OC0zNDM2M2JjN2M0YzAiOnsiY3JlYXRlIjo0NTAwMDAwMDAwMDAwfX0=",
          "dependencies": [
            "aws_acm_certificate.wswp_cert",
            "aws_route53_record.validation_record",
            "aws_route53_zone.primary"
          ]
        }
      ]
    },
    {
      "mode": "managed",
      "type": "aws_default_security_group",
      "name": "default_security",
      "provider": "provider[\"registry.terraform.io/hashicorp/aws\"]",
      "instances": [
        {
          "schema_version": 1,
          "attributes": {
            "arn": "arn:aws:ec2:us-east-2:382376429664:security-group/sg-09211c77b47c14fac",
            "description": "default VPC security group",
            "egress": [],
            "id": "sg-09211c77b47c14fac",
            "ingress": [
              {
                "cidr_blocks": [
                  "73.75.199.77/32"
                ],
                "description": "",
                "from_port": 22,
                "ipv6_cidr_blocks": [],
                "prefix_list_ids": [],
                "protocol": "tcp",
                "security_groups": [],
                "self": false,
                "to_port": 22
              }
            ],
            "name": "default",
            "name_prefix": "",
            "owner_id": "382376429664",
            "revoke_rules_on_delete": false,
            "tags": {},
            "tags_all": {},
            "vpc_id": "vpc-0ec4ebc165b30fcd0"
          },
          "sensitive_attributes": [],
          "private": "eyJzY2hlbWFfdmVyc2lvbiI6IjEifQ==",
          "dependencies": [
            "aws_default_vpc.default",
            "data.dns_a_record_set.home_network"
          ]
        }
      ]
    },
    {
      "mode": "managed",
      "type": "aws_default_vpc",
      "name": "default",
      "provider": "provider[\"registry.terraform.io/hashicorp/aws\"]",
      "instances": [
        {
          "schema_version": 1,
          "attributes": {
            "arn": "arn:aws:ec2:us-east-2:382376429664:vpc/vpc-0ec4ebc165b30fcd0",
            "assign_generated_ipv6_cidr_block": false,
            "cidr_block": "172.31.0.0/16",
            "default_network_acl_id": "acl-06dc4e91f2aa5b2be",
            "default_route_table_id": "rtb-0936f560106052cbd",
            "default_security_group_id": "sg-09211c77b47c14fac",
            "dhcp_options_id": "dopt-09346f8f3b9d0db30",
            "enable_classiclink": false,
            "enable_classiclink_dns_support": false,
            "enable_dns_hostnames": true,
            "enable_dns_support": true,
            "enable_network_address_usage_metrics": false,
            "existing_default_vpc": true,
            "force_destroy": false,
            "id": "vpc-0ec4ebc165b30fcd0",
            "instance_tenancy": "default",
            "ipv6_association_id": "",
            "ipv6_cidr_block": "",
            "ipv6_cidr_block_network_border_group": "",
            "ipv6_ipam_pool_id": "",
            "ipv6_netmask_length": 0,
            "main_route_table_id": "rtb-0936f560106052cbd",
            "owner_id": "382376429664",
            "tags": {
              "Name": "DefaultVPC",
              "env": "dev",
              "project": "wswp"
            },
            "tags_all": {
              "Name": "DefaultVPC",
              "env": "dev",
              "project": "wswp"
            }
          },
          "sensitive_attributes": [],
          "private": "eyJzY2hlbWFfdmVyc2lvbiI6IjEifQ=="
        }
      ]
    },
    {
      "mode": "managed",
      "type": "aws_instance",
      "name": "test_instance",
      "provider": "provider[\"registry.terraform.io/hashicorp/aws\"]",
      "instances": [
        {
          "schema_version": 1,
          "attributes": {
            "ami": "ami-0ddb5a74386eb6091",
            "arn": "arn:aws:ec2:us-east-2:382376429664:instance/i-0663e876433d088c7",
            "associate_public_ip_address": true,
            "availability_zone": "us-east-2c",
            "capacity_reservation_specification": [
              {
                "capacity_reservation_preference": "open",
                "capacity_reservation_target": []
              }
            ],
            "cpu_core_count": 1,
            "cpu_threads_per_core": 2,
            "credit_specification": [
              {
                "cpu_credits": "unlimited"
              }
            ],
            "disable_api_stop": false,
            "disable_api_termination": false,
            "ebs_block_device": [],
            "ebs_optimized": false,
            "enclave_options": [
              {
                "enabled": false
              }
            ],
            "ephemeral_block_device": [],
            "get_password_data": false,
            "hibernation": false,
            "host_id": "",
            "host_resource_group_arn": null,
            "iam_instance_profile": "",
            "id": "i-0663e876433d088c7",
            "instance_initiated_shutdown_behavior": "stop",
            "instance_state": "running",
            "instance_type": "t3a.nano",
            "ipv6_address_count": 0,
            "ipv6_addresses": [],
            "key_name": "ec2_access",
            "launch_template": [],
            "maintenance_options": [
              {
                "auto_recovery": "default"
              }
            ],
            "metadata_options": [
              {
                "http_endpoint": "enabled",
                "http_put_response_hop_limit": 1,
                "http_tokens": "optional",
                "instance_metadata_tags": "disabled"
              }
            ],
            "monitoring": false,
            "network_interface": [],
            "outpost_arn": "",
            "password_data": "",
            "placement_group": "",
            "placement_partition_number": 0,
            "primary_network_interface_id": "eni-03e3e6d7975e78b59",
            "private_dns": "ip-172-31-33-118.us-east-2.compute.internal",
            "private_dns_name_options": [
              {
                "enable_resource_name_dns_a_record": false,
                "enable_resource_name_dns_aaaa_record": false,
                "hostname_type": "ip-name"
              }
            ],
            "private_ip": "172.31.33.118",
            "public_dns": "ec2-18-188-91-59.us-east-2.compute.amazonaws.com",
            "public_ip": "18.188.91.59",
            "root_block_device": [
              {
                "delete_on_termination": true,
                "device_name": "/dev/sda1",
                "encrypted": false,
                "iops": 100,
                "kms_key_id": "",
                "tags": {},
                "throughput": 0,
                "volume_id": "vol-048cebc77ee127f01",
                "volume_size": 8,
                "volume_type": "gp2"
              }
            ],
            "secondary_private_ips": [],
            "security_groups": [
              "default"
            ],
            "source_dest_check": true,
            "subnet_id": "subnet-08dd0960a1a7509b4",
            "tags": {},
            "tags_all": {},
            "tenancy": "default",
            "timeouts": null,
            "user_data": null,
            "user_data_base64": null,
            "user_data_replace_on_change": false,
            "volume_tags": null,
            "vpc_security_group_ids": [
              "sg-09211c77b47c14fac"
            ]
          },
          "sensitive_attributes": [],
          "private": "eyJlMmJmYjczMC1lY2FhLTExZTYtOGY4OC0zNDM2M2JjN2M0YzAiOnsiY3JlYXRlIjo2MDAwMDAwMDAwMDAsImRlbGV0ZSI6MTIwMDAwMDAwMDAwMCwidXBkYXRlIjo2MDAwMDAwMDAwMDB9LCJzY2hlbWFfdmVyc2lvbiI6IjEifQ==",
          "dependencies": [
            "aws_default_vpc.default",
            "data.aws_ami.ubuntu",
            "data.aws_internet_gateway.default_gw"
          ]
        }
      ]
    },
    {
      "mode": "managed",
      "type": "aws_internet_gateway",
      "name": "gw",
      "provider": "provider[\"registry.terraform.io/hashicorp/aws\"]",
      "instances": [
        {
          "schema_version": 0,
          "attributes": {
            "arn": "arn:aws:ec2:us-east-2:382376429664:internet-gateway/igw-0a2dd52e626ee40e0",
            "id": "igw-0a2dd52e626ee40e0",
            "owner_id": "382376429664",
            "tags": {},
            "tags_all": {},
            "timeouts": null,
            "vpc_id": "vpc-05148aa56490f4a10"
          },
          "sensitive_attributes": [],
          "private": "eyJlMmJmYjczMC1lY2FhLTExZTYtOGY4OC0zNDM2M2JjN2M0YzAiOnsiY3JlYXRlIjoxMjAwMDAwMDAwMDAwLCJkZWxldGUiOjEyMDAwMDAwMDAwMDAsInVwZGF0ZSI6MTIwMDAwMDAwMDAwMH19",
          "dependencies": [
            "aws_vpc.main_vpc"
          ]
        }
      ]
    },
    {
      "mode": "managed",
      "type": "aws_key_pair",
      "name": "ec2_access",
      "provider": "provider[\"registry.terraform.io/hashicorp/aws\"]",
      "instances": [
        {
          "schema_version": 1,
          "attributes": {
            "arn": "arn:aws:ec2:us-east-2:382376429664:key-pair/ec2_access",
            "fingerprint": "3e:b1:2b:6d:eb:80:45:b8:36:cd:d7:b8:c1:f0:a4:78",
            "id": "ec2_access",
            "key_name": "ec2_access",
            "key_name_prefix": "",
            "key_pair_id": "key-0eaa87d6bf3263ca1",
            "key_type": "rsa",
            "public_key": "ssh-rsa AAAAB3NzaC1yc2EAAAADAQABAAABgQDI5LKIpx+FI6N0U18/vh3OHO7WD434HaLErHGy0EWYgQ8mSYwjvbsozR6nPsmPncJ7qe0sHLS1KlbvSiWCoXEdHV1Dlg+/2Kn1Gww7HdJuH+ZgxMGSPwWzH43Nt03IgzvhCm/Eg6Wy2mw6HjTaXmcLJn404uL761pWP8Zpll0XwCOlWweyxakF2Cb5g4suxscKyleq6I/klkb7/+QHC1+K/9LA2qUvHVVAlpN6mRYcH7zWvFwfSm9H/hpJ6/V92vuxF1TQW1M1Op22RCQEhsDXgfEEFts1cemD2wpDKiotVJ084r5cnRjVSI7QQTE6MmG0AE6D3ZbNlV9tW9CDc2pHat2fp9oRi2u1Ub6srlQMr+27adhAiDY+ROQrSQcJvO+YLvlHqcOHLwXKUVsage6vASkp59vQmdkdZThTKcuq52qjn1SrC6BIRaqyjJJC7txnitCUyZuFxRf6/iA4y2xFhGW2W5adDdQajrjJRb/jFRa4Brgwr6joBDWGYNlUFOE= ubuntu@ec2",
            "tags": {},
            "tags_all": {}
          },
          "sensitive_attributes": [],
          "private": "eyJzY2hlbWFfdmVyc2lvbiI6IjEifQ=="
        }
      ]
    },
    {
      "mode": "managed",
      "type": "aws_lb",
      "name": "app-lb",
      "provider": "provider[\"registry.terraform.io/hashicorp/aws\"]",
      "instances": [
        {
          "schema_version": 0,
          "attributes": {
            "access_logs": [
              {
                "bucket": "",
                "enabled": false,
                "prefix": ""
              }
            ],
            "arn": "arn:aws:elasticloadbalancing:us-east-2:382376429664:loadbalancer/app/wswp-lb/c67ab0623d686892",
            "arn_suffix": "app/wswp-lb/c67ab0623d686892",
            "customer_owned_ipv4_pool": "",
            "desync_mitigation_mode": "defensive",
            "dns_name": "wswp-lb-1512642509.us-east-2.elb.amazonaws.com",
            "drop_invalid_header_fields": false,
            "enable_cross_zone_load_balancing": true,
            "enable_deletion_protection": false,
            "enable_http2": true,
            "enable_tls_version_and_cipher_suite_headers": false,
            "enable_waf_fail_open": false,
            "enable_xff_client_port": false,
            "id": "arn:aws:elasticloadbalancing:us-east-2:382376429664:loadbalancer/app/wswp-lb/c67ab0623d686892",
            "idle_timeout": 60,
            "internal": false,
            "ip_address_type": "ipv4",
            "load_balancer_type": "application",
            "name": "wswp-lb",
            "name_prefix": null,
            "preserve_host_header": false,
            "security_groups": [
              "sg-041903b2faee8ff00"
            ],
            "subnet_mapping": [
              {
                "allocation_id": "",
                "ipv6_address": "",
                "outpost_id": "",
                "private_ipv4_address": "",
                "subnet_id": "subnet-0243727dad538ae10"
              },
              {
                "allocation_id": "",
                "ipv6_address": "",
                "outpost_id": "",
                "private_ipv4_address": "",
                "subnet_id": "subnet-0ba910a4ebcc153b7"
              }
            ],
            "subnets": [
              "subnet-0243727dad538ae10",
              "subnet-0ba910a4ebcc153b7"
            ],
            "tags": {},
            "tags_all": {},
            "timeouts": null,
            "vpc_id": "vpc-05148aa56490f4a10",
            "xff_header_processing_mode": "append",
            "zone_id": "Z3AADJGX6KTTL2"
          },
          "sensitive_attributes": [],
          "private": "eyJlMmJmYjczMC1lY2FhLTExZTYtOGY4OC0zNDM2M2JjN2M0YzAiOnsiY3JlYXRlIjo2MDAwMDAwMDAwMDAsImRlbGV0ZSI6NjAwMDAwMDAwMDAwLCJ1cGRhdGUiOjYwMDAwMDAwMDAwMH19",
          "dependencies": [
            "aws_subnet.public_subnets",
            "aws_vpc.main_vpc"
          ]
        }
      ]
    },
    {
      "mode": "managed",
      "type": "aws_lb_listener",
      "name": "http_listener",
      "provider": "provider[\"registry.terraform.io/hashicorp/aws\"]",
      "instances": [
        {
          "schema_version": 0,
          "attributes": {
            "alpn_policy": null,
            "arn": "arn:aws:elasticloadbalancing:us-east-2:382376429664:listener/app/wswp-lb/c67ab0623d686892/b71f72395df0b575",
            "certificate_arn": null,
            "default_action": [
              {
                "authenticate_cognito": [],
                "authenticate_oidc": [],
                "fixed_response": [],
                "forward": [],
                "order": 1,
                "redirect": [],
                "target_group_arn": "arn:aws:elasticloadbalancing:us-east-2:382376429664:targetgroup/wswp-http-group/67ee4a66a197a462",
                "type": "forward"
              }
            ],
            "id": "arn:aws:elasticloadbalancing:us-east-2:382376429664:listener/app/wswp-lb/c67ab0623d686892/b71f72395df0b575",
            "load_balancer_arn": "arn:aws:elasticloadbalancing:us-east-2:382376429664:loadbalancer/app/wswp-lb/c67ab0623d686892",
            "port": 80,
            "protocol": "HTTP",
            "ssl_policy": "",
            "tags": {},
            "tags_all": {},
            "timeouts": null
          },
          "sensitive_attributes": [],
          "private": "eyJlMmJmYjczMC1lY2FhLTExZTYtOGY4OC0zNDM2M2JjN2M0YzAiOnsicmVhZCI6NjAwMDAwMDAwMDAwfX0=",
          "dependencies": [
            "aws_lb.app-lb",
            "aws_lb_target_group.wswp_http_group",
            "aws_subnet.public_subnets",
            "aws_vpc.main_vpc"
          ]
        }
      ]
    },
    {
      "mode": "managed",
      "type": "aws_lb_listener",
      "name": "https_listener",
      "provider": "provider[\"registry.terraform.io/hashicorp/aws\"]",
      "instances": [
        {
          "schema_version": 0,
          "attributes": {
            "alpn_policy": null,
            "arn": "arn:aws:elasticloadbalancing:us-east-2:382376429664:listener/app/wswp-lb/c67ab0623d686892/803fb210a0af8288",
            "certificate_arn": "arn:aws:acm:us-east-2:382376429664:certificate/0a657f45-b227-4ee0-98f9-be6584494408",
            "default_action": [
              {
                "authenticate_cognito": [],
                "authenticate_oidc": [],
                "fixed_response": [],
                "forward": [],
                "order": 1,
                "redirect": [],
                "target_group_arn": "arn:aws:elasticloadbalancing:us-east-2:382376429664:targetgroup/wswp-https-group/e8a781a90f647fe9",
                "type": "forward"
              }
            ],
            "id": "arn:aws:elasticloadbalancing:us-east-2:382376429664:listener/app/wswp-lb/c67ab0623d686892/803fb210a0af8288",
            "load_balancer_arn": "arn:aws:elasticloadbalancing:us-east-2:382376429664:loadbalancer/app/wswp-lb/c67ab0623d686892",
            "port": 443,
            "protocol": "HTTPS",
            "ssl_policy": "ELBSecurityPolicy-2016-08",
            "tags": {},
            "tags_all": {},
            "timeouts": null
          },
          "sensitive_attributes": [],
          "private": "eyJlMmJmYjczMC1lY2FhLTExZTYtOGY4OC0zNDM2M2JjN2M0YzAiOnsicmVhZCI6NjAwMDAwMDAwMDAwfX0=",
          "dependencies": [
            "aws_acm_certificate.wswp_cert",
            "aws_acm_certificate_validation.cert_validation",
            "aws_lb.app-lb",
            "aws_lb_target_group.wswp_https_group",
            "aws_route53_record.validation_record",
            "aws_route53_zone.primary",
            "aws_subnet.public_subnets",
            "aws_vpc.main_vpc"
          ]
        }
      ]
    },
    {
      "mode": "managed",
      "type": "aws_lb_target_group",
      "name": "wswp_http_group",
      "provider": "provider[\"registry.terraform.io/hashicorp/aws\"]",
      "instances": [
        {
          "schema_version": 0,
          "attributes": {
            "arn": "arn:aws:elasticloadbalancing:us-east-2:382376429664:targetgroup/wswp-http-group/67ee4a66a197a462",
            "arn_suffix": "targetgroup/wswp-http-group/67ee4a66a197a462",
            "connection_termination": false,
            "deregistration_delay": "300",
            "health_check": [
              {
                "enabled": true,
                "healthy_threshold": 5,
                "interval": 30,
                "matcher": "200",
                "path": "/",
                "port": "traffic-port",
                "protocol": "HTTP",
                "timeout": 5,
                "unhealthy_threshold": 2
              }
            ],
            "id": "arn:aws:elasticloadbalancing:us-east-2:382376429664:targetgroup/wswp-http-group/67ee4a66a197a462",
            "ip_address_type": "ipv4",
            "lambda_multi_value_headers_enabled": false,
            "load_balancing_algorithm_type": "round_robin",
            "load_balancing_cross_zone_enabled": "use_load_balancer_configuration",
            "name": "wswp-http-group",
            "name_prefix": null,
            "port": 9796,
            "preserve_client_ip": null,
            "protocol": "HTTP",
            "protocol_version": "HTTP1",
            "proxy_protocol_v2": false,
            "slow_start": 0,
            "stickiness": [
              {
                "cookie_duration": 86400,
                "cookie_name": "",
                "enabled": false,
                "type": "lb_cookie"
              }
            ],
            "tags": {},
            "tags_all": {},
            "target_failover": [
              {
                "on_deregistration": null,
                "on_unhealthy": null
              }
            ],
            "target_type": "instance",
            "vpc_id": "vpc-05148aa56490f4a10"
          },
          "sensitive_attributes": [],
          "private": "bnVsbA==",
          "dependencies": [
            "aws_vpc.main_vpc"
          ]
        }
      ]
    },
    {
      "mode": "managed",
      "type": "aws_lb_target_group",
      "name": "wswp_https_group",
      "provider": "provider[\"registry.terraform.io/hashicorp/aws\"]",
      "instances": [
        {
          "schema_version": 0,
          "attributes": {
            "arn": "arn:aws:elasticloadbalancing:us-east-2:382376429664:targetgroup/wswp-https-group/e8a781a90f647fe9",
            "arn_suffix": "targetgroup/wswp-https-group/e8a781a90f647fe9",
            "connection_termination": false,
            "deregistration_delay": "300",
            "health_check": [
              {
                "enabled": true,
                "healthy_threshold": 5,
                "interval": 30,
                "matcher": "200",
                "path": "/",
                "port": "traffic-port",
                "protocol": "HTTPS",
                "timeout": 5,
                "unhealthy_threshold": 2
              }
            ],
            "id": "arn:aws:elasticloadbalancing:us-east-2:382376429664:targetgroup/wswp-https-group/e8a781a90f647fe9",
            "ip_address_type": "ipv4",
            "lambda_multi_value_headers_enabled": false,
            "load_balancing_algorithm_type": "round_robin",
            "load_balancing_cross_zone_enabled": "use_load_balancer_configuration",
            "name": "wswp-https-group",
            "name_prefix": null,
            "port": 9797,
            "preserve_client_ip": null,
            "protocol": "HTTPS",
            "protocol_version": "HTTP1",
            "proxy_protocol_v2": false,
            "slow_start": 0,
            "stickiness": [
              {
                "cookie_duration": 86400,
                "cookie_name": "",
                "enabled": false,
                "type": "lb_cookie"
              }
            ],
            "tags": {},
            "tags_all": {},
            "target_failover": [
              {
                "on_deregistration": null,
                "on_unhealthy": null
              }
            ],
            "target_type": "instance",
            "vpc_id": "vpc-05148aa56490f4a10"
          },
          "sensitive_attributes": [],
          "private": "bnVsbA==",
          "dependencies": [
            "aws_vpc.main_vpc"
          ]
        }
      ]
    },
    {
      "mode": "managed",
      "type": "aws_route53_record",
      "name": "lb",
      "provider": "provider[\"registry.terraform.io/hashicorp/aws\"]",
      "instances": [
        {
          "schema_version": 2,
          "attributes": {
            "alias": [
              {
                "evaluate_target_health": false,
                "name": "wswp-lb-1512642509.us-east-2.elb.amazonaws.com",
                "zone_id": "Z3AADJGX6KTTL2"
              }
            ],
            "allow_overwrite": true,
            "cidr_routing_policy": [],
            "failover_routing_policy": [],
            "fqdn": "whatshouldweplay.net",
            "geolocation_routing_policy": [],
            "health_check_id": "",
            "id": "Z01617083I08YRMNOHUP_whatshouldweplay.net_A",
            "latency_routing_policy": [],
            "multivalue_answer_routing_policy": false,
            "name": "whatshouldweplay.net",
            "records": [],
            "set_identifier": "",
            "ttl": 0,
            "type": "A",
            "weighted_routing_policy": [],
            "zone_id": "Z01617083I08YRMNOHUP"
          },
          "sensitive_attributes": [],
          "private": "eyJzY2hlbWFfdmVyc2lvbiI6IjIifQ==",
          "dependencies": [
            "aws_lb.app-lb",
            "aws_route53_zone.primary",
            "aws_subnet.public_subnets",
            "aws_vpc.main_vpc"
          ]
        }
      ]
    },
    {
      "mode": "managed",
      "type": "aws_route53_record",
      "name": "validation_record",
      "provider": "provider[\"registry.terraform.io/hashicorp/aws\"]",
      "instances": [
        {
          "index_key": 0,
          "schema_version": 2,
          "attributes": {
            "alias": [],
            "allow_overwrite": true,
            "cidr_routing_policy": [],
            "failover_routing_policy": [],
            "fqdn": "_9e66cf3697446a3683221f34800295ef.whatshouldweplay.net",
            "geolocation_routing_policy": [],
            "health_check_id": "",
            "id": "Z01617083I08YRMNOHUP__9e66cf3697446a3683221f34800295ef.whatshouldweplay.net._CNAME",
            "latency_routing_policy": [],
            "multivalue_answer_routing_policy": false,
            "name": "_9e66cf3697446a3683221f34800295ef.whatshouldweplay.net",
            "records": [
              "_96f4e778b81fe172eb2f4e2236c41b37.sxgfwvgjsz.acm-validations.aws."
            ],
            "set_identifier": "",
            "ttl": 300,
            "type": "CNAME",
            "weighted_routing_policy": [],
            "zone_id": "Z01617083I08YRMNOHUP"
          },
          "sensitive_attributes": [],
          "private": "eyJzY2hlbWFfdmVyc2lvbiI6IjIifQ==",
          "dependencies": [
            "aws_acm_certificate.wswp_cert",
            "aws_route53_zone.primary"
          ]
        },
        {
          "index_key": 1,
          "schema_version": 2,
          "attributes": {
            "alias": [],
            "allow_overwrite": true,
            "cidr_routing_policy": [],
            "failover_routing_policy": [],
            "fqdn": "_9e66cf3697446a3683221f34800295ef.whatshouldweplay.net",
            "geolocation_routing_policy": [],
            "health_check_id": "",
            "id": "Z01617083I08YRMNOHUP__9e66cf3697446a3683221f34800295ef.whatshouldweplay.net._CNAME",
            "latency_routing_policy": [],
            "multivalue_answer_routing_policy": false,
            "name": "_9e66cf3697446a3683221f34800295ef.whatshouldweplay.net",
            "records": [
              "_96f4e778b81fe172eb2f4e2236c41b37.sxgfwvgjsz.acm-validations.aws."
            ],
            "set_identifier": "",
            "ttl": 300,
            "type": "CNAME",
            "weighted_routing_policy": [],
            "zone_id": "Z01617083I08YRMNOHUP"
          },
          "sensitive_attributes": [],
          "private": "eyJzY2hlbWFfdmVyc2lvbiI6IjIifQ==",
          "dependencies": [
            "aws_acm_certificate.wswp_cert",
            "aws_route53_zone.primary"
          ]
        },
        {
          "index_key": 2,
          "schema_version": 2,
          "attributes": {
            "alias": [],
            "allow_overwrite": true,
            "cidr_routing_policy": [],
            "failover_routing_policy": [],
            "fqdn": "_9e66cf3697446a3683221f34800295ef.whatshouldweplay.net",
            "geolocation_routing_policy": [],
            "health_check_id": "",
            "id": "Z01617083I08YRMNOHUP__9e66cf3697446a3683221f34800295ef.whatshouldweplay.net._CNAME",
            "latency_routing_policy": [],
            "multivalue_answer_routing_policy": false,
            "name": "_9e66cf3697446a3683221f34800295ef.whatshouldweplay.net",
            "records": [
              "_96f4e778b81fe172eb2f4e2236c41b37.sxgfwvgjsz.acm-validations.aws."
            ],
            "set_identifier": "",
            "ttl": 300,
            "type": "CNAME",
            "weighted_routing_policy": [],
            "zone_id": "Z01617083I08YRMNOHUP"
          },
          "sensitive_attributes": [],
          "private": "eyJzY2hlbWFfdmVyc2lvbiI6IjIifQ==",
          "dependencies": [
            "aws_acm_certificate.wswp_cert",
            "aws_route53_zone.primary"
          ]
        }
      ]
    },
    {
      "mode": "managed",
      "type": "aws_route53_record",
      "name": "www",
      "provider": "provider[\"registry.terraform.io/hashicorp/aws\"]",
      "instances": [
        {
          "schema_version": 2,
          "attributes": {
            "alias": [
              {
                "evaluate_target_health": false,
                "name": "wswp-lb-1512642509.us-east-2.elb.amazonaws.com",
                "zone_id": "Z3AADJGX6KTTL2"
              }
            ],
            "allow_overwrite": true,
            "cidr_routing_policy": [],
            "failover_routing_policy": [],
            "fqdn": "www.whatshouldweplay.net",
            "geolocation_routing_policy": [],
            "health_check_id": "",
            "id": "Z01617083I08YRMNOHUP_www.whatshouldweplay.net_A",
            "latency_routing_policy": [],
            "multivalue_answer_routing_policy": false,
            "name": "www.whatshouldweplay.net",
            "records": [],
            "set_identifier": "",
            "ttl": 0,
            "type": "A",
            "weighted_routing_policy": [],
            "zone_id": "Z01617083I08YRMNOHUP"
          },
          "sensitive_attributes": [],
          "private": "eyJzY2hlbWFfdmVyc2lvbiI6IjIifQ==",
          "dependencies": [
            "aws_lb.app-lb",
            "aws_route53_zone.primary",
            "aws_subnet.public_subnets",
            "aws_vpc.main_vpc"
          ]
        }
      ]
    },
    {
      "mode": "managed",
      "type": "aws_route53_zone",
      "name": "primary",
      "provider": "provider[\"registry.terraform.io/hashicorp/aws\"]",
      "instances": [
        {
          "schema_version": 0,
          "attributes": {
            "arn": "arn:aws:route53:::hostedzone/Z01617083I08YRMNOHUP",
            "comment": "Managed by Terraform",
            "delegation_set_id": "",
            "force_destroy": false,
            "id": "Z01617083I08YRMNOHUP",
            "name": "whatshouldweplay.net",
            "name_servers": [
              "ns-1149.awsdns-15.org",
              "ns-1746.awsdns-26.co.uk",
              "ns-285.awsdns-35.com",
              "ns-867.awsdns-44.net"
            ],
            "primary_name_server": "ns-1746.awsdns-26.co.uk",
            "tags": {},
            "tags_all": {},
            "vpc": [],
            "zone_id": "Z01617083I08YRMNOHUP"
          },
          "sensitive_attributes": [],
          "private": "bnVsbA=="
        }
      ]
    },
    {
      "mode": "managed",
      "type": "aws_route_table",
      "name": "private_subnet_route_table",
      "provider": "provider[\"registry.terraform.io/hashicorp/aws\"]",
      "instances": [
        {
          "schema_version": 0,
          "attributes": {
            "arn": "arn:aws:ec2:us-east-2:382376429664:route-table/rtb-0211fef7c9f654b3a",
            "id": "rtb-0211fef7c9f654b3a",
            "owner_id": "382376429664",
            "propagating_vgws": [],
            "route": [],
            "tags": {},
            "tags_all": {},
            "timeouts": null,
            "vpc_id": "vpc-05148aa56490f4a10"
          },
          "sensitive_attributes": [],
          "private": "eyJlMmJmYjczMC1lY2FhLTExZTYtOGY4OC0zNDM2M2JjN2M0YzAiOnsiY3JlYXRlIjozMDAwMDAwMDAwMDAsImRlbGV0ZSI6MzAwMDAwMDAwMDAwLCJ1cGRhdGUiOjEyMDAwMDAwMDAwMH19",
          "dependencies": [
            "aws_vpc.main_vpc"
          ]
        }
      ]
    },
    {
      "mode": "managed",
      "type": "aws_route_table",
      "name": "public_subnet_route_table",
      "provider": "provider[\"registry.terraform.io/hashicorp/aws\"]",
      "instances": [
        {
          "schema_version": 0,
          "attributes": {
            "arn": "arn:aws:ec2:us-east-2:382376429664:route-table/rtb-0d98c0c597e693bed",
            "id": "rtb-0d98c0c597e693bed",
            "owner_id": "382376429664",
            "propagating_vgws": [],
            "route": [
              {
                "carrier_gateway_id": "",
                "cidr_block": "0.0.0.0/0",
                "core_network_arn": "",
                "destination_prefix_list_id": "",
                "egress_only_gateway_id": "",
                "gateway_id": "igw-0a2dd52e626ee40e0",
                "instance_id": "",
                "ipv6_cidr_block": "",
                "local_gateway_id": "",
                "nat_gateway_id": "",
                "network_interface_id": "",
                "transit_gateway_id": "",
                "vpc_endpoint_id": "",
                "vpc_peering_connection_id": ""
              }
            ],
            "tags": {},
            "tags_all": {},
            "timeouts": null,
            "vpc_id": "vpc-05148aa56490f4a10"
          },
          "sensitive_attributes": [],
          "private": "eyJlMmJmYjczMC1lY2FhLTExZTYtOGY4OC0zNDM2M2JjN2M0YzAiOnsiY3JlYXRlIjozMDAwMDAwMDAwMDAsImRlbGV0ZSI6MzAwMDAwMDAwMDAwLCJ1cGRhdGUiOjEyMDAwMDAwMDAwMH19",
          "dependencies": [
            "aws_internet_gateway.gw",
            "aws_vpc.main_vpc"
          ]
        }
      ]
    },
    {
      "mode": "managed",
      "type": "aws_route_table_association",
      "name": "private_subnet_association",
      "provider": "provider[\"registry.terraform.io/hashicorp/aws\"]",
      "instances": [
        {
          "index_key": 0,
          "schema_version": 0,
          "attributes": {
            "gateway_id": "",
            "id": "rtbassoc-0ce5e93e1f5296434",
            "route_table_id": "rtb-0211fef7c9f654b3a",
            "subnet_id": "subnet-08083a96f521cbdc1"
          },
          "sensitive_attributes": [],
          "private": "bnVsbA==",
          "dependencies": [
            "aws_route_table.private_subnet_route_table",
            "aws_subnet.private_subnets",
            "aws_vpc.main_vpc"
          ]
        },
        {
          "index_key": 1,
          "schema_version": 0,
          "attributes": {
            "gateway_id": "",
            "id": "rtbassoc-07fd5ca2725201331",
            "route_table_id": "rtb-0211fef7c9f654b3a",
            "subnet_id": "subnet-0349f7d48b04662a3"
          },
          "sensitive_attributes": [],
          "private": "bnVsbA==",
          "dependencies": [
            "aws_route_table.private_subnet_route_table",
            "aws_subnet.private_subnets",
            "aws_vpc.main_vpc"
          ]
        }
      ]
    },
    {
      "mode": "managed",
      "type": "aws_route_table_association",
      "name": "public_subnet_association",
      "provider": "provider[\"registry.terraform.io/hashicorp/aws\"]",
      "instances": [
        {
          "index_key": 0,
          "schema_version": 0,
          "attributes": {
            "gateway_id": "",
            "id": "rtbassoc-00b0803981aab7c34",
            "route_table_id": "rtb-0d98c0c597e693bed",
            "subnet_id": "subnet-0243727dad538ae10"
          },
          "sensitive_attributes": [],
          "private": "bnVsbA==",
          "dependencies": [
            "aws_internet_gateway.gw",
            "aws_route_table.public_subnet_route_table",
            "aws_subnet.public_subnets",
            "aws_vpc.main_vpc"
          ]
        },
        {
          "index_key": 1,
          "schema_version": 0,
          "attributes": {
            "gateway_id": "",
            "id": "rtbassoc-061d8a24fcdcf9052",
            "route_table_id": "rtb-0d98c0c597e693bed",
            "subnet_id": "subnet-0ba910a4ebcc153b7"
          },
          "sensitive_attributes": [],
          "private": "bnVsbA==",
          "dependencies": [
            "aws_internet_gateway.gw",
            "aws_route_table.public_subnet_route_table",
            "aws_subnet.public_subnets",
            "aws_vpc.main_vpc"
          ]
        }
      ]
    },
    {
      "mode": "managed",
      "type": "aws_security_group",
      "name": "ec2_security_group",
      "provider": "provider[\"registry.terraform.io/hashicorp/aws\"]",
      "instances": [
        {
          "schema_version": 1,
          "attributes": {
            "arn": "arn:aws:ec2:us-east-2:382376429664:security-group/sg-0841d888474b7eca1",
            "description": "Managed by Terraform",
            "egress": [],
            "id": "sg-0841d888474b7eca1",
            "ingress": [
              {
                "cidr_blocks": [
                  "0.0.0.0/0"
                ],
                "description": "",
                "from_port": 443,
                "ipv6_cidr_blocks": [],
                "prefix_list_ids": [],
                "protocol": "tcp",
                "security_groups": [],
                "self": false,
                "to_port": 443
              },
              {
                "cidr_blocks": [
                  "0.0.0.0/0"
                ],
                "description": "",
                "from_port": 80,
                "ipv6_cidr_blocks": [],
                "prefix_list_ids": [],
                "protocol": "tcp",
                "security_groups": [],
                "self": false,
                "to_port": 80
              },
              {
                "cidr_blocks": [
                  "140.177.227.122/32"
                ],
                "description": "",
                "from_port": 22,
                "ipv6_cidr_blocks": [],
                "prefix_list_ids": [],
                "protocol": "tcp",
                "security_groups": [],
                "self": false,
                "to_port": 22
              }
            ],
            "name": "terraform-20230522221043150800000004",
            "name_prefix": "terraform-",
            "owner_id": "382376429664",
            "revoke_rules_on_delete": false,
            "tags": {},
            "tags_all": {},
            "timeouts": null,
            "vpc_id": "vpc-05148aa56490f4a10"
          },
          "sensitive_attributes": [],
          "private": "eyJlMmJmYjczMC1lY2FhLTExZTYtOGY4OC0zNDM2M2JjN2M0YzAiOnsiY3JlYXRlIjo2MDAwMDAwMDAwMDAsImRlbGV0ZSI6OTAwMDAwMDAwMDAwfSwic2NoZW1hX3ZlcnNpb24iOiIxIn0=",
          "dependencies": [
            "aws_vpc.main_vpc"
          ]
        }
      ]
    },
    {
      "mode": "managed",
      "type": "aws_subnet",
      "name": "private_subnets",
      "provider": "provider[\"registry.terraform.io/hashicorp/aws\"]",
      "instances": [
        {
          "index_key": "a",
          "schema_version": 1,
          "attributes": {
            "arn": "arn:aws:ec2:us-east-2:382376429664:subnet/subnet-08083a96f521cbdc1",
            "assign_ipv6_address_on_creation": false,
            "availability_zone": "us-east-2a",
            "availability_zone_id": "use2-az1",
            "cidr_block": "10.0.0.128/26",
            "customer_owned_ipv4_pool": "",
            "enable_dns64": false,
            "enable_resource_name_dns_a_record_on_launch": false,
            "enable_resource_name_dns_aaaa_record_on_launch": false,
            "id": "subnet-08083a96f521cbdc1",
            "ipv6_cidr_block": "",
            "ipv6_cidr_block_association_id": "",
            "ipv6_native": false,
            "map_customer_owned_ip_on_launch": false,
            "map_public_ip_on_launch": false,
            "outpost_arn": "",
            "owner_id": "382376429664",
            "private_dns_hostname_type_on_launch": "ip-name",
            "tags": {
              "SubnetType": "private"
            },
            "tags_all": {
              "SubnetType": "private"
            },
            "timeouts": null,
            "vpc_id": "vpc-05148aa56490f4a10"
          },
          "sensitive_attributes": [],
          "private": "eyJlMmJmYjczMC1lY2FhLTExZTYtOGY4OC0zNDM2M2JjN2M0YzAiOnsiY3JlYXRlIjo2MDAwMDAwMDAwMDAsImRlbGV0ZSI6MTIwMDAwMDAwMDAwMH0sInNjaGVtYV92ZXJzaW9uIjoiMSJ9",
          "dependencies": [
            "aws_vpc.main_vpc"
          ]
        },
        {
          "index_key": "b",
          "schema_version": 1,
          "attributes": {
            "arn": "arn:aws:ec2:us-east-2:382376429664:subnet/subnet-0349f7d48b04662a3",
            "assign_ipv6_address_on_creation": false,
            "availability_zone": "us-east-2b",
            "availability_zone_id": "use2-az2",
            "cidr_block": "10.0.0.192/26",
            "customer_owned_ipv4_pool": "",
            "enable_dns64": false,
            "enable_resource_name_dns_a_record_on_launch": false,
            "enable_resource_name_dns_aaaa_record_on_launch": false,
            "id": "subnet-0349f7d48b04662a3",
            "ipv6_cidr_block": "",
            "ipv6_cidr_block_association_id": "",
            "ipv6_native": false,
            "map_customer_owned_ip_on_launch": false,
            "map_public_ip_on_launch": false,
            "outpost_arn": "",
            "owner_id": "382376429664",
            "private_dns_hostname_type_on_launch": "ip-name",
            "tags": {
              "SubnetType": "private"
            },
            "tags_all": {
              "SubnetType": "private"
            },
            "timeouts": null,
            "vpc_id": "vpc-05148aa56490f4a10"
          },
          "sensitive_attributes": [],
          "private": "eyJlMmJmYjczMC1lY2FhLTExZTYtOGY4OC0zNDM2M2JjN2M0YzAiOnsiY3JlYXRlIjo2MDAwMDAwMDAwMDAsImRlbGV0ZSI6MTIwMDAwMDAwMDAwMH0sInNjaGVtYV92ZXJzaW9uIjoiMSJ9",
          "dependencies": [
            "aws_vpc.main_vpc"
          ]
        }
      ]
    },
    {
      "mode": "managed",
      "type": "aws_subnet",
      "name": "public_subnets",
      "provider": "provider[\"registry.terraform.io/hashicorp/aws\"]",
      "instances": [
        {
          "index_key": "a",
          "schema_version": 1,
          "attributes": {
            "arn": "arn:aws:ec2:us-east-2:382376429664:subnet/subnet-0243727dad538ae10",
            "assign_ipv6_address_on_creation": false,
            "availability_zone": "us-east-2a",
            "availability_zone_id": "use2-az1",
            "cidr_block": "10.0.0.0/26",
            "customer_owned_ipv4_pool": "",
            "enable_dns64": false,
            "enable_resource_name_dns_a_record_on_launch": false,
            "enable_resource_name_dns_aaaa_record_on_launch": false,
            "id": "subnet-0243727dad538ae10",
            "ipv6_cidr_block": "",
            "ipv6_cidr_block_association_id": "",
            "ipv6_native": false,
            "map_customer_owned_ip_on_launch": false,
            "map_public_ip_on_launch": false,
            "outpost_arn": "",
            "owner_id": "382376429664",
            "private_dns_hostname_type_on_launch": "ip-name",
            "tags": {
              "SubnetType": "public"
            },
            "tags_all": {
              "SubnetType": "public"
            },
            "timeouts": null,
            "vpc_id": "vpc-05148aa56490f4a10"
          },
          "sensitive_attributes": [],
          "private": "eyJlMmJmYjczMC1lY2FhLTExZTYtOGY4OC0zNDM2M2JjN2M0YzAiOnsiY3JlYXRlIjo2MDAwMDAwMDAwMDAsImRlbGV0ZSI6MTIwMDAwMDAwMDAwMH0sInNjaGVtYV92ZXJzaW9uIjoiMSJ9",
          "dependencies": [
            "aws_vpc.main_vpc"
          ]
        },
        {
          "index_key": "b",
          "schema_version": 1,
          "attributes": {
            "arn": "arn:aws:ec2:us-east-2:382376429664:subnet/subnet-0ba910a4ebcc153b7",
            "assign_ipv6_address_on_creation": false,
            "availability_zone": "us-east-2b",
            "availability_zone_id": "use2-az2",
            "cidr_block": "10.0.0.64/26",
            "customer_owned_ipv4_pool": "",
            "enable_dns64": false,
            "enable_resource_name_dns_a_record_on_launch": false,
            "enable_resource_name_dns_aaaa_record_on_launch": false,
            "id": "subnet-0ba910a4ebcc153b7",
            "ipv6_cidr_block": "",
            "ipv6_cidr_block_association_id": "",
            "ipv6_native": false,
            "map_customer_owned_ip_on_launch": false,
            "map_public_ip_on_launch": false,
            "outpost_arn": "",
            "owner_id": "382376429664",
            "private_dns_hostname_type_on_launch": "ip-name",
            "tags": {
              "SubnetType": "public"
            },
            "tags_all": {
              "SubnetType": "public"
            },
            "timeouts": null,
            "vpc_id": "vpc-05148aa56490f4a10"
          },
          "sensitive_attributes": [],
          "private": "eyJlMmJmYjczMC1lY2FhLTExZTYtOGY4OC0zNDM2M2JjN2M0YzAiOnsiY3JlYXRlIjo2MDAwMDAwMDAwMDAsImRlbGV0ZSI6MTIwMDAwMDAwMDAwMH0sInNjaGVtYV92ZXJzaW9uIjoiMSJ9",
          "dependencies": [
            "aws_vpc.main_vpc"
          ]
        }
      ]
    },
    {
      "mode": "managed",
      "type": "aws_vpc",
      "name": "main_vpc",
      "provider": "provider[\"registry.terraform.io/hashicorp/aws\"]",
      "instances": [
        {
          "schema_version": 1,
          "attributes": {
            "arn": "arn:aws:ec2:us-east-2:382376429664:vpc/vpc-05148aa56490f4a10",
            "assign_generated_ipv6_cidr_block": false,
            "cidr_block": "10.0.0.0/24",
            "default_network_acl_id": "acl-035d412c8a2877540",
            "default_route_table_id": "rtb-0eda7d2e84699e6f6",
            "default_security_group_id": "sg-041903b2faee8ff00",
            "dhcp_options_id": "dopt-09346f8f3b9d0db30",
            "enable_classiclink": false,
            "enable_classiclink_dns_support": false,
            "enable_dns_hostnames": true,
            "enable_dns_support": true,
            "enable_network_address_usage_metrics": false,
            "id": "vpc-05148aa56490f4a10",
            "instance_tenancy": "default",
            "ipv4_ipam_pool_id": null,
            "ipv4_netmask_length": null,
            "ipv6_association_id": "",
            "ipv6_cidr_block": "",
            "ipv6_cidr_block_network_border_group": "",
            "ipv6_ipam_pool_id": "",
            "ipv6_netmask_length": 0,
            "main_route_table_id": "rtb-0eda7d2e84699e6f6",
            "owner_id": "382376429664",
            "tags": {},
            "tags_all": {}
          },
          "sensitive_attributes": [],
          "private": "eyJzY2hlbWFfdmVyc2lvbiI6IjEifQ=="
        }
      ]
    },
    {
      "mode": "managed",
      "type": "aws_vpc_endpoint",
      "name": "gateway-endpoints",
      "provider": "provider[\"registry.terraform.io/hashicorp/aws\"]",
      "instances": [
        {
          "index_key": "dynamodb",
          "schema_version": 0,
          "attributes": {
            "arn": "arn:aws:ec2:us-east-2:382376429664:vpc-endpoint/vpce-08a67128de00809d0",
            "auto_accept": null,
            "cidr_blocks": [
              "35.71.102.128/26",
              "35.71.102.0/25",
              "52.94.4.0/24"
            ],
            "dns_entry": [],
            "dns_options": [],
            "id": "vpce-08a67128de00809d0",
            "ip_address_type": "",
            "network_interface_ids": [],
            "owner_id": "382376429664",
            "policy": "{\"Statement\":[{\"Action\":\"*\",\"Effect\":\"Allow\",\"Principal\":\"*\",\"Resource\":\"*\"}],\"Version\":\"2008-10-17\"}",
            "prefix_list_id": "pl-4ca54025",
            "private_dns_enabled": false,
            "requester_managed": false,
            "route_table_ids": [
              "rtb-0211fef7c9f654b3a"
            ],
            "security_group_ids": [],
            "service_name": "com.amazonaws.us-east-2.dynamodb",
            "state": "available",
            "subnet_ids": [],
            "tags": {},
            "tags_all": {},
            "timeouts": null,
            "vpc_endpoint_type": "Gateway",
            "vpc_id": "vpc-05148aa56490f4a10"
          },
          "sensitive_attributes": [],
          "private": "eyJlMmJmYjczMC1lY2FhLTExZTYtOGY4OC0zNDM2M2JjN2M0YzAiOnsiY3JlYXRlIjo2MDAwMDAwMDAwMDAsImRlbGV0ZSI6NjAwMDAwMDAwMDAwLCJ1cGRhdGUiOjYwMDAwMDAwMDAwMH19",
          "dependencies": [
            "aws_route_table.private_subnet_route_table",
            "aws_vpc.main_vpc"
          ]
        },
        {
          "index_key": "s3",
          "schema_version": 0,
          "attributes": {
            "arn": "arn:aws:ec2:us-east-2:382376429664:vpc-endpoint/vpce-09ded187c702f458f",
            "auto_accept": null,
            "cidr_blocks": [
              "18.34.252.0/22",
              "52.219.141.0/24",
              "18.34.72.0/21",
              "52.219.96.0/20",
              "52.219.224.0/21",
              "16.12.60.0/22",
              "52.219.232.0/22",
              "52.219.80.0/20",
              "3.5.128.0/22",
              "52.219.142.0/23",
              "3.5.132.0/23",
              "52.219.212.0/22",
              "52.219.176.0/22"
            ],
            "dns_entry": [],
            "dns_options": [],
            "id": "vpce-09ded187c702f458f",
            "ip_address_type": "",
            "network_interface_ids": [],
            "owner_id": "382376429664",
            "policy": "{\"Statement\":[{\"Action\":\"*\",\"Effect\":\"Allow\",\"Principal\":\"*\",\"Resource\":\"*\"}],\"Version\":\"2008-10-17\"}",
            "prefix_list_id": "pl-7ba54012",
            "private_dns_enabled": false,
            "requester_managed": false,
            "route_table_ids": [
              "rtb-0211fef7c9f654b3a"
            ],
            "security_group_ids": [],
            "service_name": "com.amazonaws.us-east-2.s3",
            "state": "available",
            "subnet_ids": [],
            "tags": {},
            "tags_all": {},
            "timeouts": null,
            "vpc_endpoint_type": "Gateway",
            "vpc_id": "vpc-05148aa56490f4a10"
          },
          "sensitive_attributes": [],
          "private": "eyJlMmJmYjczMC1lY2FhLTExZTYtOGY4OC0zNDM2M2JjN2M0YzAiOnsiY3JlYXRlIjo2MDAwMDAwMDAwMDAsImRlbGV0ZSI6NjAwMDAwMDAwMDAwLCJ1cGRhdGUiOjYwMDAwMDAwMDAwMH19",
          "dependencies": [
            "aws_route_table.private_subnet_route_table",
            "aws_vpc.main_vpc"
          ]
        }
      ]
    },
    {
      "mode": "managed",
      "type": "aws_vpc_endpoint",
      "name": "interface-endpoints",
      "provider": "provider[\"registry.terraform.io/hashicorp/aws\"]",
      "instances": [
        {
          "index_key": "APIGateway",
          "schema_version": 0,
          "attributes": {
            "arn": "arn:aws:ec2:us-east-2:382376429664:vpc-endpoint/vpce-0eaa99bd170c227ac",
            "auto_accept": null,
            "cidr_blocks": [],
            "dns_entry": [
              {
                "dns_name": "vpce-0eaa99bd170c227ac-uiw426mx.execute-api.us-east-2.vpce.amazonaws.com",
                "hosted_zone_id": "ZC8PG0KIFKBRI"
              },
              {
                "dns_name": "vpce-0eaa99bd170c227ac-uiw426mx-us-east-2b.execute-api.us-east-2.vpce.amazonaws.com",
                "hosted_zone_id": "ZC8PG0KIFKBRI"
              },
              {
                "dns_name": "vpce-0eaa99bd170c227ac-uiw426mx-us-east-2a.execute-api.us-east-2.vpce.amazonaws.com",
                "hosted_zone_id": "ZC8PG0KIFKBRI"
              }
            ],
            "dns_options": [
              {
                "dns_record_ip_type": "ipv4"
              }
            ],
            "id": "vpce-0eaa99bd170c227ac",
            "ip_address_type": "ipv4",
            "network_interface_ids": [
              "eni-0388048b96eefcd61",
              "eni-0b90a775daed1f846"
            ],
            "owner_id": "382376429664",
            "policy": "{\"Statement\":[{\"Action\":\"*\",\"Effect\":\"Allow\",\"Principal\":\"*\",\"Resource\":\"*\"}]}",
            "prefix_list_id": null,
            "private_dns_enabled": false,
            "requester_managed": false,
            "route_table_ids": [],
            "security_group_ids": [
              "sg-041903b2faee8ff00"
            ],
            "service_name": "com.amazonaws.us-east-2.execute-api",
            "state": "available",
            "subnet_ids": [
              "subnet-0349f7d48b04662a3",
              "subnet-08083a96f521cbdc1"
            ],
            "tags": {},
            "tags_all": {},
            "timeouts": null,
            "vpc_endpoint_type": "Interface",
            "vpc_id": "vpc-05148aa56490f4a10"
          },
          "sensitive_attributes": [],
          "private": "eyJlMmJmYjczMC1lY2FhLTExZTYtOGY4OC0zNDM2M2JjN2M0YzAiOnsiY3JlYXRlIjo2MDAwMDAwMDAwMDAsImRlbGV0ZSI6NjAwMDAwMDAwMDAwLCJ1cGRhdGUiOjYwMDAwMDAwMDAwMH19",
          "dependencies": [
            "aws_subnet.private_subnets",
            "aws_vpc.main_vpc"
          ]
        },
        {
          "index_key": "ECR1",
          "schema_version": 0,
          "attributes": {
            "arn": "arn:aws:ec2:us-east-2:382376429664:vpc-endpoint/vpce-01c2e32ff2d3fb338",
            "auto_accept": null,
            "cidr_blocks": [],
            "dns_entry": [
              {
                "dns_name": "vpce-01c2e32ff2d3fb338-olzjmbxx.api.ecr.us-east-2.vpce.amazonaws.com",
                "hosted_zone_id": "ZC8PG0KIFKBRI"
              },
              {
                "dns_name": "vpce-01c2e32ff2d3fb338-olzjmbxx-us-east-2a.api.ecr.us-east-2.vpce.amazonaws.com",
                "hosted_zone_id": "ZC8PG0KIFKBRI"
              },
              {
                "dns_name": "vpce-01c2e32ff2d3fb338-olzjmbxx-us-east-2b.api.ecr.us-east-2.vpce.amazonaws.com",
                "hosted_zone_id": "ZC8PG0KIFKBRI"
              }
            ],
            "dns_options": [
              {
                "dns_record_ip_type": "ipv4"
              }
            ],
            "id": "vpce-01c2e32ff2d3fb338",
            "ip_address_type": "ipv4",
            "network_interface_ids": [
              "eni-0584c665e49902810",
              "eni-0d7ccbaf31076f593"
            ],
            "owner_id": "382376429664",
            "policy": "{\"Statement\":[{\"Action\":\"*\",\"Effect\":\"Allow\",\"Principal\":\"*\",\"Resource\":\"*\"}]}",
            "prefix_list_id": null,
            "private_dns_enabled": false,
            "requester_managed": false,
            "route_table_ids": [],
            "security_group_ids": [
              "sg-041903b2faee8ff00"
            ],
            "service_name": "com.amazonaws.us-east-2.ecr.api",
            "state": "available",
            "subnet_ids": [
              "subnet-0349f7d48b04662a3",
              "subnet-08083a96f521cbdc1"
            ],
            "tags": {},
            "tags_all": {},
            "timeouts": null,
            "vpc_endpoint_type": "Interface",
            "vpc_id": "vpc-05148aa56490f4a10"
          },
          "sensitive_attributes": [],
          "private": "eyJlMmJmYjczMC1lY2FhLTExZTYtOGY4OC0zNDM2M2JjN2M0YzAiOnsiY3JlYXRlIjo2MDAwMDAwMDAwMDAsImRlbGV0ZSI6NjAwMDAwMDAwMDAwLCJ1cGRhdGUiOjYwMDAwMDAwMDAwMH19",
          "dependencies": [
            "aws_subnet.private_subnets",
            "aws_vpc.main_vpc"
          ]
        },
        {
          "index_key": "ECR2",
          "schema_version": 0,
          "attributes": {
            "arn": "arn:aws:ec2:us-east-2:382376429664:vpc-endpoint/vpce-045b22a2a8693f668",
            "auto_accept": null,
            "cidr_blocks": [],
            "dns_entry": [
              {
                "dns_name": "vpce-045b22a2a8693f668-t6ewubqc.dkr.ecr.us-east-2.vpce.amazonaws.com",
                "hosted_zone_id": "ZC8PG0KIFKBRI"
              },
              {
                "dns_name": "vpce-045b22a2a8693f668-t6ewubqc-us-east-2b.dkr.ecr.us-east-2.vpce.amazonaws.com",
                "hosted_zone_id": "ZC8PG0KIFKBRI"
              },
              {
                "dns_name": "vpce-045b22a2a8693f668-t6ewubqc-us-east-2a.dkr.ecr.us-east-2.vpce.amazonaws.com",
                "hosted_zone_id": "ZC8PG0KIFKBRI"
              }
            ],
            "dns_options": [
              {
                "dns_record_ip_type": "ipv4"
              }
            ],
            "id": "vpce-045b22a2a8693f668",
            "ip_address_type": "ipv4",
            "network_interface_ids": [
              "eni-000d3be8bef0d8ea6",
              "eni-0351eb7e1aeaafa9e"
            ],
            "owner_id": "382376429664",
            "policy": "{\"Statement\":[{\"Action\":\"*\",\"Effect\":\"Allow\",\"Principal\":\"*\",\"Resource\":\"*\"}]}",
            "prefix_list_id": null,
            "private_dns_enabled": false,
            "requester_managed": false,
            "route_table_ids": [],
            "security_group_ids": [
              "sg-041903b2faee8ff00"
            ],
            "service_name": "com.amazonaws.us-east-2.ecr.dkr",
            "state": "available",
            "subnet_ids": [
              "subnet-0349f7d48b04662a3",
              "subnet-08083a96f521cbdc1"
            ],
            "tags": {},
            "tags_all": {},
            "timeouts": null,
            "vpc_endpoint_type": "Interface",
            "vpc_id": "vpc-05148aa56490f4a10"
          },
          "sensitive_attributes": [],
          "private": "eyJlMmJmYjczMC1lY2FhLTExZTYtOGY4OC0zNDM2M2JjN2M0YzAiOnsiY3JlYXRlIjo2MDAwMDAwMDAwMDAsImRlbGV0ZSI6NjAwMDAwMDAwMDAwLCJ1cGRhdGUiOjYwMDAwMDAwMDAwMH19",
          "dependencies": [
            "aws_subnet.private_subnets",
            "aws_vpc.main_vpc"
          ]
        },
        {
          "index_key": "ECS",
          "schema_version": 0,
          "attributes": {
            "arn": "arn:aws:ec2:us-east-2:382376429664:vpc-endpoint/vpce-0a6a4a6af3cab04c5",
            "auto_accept": null,
            "cidr_blocks": [],
            "dns_entry": [
              {
                "dns_name": "vpce-0a6a4a6af3cab04c5-zhnvoogl.ecs.us-east-2.vpce.amazonaws.com",
                "hosted_zone_id": "ZC8PG0KIFKBRI"
              },
              {
                "dns_name": "vpce-0a6a4a6af3cab04c5-zhnvoogl-us-east-2a.ecs.us-east-2.vpce.amazonaws.com",
                "hosted_zone_id": "ZC8PG0KIFKBRI"
              },
              {
                "dns_name": "vpce-0a6a4a6af3cab04c5-zhnvoogl-us-east-2b.ecs.us-east-2.vpce.amazonaws.com",
                "hosted_zone_id": "ZC8PG0KIFKBRI"
              }
            ],
            "dns_options": [
              {
                "dns_record_ip_type": "ipv4"
              }
            ],
            "id": "vpce-0a6a4a6af3cab04c5",
            "ip_address_type": "ipv4",
            "network_interface_ids": [
              "eni-018d470dd64132cc3",
              "eni-064055f3478242354"
            ],
            "owner_id": "382376429664",
            "policy": "{\"Statement\":[{\"Action\":\"*\",\"Effect\":\"Allow\",\"Principal\":\"*\",\"Resource\":\"*\"}]}",
            "prefix_list_id": null,
            "private_dns_enabled": false,
            "requester_managed": false,
            "route_table_ids": [],
            "security_group_ids": [
              "sg-041903b2faee8ff00"
            ],
            "service_name": "com.amazonaws.us-east-2.ecs",
            "state": "available",
            "subnet_ids": [
              "subnet-0349f7d48b04662a3",
              "subnet-08083a96f521cbdc1"
            ],
            "tags": {},
            "tags_all": {},
            "timeouts": null,
            "vpc_endpoint_type": "Interface",
            "vpc_id": "vpc-05148aa56490f4a10"
          },
          "sensitive_attributes": [],
          "private": "eyJlMmJmYjczMC1lY2FhLTExZTYtOGY4OC0zNDM2M2JjN2M0YzAiOnsiY3JlYXRlIjo2MDAwMDAwMDAwMDAsImRlbGV0ZSI6NjAwMDAwMDAwMDAwLCJ1cGRhdGUiOjYwMDAwMDAwMDAwMH19",
          "dependencies": [
            "aws_subnet.private_subnets",
            "aws_vpc.main_vpc"
          ]
        },
        {
          "index_key": "ECSAgent",
          "schema_version": 0,
          "attributes": {
            "arn": "arn:aws:ec2:us-east-2:382376429664:vpc-endpoint/vpce-004c0fc0b81d0ae58",
            "auto_accept": null,
            "cidr_blocks": [],
            "dns_entry": [
              {
                "dns_name": "vpce-004c0fc0b81d0ae58-q9tbbkzh.ecs-a.us-east-2.vpce.amazonaws.com",
                "hosted_zone_id": "ZC8PG0KIFKBRI"
              },
              {
                "dns_name": "vpce-004c0fc0b81d0ae58-q9tbbkzh-us-east-2b.ecs-a.us-east-2.vpce.amazonaws.com",
                "hosted_zone_id": "ZC8PG0KIFKBRI"
              },
              {
                "dns_name": "vpce-004c0fc0b81d0ae58-q9tbbkzh-us-east-2a.ecs-a.us-east-2.vpce.amazonaws.com",
                "hosted_zone_id": "ZC8PG0KIFKBRI"
              }
            ],
            "dns_options": [
              {
                "dns_record_ip_type": "ipv4"
              }
            ],
            "id": "vpce-004c0fc0b81d0ae58",
            "ip_address_type": "ipv4",
            "network_interface_ids": [
              "eni-05cd65018ec9239ca",
              "eni-097f2518ca4b0561d"
            ],
            "owner_id": "382376429664",
            "policy": "{\"Statement\":[{\"Action\":\"*\",\"Effect\":\"Allow\",\"Principal\":\"*\",\"Resource\":\"*\"}]}",
            "prefix_list_id": null,
            "private_dns_enabled": false,
            "requester_managed": false,
            "route_table_ids": [],
            "security_group_ids": [
              "sg-041903b2faee8ff00"
            ],
            "service_name": "com.amazonaws.us-east-2.ecs-agent",
            "state": "available",
            "subnet_ids": [
              "subnet-0349f7d48b04662a3",
              "subnet-08083a96f521cbdc1"
            ],
            "tags": {},
            "tags_all": {},
            "timeouts": null,
            "vpc_endpoint_type": "Interface",
            "vpc_id": "vpc-05148aa56490f4a10"
          },
          "sensitive_attributes": [],
          "private": "eyJlMmJmYjczMC1lY2FhLTExZTYtOGY4OC0zNDM2M2JjN2M0YzAiOnsiY3JlYXRlIjo2MDAwMDAwMDAwMDAsImRlbGV0ZSI6NjAwMDAwMDAwMDAwLCJ1cGRhdGUiOjYwMDAwMDAwMDAwMH19",
          "dependencies": [
            "aws_subnet.private_subnets",
            "aws_vpc.main_vpc"
          ]
        },
        {
          "index_key": "ECSTelemetry",
          "schema_version": 0,
          "attributes": {
            "arn": "arn:aws:ec2:us-east-2:382376429664:vpc-endpoint/vpce-0f53da64f2adcc8da",
            "auto_accept": null,
            "cidr_blocks": [],
            "dns_entry": [
              {
                "dns_name": "vpce-0f53da64f2adcc8da-y10xwqt4.ecs-t.us-east-2.vpce.amazonaws.com",
                "hosted_zone_id": "ZC8PG0KIFKBRI"
              },
              {
                "dns_name": "vpce-0f53da64f2adcc8da-y10xwqt4-us-east-2b.ecs-t.us-east-2.vpce.amazonaws.com",
                "hosted_zone_id": "ZC8PG0KIFKBRI"
              },
              {
                "dns_name": "vpce-0f53da64f2adcc8da-y10xwqt4-us-east-2a.ecs-t.us-east-2.vpce.amazonaws.com",
                "hosted_zone_id": "ZC8PG0KIFKBRI"
              }
            ],
            "dns_options": [
              {
                "dns_record_ip_type": "ipv4"
              }
            ],
            "id": "vpce-0f53da64f2adcc8da",
            "ip_address_type": "ipv4",
            "network_interface_ids": [
              "eni-06caf260417f5f99b",
              "eni-07345fac0bd6efb8d"
            ],
            "owner_id": "382376429664",
            "policy": "{\"Statement\":[{\"Action\":\"*\",\"Effect\":\"Allow\",\"Principal\":\"*\",\"Resource\":\"*\"}]}",
            "prefix_list_id": null,
            "private_dns_enabled": false,
            "requester_managed": false,
            "route_table_ids": [],
            "security_group_ids": [
              "sg-041903b2faee8ff00"
            ],
            "service_name": "com.amazonaws.us-east-2.ecs-telemetry",
            "state": "available",
            "subnet_ids": [
              "subnet-0349f7d48b04662a3",
              "subnet-08083a96f521cbdc1"
            ],
            "tags": {},
            "tags_all": {},
            "timeouts": null,
            "vpc_endpoint_type": "Interface",
            "vpc_id": "vpc-05148aa56490f4a10"
          },
          "sensitive_attributes": [],
          "private": "eyJlMmJmYjczMC1lY2FhLTExZTYtOGY4OC0zNDM2M2JjN2M0YzAiOnsiY3JlYXRlIjo2MDAwMDAwMDAwMDAsImRlbGV0ZSI6NjAwMDAwMDAwMDAwLCJ1cGRhdGUiOjYwMDAwMDAwMDAwMH19",
          "dependencies": [
            "aws_subnet.private_subnets",
            "aws_vpc.main_vpc"
          ]
        }
      ]
    },
    {
      "module": "module.dynamodb-lookup-cache",
      "mode": "data",
      "type": "archive_file",
      "name": "fetchstoreinfo-payload",
      "provider": "provider[\"registry.terraform.io/hashicorp/archive\"]",
      "instances": [
        {
          "schema_version": 0,
          "attributes": {
            "excludes": null,
            "id": "cbd4e132445f37ee05c079ab36e1a338d96ec915",
            "output_base64sha256": "H/BdNSTMHKNU0+6esSWRWG/BOror352NrHSOJdHXaP0=",
            "output_file_mode": null,
            "output_md5": "2c46fe67c193202e324b617892468b61",
            "output_path": "modules/aws-dynamodb-cache-lookup/lambda/fetch_store_info/fetch_store_info_payload.zip",
            "output_sha": "cbd4e132445f37ee05c079ab36e1a338d96ec915",
            "output_size": 2278,
            "source": [],
            "source_content": null,
            "source_content_filename": null,
            "source_dir": null,
            "source_file": "modules/aws-dynamodb-cache-lookup/lambda/fetch_store_info/index.js",
            "type": "zip"
          },
          "sensitive_attributes": []
        }
      ]
    },
    {
      "module": "module.dynamodb-lookup-cache",
      "mode": "data",
      "type": "archive_file",
      "name": "getappdetails-payload",
      "provider": "provider[\"registry.terraform.io/hashicorp/archive\"]",
      "instances": [
        {
          "schema_version": 0,
          "attributes": {
            "excludes": null,
            "id": "e994c2daed21553179d510dc317ba033bfba6980",
            "output_base64sha256": "gmny7N3Sjk6NM/c87e/pH5BLxJzATkeavIid+bt06Ws=",
            "output_file_mode": null,
            "output_md5": "ecbad2e4ce2855293bfcefd57d167681",
            "output_path": "modules/aws-dynamodb-cache-lookup/lambda/get_app_details/get_app_details_payload.zip",
            "output_sha": "e994c2daed21553179d510dc317ba033bfba6980",
            "output_size": 2941,
            "source": [],
            "source_content": null,
            "source_content_filename": null,
            "source_dir": null,
            "source_file": "modules/aws-dynamodb-cache-lookup/lambda/get_app_details/index.js",
            "type": "zip"
          },
          "sensitive_attributes": []
        }
      ]
    },
    {
      "module": "module.dynamodb-lookup-cache",
      "mode": "data",
      "type": "archive_file",
      "name": "writetocache-payload",
      "provider": "provider[\"registry.terraform.io/hashicorp/archive\"]",
      "instances": [
        {
          "schema_version": 0,
          "attributes": {
            "excludes": null,
            "id": "b6efdc280dbc37f815f27adba2bfefdc6e7bb7bb",
            "output_base64sha256": "4t6F8MfA7jPnK2D+Nh1IJN3lG8IrTZJ37Q/Nkr7JCqo=",
            "output_file_mode": null,
            "output_md5": "3d1f66163c6e2a5c741eb318022f84f1",
            "output_path": "modules/aws-dynamodb-cache-lookup/lambda/write_to_cache/write_to_cache_payload.zip",
            "output_sha": "b6efdc280dbc37f815f27adba2bfefdc6e7bb7bb",
            "output_size": 1053,
            "source": [],
            "source_content": null,
            "source_content_filename": null,
            "source_dir": null,
            "source_file": "modules/aws-dynamodb-cache-lookup/lambda/write_to_cache/index.js",
            "type": "zip"
          },
          "sensitive_attributes": []
        }
      ]
    },
    {
      "module": "module.dynamodb-lookup-cache",
      "mode": "data",
      "type": "aws_iam_policy",
      "name": "APIGateway-LoggingRole",
      "provider": "provider[\"registry.terraform.io/hashicorp/aws\"]",
      "instances": [
        {
          "schema_version": 0,
          "attributes": {
            "arn": "arn:aws:iam::aws:policy/service-role/AmazonAPIGatewayPushToCloudWatchLogs",
            "description": "Allows API Gateway to push logs to user's account.",
            "id": "arn:aws:iam::aws:policy/service-role/AmazonAPIGatewayPushToCloudWatchLogs",
            "name": "AmazonAPIGatewayPushToCloudWatchLogs",
            "path": "/service-role/",
            "path_prefix": null,
            "policy": "{\n    \"Version\": \"2012-10-17\",\n    \"Statement\": [\n        {\n            \"Effect\": \"Allow\",\n            \"Action\": [\n                \"logs:CreateLogGroup\",\n                \"logs:CreateLogStream\",\n                \"logs:DescribeLogGroups\",\n                \"logs:DescribeLogStreams\",\n                \"logs:PutLogEvents\",\n                \"logs:GetLogEvents\",\n                \"logs:FilterLogEvents\"\n            ],\n            \"Resource\": \"*\"\n        }\n    ]\n}",
            "policy_id": "ANPAIK4GFO7HLKYN64ASK",
            "tags": {}
          },
          "sensitive_attributes": []
        }
      ]
    },
    {
      "module": "module.dynamodb-lookup-cache",
      "mode": "data",
      "type": "aws_s3_object",
      "name": "fetchstoreinfo_config_file",
      "provider": "provider[\"registry.terraform.io/hashicorp/aws\"]",
      "instances": [
        {
          "schema_version": 0,
          "attributes": {
            "body": "{\r\n  \"search_url_base\": \"https://store.steampowered.com/app/\",\r\n  \"search_strings\": [\r\n    \"Online Co-Op\",\r\n    \"Online PvP\",\r\n    \"LAN Co-Op\",\r\n    \"LAN PvP\"\r\n  ]\r\n}\r\n",
            "bucket": "aws-dynamodb-cache-lookup-bucket",
            "bucket_key_enabled": false,
            "cache_control": "",
            "content_disposition": "",
            "content_encoding": "",
            "content_language": "",
            "content_length": 168,
            "content_type": "text/plain",
            "etag": "21174ebaf25f711978a8d72db192622b",
            "expiration": "",
            "expires": "",
            "id": "aws-dynamodb-cache-lookup-bucket/config/lambda/fetch_store_info/config.json",
            "key": "config/lambda/fetch_store_info/config.json",
            "last_modified": "Mon, 22 May 2023 22:10:32 UTC",
            "metadata": {},
            "object_lock_legal_hold_status": "",
            "object_lock_mode": "",
            "object_lock_retain_until_date": "",
            "range": null,
            "server_side_encryption": "AES256",
            "sse_kms_key_id": "",
            "storage_class": "STANDARD",
            "tags": {},
            "version_id": "",
            "website_redirect_location": ""
          },
          "sensitive_attributes": []
        }
      ]
    },
    {
      "module": "module.dynamodb-lookup-cache",
      "mode": "managed",
      "type": "aws_api_gateway_deployment",
      "name": "deployment",
      "provider": "provider[\"registry.terraform.io/hashicorp/aws\"]",
      "instances": [
        {
          "schema_version": 0,
          "attributes": {
            "created_date": "2023-05-22T22:11:05Z",
            "description": "",
            "execution_arn": "arn:aws:execute-api:us-east-2:382376429664:ypxtdlbo5a/test",
            "id": "l2xi63",
            "invoke_url": "https://ypxtdlbo5a.execute-api.us-east-2.amazonaws.com/test",
            "rest_api_id": "ypxtdlbo5a",
            "stage_description": null,
            "stage_name": "test",
            "triggers": null,
            "variables": null
          },
          "sensitive_attributes": [],
          "private": "bnVsbA==",
          "dependencies": [
            "module.dynamodb-lookup-cache.aws_api_gateway_integration.lambda",
            "module.dynamodb-lookup-cache.aws_api_gateway_method.proxy",
            "module.dynamodb-lookup-cache.aws_api_gateway_resource.proxy",
            "module.dynamodb-lookup-cache.aws_api_gateway_rest_api.api_gateway",
            "module.dynamodb-lookup-cache.aws_iam_role.Lambda-FetchStoreInfo-Role",
            "module.dynamodb-lookup-cache.aws_iam_role.Lambda-GetAppDetails-Role",
            "module.dynamodb-lookup-cache.aws_iam_role.Lambda-WriteToCache-Role",
            "module.dynamodb-lookup-cache.aws_lambda_function.dynamodb-lookup",
            "module.dynamodb-lookup-cache.aws_lambda_function.fetch-store-info",
            "module.dynamodb-lookup-cache.aws_lambda_function.write-to-cache",
            "module.dynamodb-lookup-cache.aws_lambda_layer_version.jsdom_layer",
            "module.dynamodb-lookup-cache.aws_s3_bucket.aws-dynamodb-cache-lookup-s3",
            "module.dynamodb-lookup-cache.aws_s3_object.fetchstoreinfo-payload-upload",
            "module.dynamodb-lookup-cache.aws_s3_object.fetchstoreinfo_config_object",
            "module.dynamodb-lookup-cache.aws_s3_object.getappdetails-payload-upload",
            "module.dynamodb-lookup-cache.aws_s3_object.writetocache-payload-upload",
            "module.dynamodb-lookup-cache.data.archive_file.fetchstoreinfo-payload",
            "module.dynamodb-lookup-cache.data.archive_file.getappdetails-payload",
            "module.dynamodb-lookup-cache.data.archive_file.writetocache-payload",
            "module.dynamodb-lookup-cache.data.aws_s3_object.fetchstoreinfo_config_file"
          ]
        }
      ]
    },
    {
      "module": "module.dynamodb-lookup-cache",
      "mode": "managed",
      "type": "aws_api_gateway_integration",
      "name": "lambda",
      "provider": "provider[\"registry.terraform.io/hashicorp/aws\"]",
      "instances": [
        {
          "schema_version": 0,
          "attributes": {
            "cache_key_parameters": [],
            "cache_namespace": "6kewc5",
            "connection_id": "",
            "connection_type": "INTERNET",
            "content_handling": "",
            "credentials": "",
            "http_method": "POST",
            "id": "agi-ypxtdlbo5a-6kewc5-POST",
            "integration_http_method": "POST",
            "passthrough_behavior": "WHEN_NO_MATCH",
            "request_parameters": {},
            "request_templates": {},
            "resource_id": "6kewc5",
            "rest_api_id": "ypxtdlbo5a",
            "timeout_milliseconds": 29000,
            "tls_config": [],
            "type": "AWS_PROXY",
            "uri": "arn:aws:apigateway:us-east-2:lambda:path/2015-03-31/functions/arn:aws:lambda:us-east-2:382376429664:function:getAppDetails/invocations"
          },
          "sensitive_attributes": [],
          "private": "bnVsbA==",
          "dependencies": [
            "module.dynamodb-lookup-cache.aws_api_gateway_method.proxy",
            "module.dynamodb-lookup-cache.aws_api_gateway_resource.proxy",
            "module.dynamodb-lookup-cache.aws_api_gateway_rest_api.api_gateway",
            "module.dynamodb-lookup-cache.aws_iam_role.Lambda-FetchStoreInfo-Role",
            "module.dynamodb-lookup-cache.aws_iam_role.Lambda-GetAppDetails-Role",
            "module.dynamodb-lookup-cache.aws_iam_role.Lambda-WriteToCache-Role",
            "module.dynamodb-lookup-cache.aws_lambda_function.dynamodb-lookup",
            "module.dynamodb-lookup-cache.aws_lambda_function.fetch-store-info",
            "module.dynamodb-lookup-cache.aws_lambda_function.write-to-cache",
            "module.dynamodb-lookup-cache.aws_lambda_layer_version.jsdom_layer",
            "module.dynamodb-lookup-cache.aws_s3_bucket.aws-dynamodb-cache-lookup-s3",
            "module.dynamodb-lookup-cache.aws_s3_object.fetchstoreinfo-payload-upload",
            "module.dynamodb-lookup-cache.aws_s3_object.fetchstoreinfo_config_object",
            "module.dynamodb-lookup-cache.aws_s3_object.getappdetails-payload-upload",
            "module.dynamodb-lookup-cache.aws_s3_object.writetocache-payload-upload",
            "module.dynamodb-lookup-cache.data.archive_file.fetchstoreinfo-payload",
            "module.dynamodb-lookup-cache.data.archive_file.getappdetails-payload",
            "module.dynamodb-lookup-cache.data.archive_file.writetocache-payload",
            "module.dynamodb-lookup-cache.data.aws_s3_object.fetchstoreinfo_config_file"
          ]
        }
      ]
    },
    {
      "module": "module.dynamodb-lookup-cache",
      "mode": "managed",
      "type": "aws_api_gateway_method",
      "name": "proxy",
      "provider": "provider[\"registry.terraform.io/hashicorp/aws\"]",
      "instances": [
        {
          "schema_version": 0,
          "attributes": {
            "api_key_required": false,
            "authorization": "NONE",
            "authorization_scopes": [],
            "authorizer_id": "",
            "http_method": "POST",
            "id": "agm-ypxtdlbo5a-6kewc5-POST",
            "operation_name": "",
            "request_models": {},
            "request_parameters": {},
            "request_validator_id": "",
            "resource_id": "6kewc5",
            "rest_api_id": "ypxtdlbo5a"
          },
          "sensitive_attributes": [],
          "private": "bnVsbA==",
          "dependencies": [
            "module.dynamodb-lookup-cache.aws_api_gateway_resource.proxy",
            "module.dynamodb-lookup-cache.aws_api_gateway_rest_api.api_gateway"
          ]
        }
      ]
    },
    {
      "module": "module.dynamodb-lookup-cache",
      "mode": "managed",
      "type": "aws_api_gateway_resource",
      "name": "proxy",
      "provider": "provider[\"registry.terraform.io/hashicorp/aws\"]",
      "instances": [
        {
          "schema_version": 0,
          "attributes": {
            "id": "6kewc5",
            "parent_id": "035ptogfe0",
            "path": "/getAppDetails",
            "path_part": "getAppDetails",
            "rest_api_id": "ypxtdlbo5a"
          },
          "sensitive_attributes": [],
          "private": "bnVsbA==",
          "dependencies": [
            "module.dynamodb-lookup-cache.aws_api_gateway_rest_api.api_gateway"
          ]
        }
      ]
    },
    {
      "module": "module.dynamodb-lookup-cache",
      "mode": "managed",
      "type": "aws_api_gateway_rest_api",
      "name": "api_gateway",
      "provider": "provider[\"registry.terraform.io/hashicorp/aws\"]",
      "instances": [
        {
          "schema_version": 0,
          "attributes": {
            "api_key_source": "HEADER",
            "arn": "arn:aws:apigateway:us-east-2::/restapis/ypxtdlbo5a",
            "binary_media_types": [],
            "body": null,
            "created_date": "2023-05-22T22:10:30Z",
            "description": "API to get Steam App details (multiplayer support) from DynamoDB",
            "disable_execute_api_endpoint": false,
            "endpoint_configuration": [
              {
                "types": [
                  "EDGE"
                ],
                "vpc_endpoint_ids": []
              }
            ],
            "execution_arn": "arn:aws:execute-api:us-east-2:382376429664:ypxtdlbo5a",
            "id": "ypxtdlbo5a",
            "minimum_compression_size": -1,
            "name": "GetAppDetails",
            "parameters": null,
            "policy": "",
            "put_rest_api_mode": null,
            "root_resource_id": "035ptogfe0",
            "tags": {},
            "tags_all": {}
          },
          "sensitive_attributes": [],
          "private": "bnVsbA=="
        }
      ]
    },
    {
      "module": "module.dynamodb-lookup-cache",
      "mode": "managed",
      "type": "aws_dynamodb_table",
      "name": "dynamodb-instance",
      "provider": "provider[\"registry.terraform.io/hashicorp/aws\"]",
      "instances": [
        {
          "schema_version": 1,
          "attributes": {
            "arn": "arn:aws:dynamodb:us-east-2:382376429664:table/dynamodb-lookup-cache-22052023",
            "attribute": [
              {
                "name": "app_id",
                "type": "S"
              }
            ],
            "billing_mode": "PROVISIONED",
            "deletion_protection_enabled": false,
            "global_secondary_index": [],
            "hash_key": "app_id",
            "id": "dynamodb-lookup-cache-22052023",
            "local_secondary_index": [],
            "name": "dynamodb-lookup-cache-22052023",
            "point_in_time_recovery": [
              {
                "enabled": false
              }
            ],
            "range_key": null,
            "read_capacity": 1,
            "replica": [],
            "restore_date_time": null,
            "restore_source_name": null,
            "restore_to_latest_time": null,
            "server_side_encryption": [],
            "stream_arn": "",
            "stream_enabled": false,
            "stream_label": "",
            "stream_view_type": "",
            "table_class": "STANDARD",
            "tags": {},
            "tags_all": {},
            "timeouts": null,
            "ttl": [
              {
                "attribute_name": "",
                "enabled": false
              }
            ],
            "write_capacity": 1
          },
          "sensitive_attributes": [],
          "private": "eyJlMmJmYjczMC1lY2FhLTExZTYtOGY4OC0zNDM2M2JjN2M0YzAiOnsiY3JlYXRlIjoxODAwMDAwMDAwMDAwLCJkZWxldGUiOjYwMDAwMDAwMDAwMCwidXBkYXRlIjozNjAwMDAwMDAwMDAwfSwic2NoZW1hX3ZlcnNpb24iOiIxIn0="
        }
      ]
    },
    {
      "module": "module.dynamodb-lookup-cache",
      "mode": "managed",
      "type": "aws_iam_policy",
      "name": "Lambda-FetchStoreInfo-Policy",
      "provider": "provider[\"registry.terraform.io/hashicorp/aws\"]",
      "instances": [
        {
          "schema_version": 0,
          "attributes": {
            "arn": "arn:aws:iam::382376429664:policy/Lambda-LoggingOnly",
            "description": "Policy that only allows logging for lambda functions",
            "id": "arn:aws:iam::382376429664:policy/Lambda-LoggingOnly",
            "name": "Lambda-LoggingOnly",
            "name_prefix": null,
            "path": "/",
            "policy": "{\"Statement\":[{\"Action\":[\"logs:CreateLogStream\",\"logs:CreateLogGroup\",\"logs:PutLogEvents\"],\"Effect\":\"Allow\",\"Resource\":[\"arn:aws:logs:us-east-2:382376429664:log-group:/aws/lambda/fetchStoreInfo:*\"]}],\"Version\":\"2012-10-17\"}",
            "policy_id": "ANPAVSB3JJBQPZFDIZ5SL",
            "tags": {},
            "tags_all": {}
          },
          "sensitive_attributes": [],
          "private": "bnVsbA==",
          "dependencies": [
            "data.aws_caller_identity.current",
            "module.dynamodb-lookup-cache.aws_iam_role.Lambda-FetchStoreInfo-Role",
            "module.dynamodb-lookup-cache.aws_lambda_function.fetch-store-info",
            "module.dynamodb-lookup-cache.aws_lambda_layer_version.jsdom_layer",
            "module.dynamodb-lookup-cache.aws_s3_bucket.aws-dynamodb-cache-lookup-s3",
            "module.dynamodb-lookup-cache.aws_s3_object.fetchstoreinfo-payload-upload",
            "module.dynamodb-lookup-cache.aws_s3_object.fetchstoreinfo_config_object",
            "module.dynamodb-lookup-cache.data.archive_file.fetchstoreinfo-payload",
            "module.dynamodb-lookup-cache.data.aws_s3_object.fetchstoreinfo_config_file"
          ]
        }
      ]
    },
    {
      "module": "module.dynamodb-lookup-cache",
      "mode": "managed",
      "type": "aws_iam_policy",
      "name": "Lambda-GetAppDetails-Policy",
      "provider": "provider[\"registry.terraform.io/hashicorp/aws\"]",
      "instances": [
        {
          "schema_version": 0,
          "attributes": {
            "arn": "arn:aws:iam::382376429664:policy/Lambda-DynamoReadLambdaInvoke",
            "description": "Lambda Access to Read to DynamoDB, log, and invoke lambda",
            "id": "arn:aws:iam::382376429664:policy/Lambda-DynamoReadLambdaInvoke",
            "name": "Lambda-DynamoReadLambdaInvoke",
            "name_prefix": null,
            "path": "/",
            "policy": "{\"Statement\":[{\"Action\":[\"dynamodb:BatchGetItem\",\"dynamodb:Query\",\"dynamodb:Scan\",\"lambda:InvokeFunction\",\"logs:CreateLogStream\",\"logs:CreateLogGroup\",\"logs:PutLogEvents\"],\"Effect\":\"Allow\",\"Resource\":[\"arn:aws:dynamodb:us-east-2:382376429664:table/dynamodb-lookup-cache-23052023\",\"arn:aws:logs:us-east-2:382376429664:log-group:/aws/lambda/getAppDetails:*\",\"arn:aws:lambda:us-east-2:382376429664:function:fetchStoreInfo\",\"arn:aws:lambda:us-east-2:382376429664:function:writeToCache\"]}],\"Version\":\"2012-10-17\"}",
            "policy_id": "ANPAVSB3JJBQAMRE5VAL3",
            "tags": {},
            "tags_all": {}
          },
          "sensitive_attributes": [],
          "private": "bnVsbA==",
          "dependencies": [
            "data.aws_caller_identity.current",
            "module.dynamodb-lookup-cache.aws_iam_role.Lambda-FetchStoreInfo-Role",
            "module.dynamodb-lookup-cache.aws_iam_role.Lambda-GetAppDetails-Role",
            "module.dynamodb-lookup-cache.aws_iam_role.Lambda-WriteToCache-Role",
            "module.dynamodb-lookup-cache.aws_lambda_function.dynamodb-lookup",
            "module.dynamodb-lookup-cache.aws_lambda_function.fetch-store-info",
            "module.dynamodb-lookup-cache.aws_lambda_function.write-to-cache",
            "module.dynamodb-lookup-cache.aws_lambda_layer_version.jsdom_layer",
            "module.dynamodb-lookup-cache.aws_s3_bucket.aws-dynamodb-cache-lookup-s3",
            "module.dynamodb-lookup-cache.aws_s3_object.fetchstoreinfo-payload-upload",
            "module.dynamodb-lookup-cache.aws_s3_object.fetchstoreinfo_config_object",
            "module.dynamodb-lookup-cache.aws_s3_object.getappdetails-payload-upload",
            "module.dynamodb-lookup-cache.aws_s3_object.writetocache-payload-upload",
            "module.dynamodb-lookup-cache.data.archive_file.fetchstoreinfo-payload",
            "module.dynamodb-lookup-cache.data.archive_file.getappdetails-payload",
            "module.dynamodb-lookup-cache.data.archive_file.writetocache-payload",
            "module.dynamodb-lookup-cache.data.aws_s3_object.fetchstoreinfo_config_file"
          ]
        }
      ]
    },
    {
      "module": "module.dynamodb-lookup-cache",
      "mode": "managed",
      "type": "aws_iam_policy",
      "name": "Lambda-WriteToCache-Policy",
      "provider": "provider[\"registry.terraform.io/hashicorp/aws\"]",
      "instances": [
        {
          "schema_version": 0,
          "attributes": {
            "arn": "arn:aws:iam::382376429664:policy/Lambda-DynamoWrite",
            "description": "Lambda Access to Write to DynamoDB, log",
            "id": "arn:aws:iam::382376429664:policy/Lambda-DynamoWrite",
            "name": "Lambda-DynamoWrite",
            "name_prefix": null,
            "path": "/",
            "policy": "{\"Statement\":[{\"Action\":[\"dynamodb:BatchWriteItem\",\"logs:CreateLogStream\",\"logs:CreateLogGroup\",\"logs:PutLogEvents\"],\"Effect\":\"Allow\",\"Resource\":[\"arn:aws:dynamodb:us-east-2:382376429664:table/dynamodb-lookup-cache-23052023\",\"arn:aws:logs:us-east-2:382376429664:log-group:/aws/lambda/writeToCache:*\"]}],\"Version\":\"2012-10-17\"}",
            "policy_id": "ANPAVSB3JJBQNFWK3YGMP",
            "tags": {},
            "tags_all": {}
          },
          "sensitive_attributes": [],
          "private": "bnVsbA==",
          "dependencies": [
            "data.aws_caller_identity.current",
            "module.dynamodb-lookup-cache.aws_iam_role.Lambda-WriteToCache-Role",
            "module.dynamodb-lookup-cache.aws_lambda_function.write-to-cache",
            "module.dynamodb-lookup-cache.aws_s3_bucket.aws-dynamodb-cache-lookup-s3",
            "module.dynamodb-lookup-cache.aws_s3_object.writetocache-payload-upload",
            "module.dynamodb-lookup-cache.data.archive_file.writetocache-payload"
          ]
        }
      ]
    },
    {
      "module": "module.dynamodb-lookup-cache",
      "mode": "managed",
      "type": "aws_iam_role",
      "name": "Lambda-FetchStoreInfo-Role",
      "provider": "provider[\"registry.terraform.io/hashicorp/aws\"]",
      "instances": [
        {
          "schema_version": 0,
          "attributes": {
            "arn": "arn:aws:iam::382376429664:role/Lambda-FetchStoreInfo",
            "assume_role_policy": "{\"Statement\":[{\"Action\":\"sts:AssumeRole\",\"Effect\":\"Allow\",\"Principal\":{\"Service\":\"lambda.amazonaws.com\"},\"Sid\":\"\"}],\"Version\":\"2012-10-17\"}",
            "create_date": "2023-05-22T22:10:30Z",
            "description": "",
            "force_detach_policies": false,
            "id": "Lambda-FetchStoreInfo",
            "inline_policy": [],
            "managed_policy_arns": [
              "arn:aws:iam::382376429664:policy/Lambda-LoggingOnly"
            ],
            "max_session_duration": 3600,
            "name": "Lambda-FetchStoreInfo",
            "name_prefix": "",
            "path": "/",
            "permissions_boundary": null,
            "tags": {},
            "tags_all": {},
            "unique_id": "AROAVSB3JJBQNTBATDDU4"
          },
          "sensitive_attributes": [],
          "private": "bnVsbA=="
        }
      ]
    },
    {
      "module": "module.dynamodb-lookup-cache",
      "mode": "managed",
      "type": "aws_iam_role",
      "name": "Lambda-GetAppDetails-Role",
      "provider": "provider[\"registry.terraform.io/hashicorp/aws\"]",
      "instances": [
        {
          "schema_version": 0,
          "attributes": {
            "arn": "arn:aws:iam::382376429664:role/Lambda-GetAppDetails",
            "assume_role_policy": "{\"Statement\":[{\"Action\":\"sts:AssumeRole\",\"Effect\":\"Allow\",\"Principal\":{\"Service\":\"lambda.amazonaws.com\"},\"Sid\":\"\"}],\"Version\":\"2012-10-17\"}",
            "create_date": "2023-05-22T22:10:30Z",
            "description": "",
            "force_detach_policies": false,
            "id": "Lambda-GetAppDetails",
            "inline_policy": [],
            "managed_policy_arns": [
              "arn:aws:iam::382376429664:policy/Lambda-DynamoReadLambdaInvoke"
            ],
            "max_session_duration": 3600,
            "name": "Lambda-GetAppDetails",
            "name_prefix": "",
            "path": "/",
            "permissions_boundary": null,
            "tags": {},
            "tags_all": {},
            "unique_id": "AROAVSB3JJBQLZIZZU2NZ"
          },
          "sensitive_attributes": [],
          "private": "bnVsbA=="
        }
      ]
    },
    {
      "module": "module.dynamodb-lookup-cache",
      "mode": "managed",
      "type": "aws_iam_role",
      "name": "Lambda-WriteToCache-Role",
      "provider": "provider[\"registry.terraform.io/hashicorp/aws\"]",
      "instances": [
        {
          "schema_version": 0,
          "attributes": {
            "arn": "arn:aws:iam::382376429664:role/Lambda-WriteToCache",
            "assume_role_policy": "{\"Statement\":[{\"Action\":\"sts:AssumeRole\",\"Effect\":\"Allow\",\"Principal\":{\"Service\":\"lambda.amazonaws.com\"},\"Sid\":\"\"}],\"Version\":\"2012-10-17\"}",
            "create_date": "2023-05-22T22:10:30Z",
            "description": "",
            "force_detach_policies": false,
            "id": "Lambda-WriteToCache",
            "inline_policy": [],
            "managed_policy_arns": [
              "arn:aws:iam::382376429664:policy/Lambda-DynamoWrite"
            ],
            "max_session_duration": 3600,
            "name": "Lambda-WriteToCache",
            "name_prefix": "",
            "path": "/",
            "permissions_boundary": null,
            "tags": {},
            "tags_all": {},
            "unique_id": "AROAVSB3JJBQITNKF7TXU"
          },
          "sensitive_attributes": [],
          "private": "bnVsbA=="
        }
      ]
    },
    {
      "module": "module.dynamodb-lookup-cache",
      "mode": "managed",
      "type": "aws_iam_role_policy_attachment",
      "name": "Lambda-FetchStoreInfo-PolicyAttachment",
      "provider": "provider[\"registry.terraform.io/hashicorp/aws\"]",
      "instances": [
        {
          "schema_version": 0,
          "attributes": {
            "id": "Lambda-FetchStoreInfo-2023052222110328310000000e",
            "policy_arn": "arn:aws:iam::382376429664:policy/Lambda-LoggingOnly",
            "role": "Lambda-FetchStoreInfo"
          },
          "sensitive_attributes": [],
          "private": "bnVsbA==",
          "dependencies": [
            "data.aws_caller_identity.current",
            "module.dynamodb-lookup-cache.aws_iam_policy.Lambda-FetchStoreInfo-Policy",
            "module.dynamodb-lookup-cache.aws_iam_role.Lambda-FetchStoreInfo-Role",
            "module.dynamodb-lookup-cache.aws_lambda_function.fetch-store-info",
            "module.dynamodb-lookup-cache.aws_lambda_layer_version.jsdom_layer",
            "module.dynamodb-lookup-cache.aws_s3_bucket.aws-dynamodb-cache-lookup-s3",
            "module.dynamodb-lookup-cache.aws_s3_object.fetchstoreinfo-payload-upload",
            "module.dynamodb-lookup-cache.aws_s3_object.fetchstoreinfo_config_object",
            "module.dynamodb-lookup-cache.data.archive_file.fetchstoreinfo-payload",
            "module.dynamodb-lookup-cache.data.aws_s3_object.fetchstoreinfo_config_file"
          ]
        }
      ]
    },
    {
      "module": "module.dynamodb-lookup-cache",
      "mode": "managed",
      "type": "aws_iam_role_policy_attachment",
      "name": "Lambda-GetAppDetails-PolicyAttachment",
      "provider": "provider[\"registry.terraform.io/hashicorp/aws\"]",
      "instances": [
        {
          "schema_version": 0,
          "attributes": {
            "id": "Lambda-GetAppDetails-20230522221105742800000010",
            "policy_arn": "arn:aws:iam::382376429664:policy/Lambda-DynamoReadLambdaInvoke",
            "role": "Lambda-GetAppDetails"
          },
          "sensitive_attributes": [],
          "private": "bnVsbA==",
          "dependencies": [
            "data.aws_caller_identity.current",
            "module.dynamodb-lookup-cache.aws_iam_policy.Lambda-GetAppDetails-Policy",
            "module.dynamodb-lookup-cache.aws_iam_role.Lambda-FetchStoreInfo-Role",
            "module.dynamodb-lookup-cache.aws_iam_role.Lambda-GetAppDetails-Role",
            "module.dynamodb-lookup-cache.aws_iam_role.Lambda-WriteToCache-Role",
            "module.dynamodb-lookup-cache.aws_lambda_function.dynamodb-lookup",
            "module.dynamodb-lookup-cache.aws_lambda_function.fetch-store-info",
            "module.dynamodb-lookup-cache.aws_lambda_function.write-to-cache",
            "module.dynamodb-lookup-cache.aws_lambda_layer_version.jsdom_layer",
            "module.dynamodb-lookup-cache.aws_s3_bucket.aws-dynamodb-cache-lookup-s3",
            "module.dynamodb-lookup-cache.aws_s3_object.fetchstoreinfo-payload-upload",
            "module.dynamodb-lookup-cache.aws_s3_object.fetchstoreinfo_config_object",
            "module.dynamodb-lookup-cache.aws_s3_object.getappdetails-payload-upload",
            "module.dynamodb-lookup-cache.aws_s3_object.writetocache-payload-upload",
            "module.dynamodb-lookup-cache.data.archive_file.fetchstoreinfo-payload",
            "module.dynamodb-lookup-cache.data.archive_file.getappdetails-payload",
            "module.dynamodb-lookup-cache.data.archive_file.writetocache-payload",
            "module.dynamodb-lookup-cache.data.aws_s3_object.fetchstoreinfo_config_file"
          ]
        }
      ]
    },
    {
      "module": "module.dynamodb-lookup-cache",
      "mode": "managed",
      "type": "aws_iam_role_policy_attachment",
      "name": "Lambda-WriteToCache-PolicyAttachment",
      "provider": "provider[\"registry.terraform.io/hashicorp/aws\"]",
      "instances": [
        {
          "schema_version": 0,
          "attributes": {
            "id": "Lambda-WriteToCache-2023052222110307840000000d",
            "policy_arn": "arn:aws:iam::382376429664:policy/Lambda-DynamoWrite",
            "role": "Lambda-WriteToCache"
          },
          "sensitive_attributes": [],
          "private": "bnVsbA==",
          "dependencies": [
            "data.aws_caller_identity.current",
            "module.dynamodb-lookup-cache.aws_iam_policy.Lambda-WriteToCache-Policy",
            "module.dynamodb-lookup-cache.aws_iam_role.Lambda-WriteToCache-Role",
            "module.dynamodb-lookup-cache.aws_lambda_function.write-to-cache",
            "module.dynamodb-lookup-cache.aws_s3_bucket.aws-dynamodb-cache-lookup-s3",
            "module.dynamodb-lookup-cache.aws_s3_object.writetocache-payload-upload",
            "module.dynamodb-lookup-cache.data.archive_file.writetocache-payload"
          ]
        }
      ]
    },
    {
      "module": "module.dynamodb-lookup-cache",
      "mode": "managed",
      "type": "aws_lambda_function",
      "name": "dynamodb-lookup",
      "provider": "provider[\"registry.terraform.io/hashicorp/aws\"]",
      "instances": [
        {
          "schema_version": 0,
          "attributes": {
            "architectures": [
              "x86_64"
            ],
            "arn": "arn:aws:lambda:us-east-2:382376429664:function:getAppDetails",
            "code_signing_config_arn": "",
            "dead_letter_config": [],
            "description": "",
            "environment": [
              {
                "variables": {
                  "aws_region": "us-east-2",
                  "dynamoEndpoint": "https://dynamodb.us-east-2.amazonaws.com",
                  "fetchStoreInfoFunctionName": "fetchStoreInfo",
                  "lambdaEndpoint": "https://lambda.us-east-2.amazonaws.com",
                  "primaryKeyName": "app_id",
                  "primaryKeyType": "S",
                  "tableName": "dynamodb-lookup-cache-23052023",
                  "writeToCacheFunctionName": "writeToCache"
                }
              }
            ],
            "ephemeral_storage": [
              {
                "size": 512
              }
            ],
            "file_system_config": [],
            "filename": null,
            "function_name": "getAppDetails",
            "handler": "index.handler",
            "id": "getAppDetails",
            "image_config": [],
            "image_uri": "",
            "invoke_arn": "arn:aws:apigateway:us-east-2:lambda:path/2015-03-31/functions/arn:aws:lambda:us-east-2:382376429664:function:getAppDetails/invocations",
            "kms_key_arn": "",
            "last_modified": "2023-05-23T01:20:27.000+0000",
            "layers": [],
            "memory_size": 2048,
            "package_type": "Zip",
            "publish": false,
            "qualified_arn": "arn:aws:lambda:us-east-2:382376429664:function:getAppDetails:$LATEST",
            "qualified_invoke_arn": "arn:aws:apigateway:us-east-2:lambda:path/2015-03-31/functions/arn:aws:lambda:us-east-2:382376429664:function:getAppDetails:$LATEST/invocations",
            "replace_security_groups_on_destroy": null,
            "replacement_security_group_ids": null,
            "reserved_concurrent_executions": -1,
            "role": "arn:aws:iam::382376429664:role/Lambda-GetAppDetails",
            "runtime": "nodejs16.x",
            "s3_bucket": "aws-dynamodb-cache-lookup-bucket",
            "s3_key": "lambda/getappdetails/local.get_app_details_payload.zip",
            "s3_object_version": null,
            "signing_job_arn": "",
            "signing_profile_version_arn": "",
            "skip_destroy": false,
            "snap_start": [],
            "source_code_hash": "gmny7N3Sjk6NM/c87e/pH5BLxJzATkeavIid+bt06Ws=",
            "source_code_size": 2941,
            "tags": {},
            "tags_all": {},
            "timeout": 10,
            "timeouts": null,
            "tracing_config": [
              {
                "mode": "PassThrough"
              }
            ],
            "version": "$LATEST",
            "vpc_config": []
          },
          "sensitive_attributes": [],
          "private": "eyJlMmJmYjczMC1lY2FhLTExZTYtOGY4OC0zNDM2M2JjN2M0YzAiOnsiY3JlYXRlIjo2MDAwMDAwMDAwMDAsImRlbGV0ZSI6NjAwMDAwMDAwMDAwLCJ1cGRhdGUiOjYwMDAwMDAwMDAwMH19",
          "dependencies": [
            "module.dynamodb-lookup-cache.aws_iam_role.Lambda-FetchStoreInfo-Role",
            "module.dynamodb-lookup-cache.aws_iam_role.Lambda-GetAppDetails-Role",
            "module.dynamodb-lookup-cache.aws_iam_role.Lambda-WriteToCache-Role",
            "module.dynamodb-lookup-cache.aws_lambda_function.fetch-store-info",
            "module.dynamodb-lookup-cache.aws_lambda_function.write-to-cache",
            "module.dynamodb-lookup-cache.aws_lambda_layer_version.jsdom_layer",
            "module.dynamodb-lookup-cache.aws_s3_object.fetchstoreinfo-payload-upload",
            "module.dynamodb-lookup-cache.aws_s3_object.getappdetails-payload-upload",
            "module.dynamodb-lookup-cache.aws_s3_object.writetocache-payload-upload",
            "module.dynamodb-lookup-cache.data.archive_file.fetchstoreinfo-payload",
            "module.dynamodb-lookup-cache.data.archive_file.getappdetails-payload",
            "module.dynamodb-lookup-cache.data.archive_file.writetocache-payload",
            "module.dynamodb-lookup-cache.data.aws_s3_object.fetchstoreinfo_config_file"
          ]
        }
      ]
    },
    {
      "module": "module.dynamodb-lookup-cache",
      "mode": "managed",
      "type": "aws_lambda_function",
      "name": "fetch-store-info",
      "provider": "provider[\"registry.terraform.io/hashicorp/aws\"]",
      "instances": [
        {
          "schema_version": 0,
          "attributes": {
            "architectures": [
              "x86_64"
            ],
            "arn": "arn:aws:lambda:us-east-2:382376429664:function:fetchStoreInfo",
            "code_signing_config_arn": "",
            "dead_letter_config": [],
            "description": "",
            "environment": [
              {
                "variables": {
                  "searchStrings": "Online Co-Op,Online PvP,LAN Co-Op,LAN PvP",
                  "searchURL": "https://store.steampowered.com/app/"
                }
              }
            ],
            "ephemeral_storage": [
              {
                "size": 512
              }
            ],
            "file_system_config": [],
            "filename": null,
            "function_name": "fetchStoreInfo",
            "handler": "index.handler",
            "id": "fetchStoreInfo",
            "image_config": [],
            "image_uri": "",
            "invoke_arn": "arn:aws:apigateway:us-east-2:lambda:path/2015-03-31/functions/arn:aws:lambda:us-east-2:382376429664:function:fetchStoreInfo/invocations",
            "kms_key_arn": "",
            "last_modified": "2023-05-23T01:20:22.000+0000",
            "layers": [
              "arn:aws:lambda:us-east-2:382376429664:layer:jsdom-layer:35"
            ],
            "memory_size": 2048,
            "package_type": "Zip",
            "publish": false,
            "qualified_arn": "arn:aws:lambda:us-east-2:382376429664:function:fetchStoreInfo:$LATEST",
            "qualified_invoke_arn": "arn:aws:apigateway:us-east-2:lambda:path/2015-03-31/functions/arn:aws:lambda:us-east-2:382376429664:function:fetchStoreInfo:$LATEST/invocations",
            "replace_security_groups_on_destroy": null,
            "replacement_security_group_ids": null,
            "reserved_concurrent_executions": -1,
            "role": "arn:aws:iam::382376429664:role/Lambda-FetchStoreInfo",
            "runtime": "nodejs16.x",
            "s3_bucket": "aws-dynamodb-cache-lookup-bucket",
            "s3_key": "lambda/fetchstoreinfo/local.fetch_store_info_payload.zip",
            "s3_object_version": null,
            "signing_job_arn": "",
            "signing_profile_version_arn": "",
            "skip_destroy": false,
            "snap_start": [],
            "source_code_hash": "H/BdNSTMHKNU0+6esSWRWG/BOror352NrHSOJdHXaP0=",
            "source_code_size": 2278,
            "tags": {},
            "tags_all": {},
            "timeout": 10,
            "timeouts": null,
            "tracing_config": [
              {
                "mode": "PassThrough"
              }
            ],
            "version": "$LATEST",
            "vpc_config": []
          },
          "sensitive_attributes": [],
          "private": "eyJlMmJmYjczMC1lY2FhLTExZTYtOGY4OC0zNDM2M2JjN2M0YzAiOnsiY3JlYXRlIjo2MDAwMDAwMDAwMDAsImRlbGV0ZSI6NjAwMDAwMDAwMDAwLCJ1cGRhdGUiOjYwMDAwMDAwMDAwMH19",
          "dependencies": [
            "module.dynamodb-lookup-cache.aws_iam_role.Lambda-FetchStoreInfo-Role",
            "module.dynamodb-lookup-cache.aws_lambda_layer_version.jsdom_layer",
            "module.dynamodb-lookup-cache.aws_s3_object.fetchstoreinfo-payload-upload",
            "module.dynamodb-lookup-cache.data.archive_file.fetchstoreinfo-payload",
            "module.dynamodb-lookup-cache.data.aws_s3_object.fetchstoreinfo_config_file"
          ]
        }
      ]
    },
    {
      "module": "module.dynamodb-lookup-cache",
      "mode": "managed",
      "type": "aws_lambda_function",
      "name": "write-to-cache",
      "provider": "provider[\"registry.terraform.io/hashicorp/aws\"]",
      "instances": [
        {
          "schema_version": 0,
          "attributes": {
            "architectures": [
              "x86_64"
            ],
            "arn": "arn:aws:lambda:us-east-2:382376429664:function:writeToCache",
            "code_signing_config_arn": "",
            "dead_letter_config": [],
            "description": "",
            "environment": [
              {
                "variables": {
                  "aws_region": "us-east-2",
                  "dynamoEndpoint": "https://dynamodb.us-east-2.amazonaws.com",
                  "primaryKeyName": "app_id",
                  "primaryKeyType": "S",
                  "tableName": "dynamodb-lookup-cache-23052023"
                }
              }
            ],
            "ephemeral_storage": [
              {
                "size": 512
              }
            ],
            "file_system_config": [],
            "filename": null,
            "function_name": "writeToCache",
            "handler": "index.handler",
            "id": "writeToCache",
            "image_config": [],
            "image_uri": "",
            "invoke_arn": "arn:aws:apigateway:us-east-2:lambda:path/2015-03-31/functions/arn:aws:lambda:us-east-2:382376429664:function:writeToCache/invocations",
            "kms_key_arn": "",
            "last_modified": "2023-05-23T01:20:20.000+0000",
            "layers": [],
            "memory_size": 1024,
            "package_type": "Zip",
            "publish": false,
            "qualified_arn": "arn:aws:lambda:us-east-2:382376429664:function:writeToCache:$LATEST",
            "qualified_invoke_arn": "arn:aws:apigateway:us-east-2:lambda:path/2015-03-31/functions/arn:aws:lambda:us-east-2:382376429664:function:writeToCache:$LATEST/invocations",
            "replace_security_groups_on_destroy": null,
            "replacement_security_group_ids": null,
            "reserved_concurrent_executions": -1,
            "role": "arn:aws:iam::382376429664:role/Lambda-WriteToCache",
            "runtime": "nodejs16.x",
            "s3_bucket": "aws-dynamodb-cache-lookup-bucket",
            "s3_key": "lambda/writetocache/local.write_to_cache_payload.zip",
            "s3_object_version": null,
            "signing_job_arn": "",
            "signing_profile_version_arn": "",
            "skip_destroy": false,
            "snap_start": [],
            "source_code_hash": "4t6F8MfA7jPnK2D+Nh1IJN3lG8IrTZJ37Q/Nkr7JCqo=",
            "source_code_size": 1053,
            "tags": {},
            "tags_all": {},
            "timeout": 10,
            "timeouts": null,
            "tracing_config": [
              {
                "mode": "PassThrough"
              }
            ],
            "version": "$LATEST",
            "vpc_config": []
          },
          "sensitive_attributes": [],
          "private": "eyJlMmJmYjczMC1lY2FhLTExZTYtOGY4OC0zNDM2M2JjN2M0YzAiOnsiY3JlYXRlIjo2MDAwMDAwMDAwMDAsImRlbGV0ZSI6NjAwMDAwMDAwMDAwLCJ1cGRhdGUiOjYwMDAwMDAwMDAwMH19",
          "dependencies": [
            "module.dynamodb-lookup-cache.aws_iam_role.Lambda-WriteToCache-Role",
            "module.dynamodb-lookup-cache.aws_s3_object.writetocache-payload-upload",
            "module.dynamodb-lookup-cache.data.archive_file.writetocache-payload"
          ]
        }
      ]
    },
    {
      "module": "module.dynamodb-lookup-cache",
      "mode": "managed",
      "type": "aws_lambda_layer_version",
      "name": "jsdom_layer",
      "provider": "provider[\"registry.terraform.io/hashicorp/aws\"]",
      "instances": [
        {
          "schema_version": 0,
          "attributes": {
            "arn": "arn:aws:lambda:us-east-2:382376429664:layer:jsdom-layer:35",
            "compatible_architectures": [],
            "compatible_runtimes": [
              "nodejs16.x"
            ],
            "created_date": "2023-05-22T22:10:36.910+0000",
            "description": "",
            "filename": "modules/aws-dynamodb-cache-lookup/lambda/packages/jsdom.zip",
            "id": "arn:aws:lambda:us-east-2:382376429664:layer:jsdom-layer:35",
            "layer_arn": "arn:aws:lambda:us-east-2:382376429664:layer:jsdom-layer",
            "layer_name": "jsdom-layer",
            "license_info": "",
            "s3_bucket": null,
            "s3_key": null,
            "s3_object_version": null,
            "signing_job_arn": "",
            "signing_profile_version_arn": "",
            "skip_destroy": false,
            "source_code_hash": "15otELVmv/w5z213n0e0sKDWlFduRi9d7uuWCqm6vgI=",
            "source_code_size": 2475665,
            "version": "35"
          },
          "sensitive_attributes": [],
          "private": "bnVsbA=="
        }
      ]
    },
    {
      "module": "module.dynamodb-lookup-cache",
      "mode": "managed",
      "type": "aws_lambda_permission",
      "name": "apigw",
      "provider": "provider[\"registry.terraform.io/hashicorp/aws\"]",
      "instances": [
        {
          "schema_version": 0,
          "attributes": {
            "action": "lambda:InvokeFunction",
            "event_source_token": null,
            "function_name": "getAppDetails",
            "function_url_auth_type": null,
            "id": "AllowAPIGatewayInvoke",
            "principal": "apigateway.amazonaws.com",
            "principal_org_id": null,
            "qualifier": "",
            "source_account": null,
            "source_arn": "arn:aws:execute-api:us-east-2:382376429664:ypxtdlbo5a/*/*",
            "statement_id": "AllowAPIGatewayInvoke",
            "statement_id_prefix": ""
          },
          "sensitive_attributes": [],
          "private": "bnVsbA==",
          "dependencies": [
            "module.dynamodb-lookup-cache.aws_api_gateway_rest_api.api_gateway",
            "module.dynamodb-lookup-cache.aws_iam_role.Lambda-FetchStoreInfo-Role",
            "module.dynamodb-lookup-cache.aws_iam_role.Lambda-GetAppDetails-Role",
            "module.dynamodb-lookup-cache.aws_iam_role.Lambda-WriteToCache-Role",
            "module.dynamodb-lookup-cache.aws_lambda_function.dynamodb-lookup",
            "module.dynamodb-lookup-cache.aws_lambda_function.fetch-store-info",
            "module.dynamodb-lookup-cache.aws_lambda_function.write-to-cache",
            "module.dynamodb-lookup-cache.aws_lambda_layer_version.jsdom_layer",
            "module.dynamodb-lookup-cache.aws_s3_bucket.aws-dynamodb-cache-lookup-s3",
            "module.dynamodb-lookup-cache.aws_s3_object.fetchstoreinfo-payload-upload",
            "module.dynamodb-lookup-cache.aws_s3_object.fetchstoreinfo_config_object",
            "module.dynamodb-lookup-cache.aws_s3_object.getappdetails-payload-upload",
            "module.dynamodb-lookup-cache.aws_s3_object.writetocache-payload-upload",
            "module.dynamodb-lookup-cache.data.archive_file.fetchstoreinfo-payload",
            "module.dynamodb-lookup-cache.data.archive_file.getappdetails-payload",
            "module.dynamodb-lookup-cache.data.archive_file.writetocache-payload",
            "module.dynamodb-lookup-cache.data.aws_s3_object.fetchstoreinfo_config_file"
          ]
        }
      ]
    },
    {
      "module": "module.dynamodb-lookup-cache",
      "mode": "managed",
      "type": "aws_s3_bucket",
      "name": "aws-dynamodb-cache-lookup-s3",
      "provider": "provider[\"registry.terraform.io/hashicorp/aws\"]",
      "instances": [
        {
          "schema_version": 0,
          "attributes": {
            "acceleration_status": "",
            "acl": null,
            "arn": "arn:aws:s3:::aws-dynamodb-cache-lookup-bucket",
            "bucket": "aws-dynamodb-cache-lookup-bucket",
            "bucket_domain_name": "aws-dynamodb-cache-lookup-bucket.s3.amazonaws.com",
            "bucket_prefix": null,
            "bucket_regional_domain_name": "aws-dynamodb-cache-lookup-bucket.s3.us-east-2.amazonaws.com",
            "cors_rule": [],
            "force_destroy": false,
            "grant": [
              {
                "id": "2369ec787fd8c5497707161468eb83255d8727607516900bf30e2ac2be52c220",
                "permissions": [
                  "FULL_CONTROL"
                ],
                "type": "CanonicalUser",
                "uri": ""
              }
            ],
            "hosted_zone_id": "Z2O1EMRO9K5GLX",
            "id": "aws-dynamodb-cache-lookup-bucket",
            "lifecycle_rule": [],
            "logging": [],
            "object_lock_configuration": [],
            "object_lock_enabled": false,
            "policy": "",
            "region": "us-east-2",
            "replication_configuration": [],
            "request_payer": "BucketOwner",
            "server_side_encryption_configuration": [
              {
                "rule": [
                  {
                    "apply_server_side_encryption_by_default": [
                      {
                        "kms_master_key_id": "",
                        "sse_algorithm": "AES256"
                      }
                    ],
                    "bucket_key_enabled": false
                  }
                ]
              }
            ],
            "tags": {},
            "tags_all": {},
            "timeouts": null,
            "versioning": [
              {
                "enabled": false,
                "mfa_delete": false
              }
            ],
            "website": [],
            "website_domain": null,
            "website_endpoint": null
          },
          "sensitive_attributes": [],
          "private": "eyJlMmJmYjczMC1lY2FhLTExZTYtOGY4OC0zNDM2M2JjN2M0YzAiOnsiY3JlYXRlIjoxMjAwMDAwMDAwMDAwLCJkZWxldGUiOjM2MDAwMDAwMDAwMDAsInJlYWQiOjEyMDAwMDAwMDAwMDAsInVwZGF0ZSI6MTIwMDAwMDAwMDAwMH19"
        }
      ]
    },
    {
      "module": "module.dynamodb-lookup-cache",
      "mode": "managed",
      "type": "aws_s3_object",
      "name": "api-deployment-url-upload",
      "provider": "provider[\"registry.terraform.io/hashicorp/aws\"]",
      "instances": [
        {
          "schema_version": 0,
          "attributes": {
            "acl": "private",
            "bucket": "aws-dynamodb-cache-lookup-bucket",
            "bucket_key_enabled": false,
            "cache_control": "",
            "content": null,
            "content_base64": null,
            "content_disposition": "",
            "content_encoding": "",
            "content_language": "",
            "content_type": "binary/octet-stream",
            "etag": "d1ac8cd01d26006d364453df9fb7430b",
            "force_destroy": false,
            "id": "apigw/apigw.conf",
            "key": "apigw/apigw.conf",
            "kms_key_id": null,
            "metadata": {},
            "object_lock_legal_hold_status": "",
            "object_lock_mode": "",
            "object_lock_retain_until_date": "",
            "server_side_encryption": "AES256",
            "source": "modules/aws-dynamodb-cache-lookup/apigw/apigw.conf",
            "source_hash": null,
            "storage_class": "STANDARD",
            "tags": {},
            "tags_all": {},
            "version_id": "",
            "website_redirect": ""
          },
          "sensitive_attributes": [],
          "private": "bnVsbA==",
          "dependencies": [
            "module.dynamodb-lookup-cache.aws_api_gateway_deployment.deployment",
            "module.dynamodb-lookup-cache.aws_api_gateway_integration.lambda",
            "module.dynamodb-lookup-cache.aws_api_gateway_method.proxy",
            "module.dynamodb-lookup-cache.aws_api_gateway_resource.proxy",
            "module.dynamodb-lookup-cache.aws_api_gateway_rest_api.api_gateway",
            "module.dynamodb-lookup-cache.aws_iam_role.Lambda-FetchStoreInfo-Role",
            "module.dynamodb-lookup-cache.aws_iam_role.Lambda-GetAppDetails-Role",
            "module.dynamodb-lookup-cache.aws_iam_role.Lambda-WriteToCache-Role",
            "module.dynamodb-lookup-cache.aws_lambda_function.dynamodb-lookup",
            "module.dynamodb-lookup-cache.aws_lambda_function.fetch-store-info",
            "module.dynamodb-lookup-cache.aws_lambda_function.write-to-cache",
            "module.dynamodb-lookup-cache.aws_lambda_layer_version.jsdom_layer",
            "module.dynamodb-lookup-cache.aws_s3_bucket.aws-dynamodb-cache-lookup-s3",
            "module.dynamodb-lookup-cache.aws_s3_object.fetchstoreinfo-payload-upload",
            "module.dynamodb-lookup-cache.aws_s3_object.fetchstoreinfo_config_object",
            "module.dynamodb-lookup-cache.aws_s3_object.getappdetails-payload-upload",
            "module.dynamodb-lookup-cache.aws_s3_object.writetocache-payload-upload",
            "module.dynamodb-lookup-cache.data.archive_file.fetchstoreinfo-payload",
            "module.dynamodb-lookup-cache.data.archive_file.getappdetails-payload",
            "module.dynamodb-lookup-cache.data.archive_file.writetocache-payload",
            "module.dynamodb-lookup-cache.data.aws_s3_object.fetchstoreinfo_config_file",
            "module.dynamodb-lookup-cache.local_file.api-deployment-url"
          ]
        }
      ]
    },
    {
      "module": "module.dynamodb-lookup-cache",
      "mode": "managed",
      "type": "aws_s3_object",
      "name": "fetchstoreinfo-payload-upload",
      "provider": "provider[\"registry.terraform.io/hashicorp/aws\"]",
      "instances": [
        {
          "schema_version": 0,
          "attributes": {
            "acl": "private",
            "bucket": "aws-dynamodb-cache-lookup-bucket",
            "bucket_key_enabled": false,
            "cache_control": "",
            "content": null,
            "content_base64": null,
            "content_disposition": "",
            "content_encoding": "",
            "content_language": "",
            "content_type": "binary/octet-stream",
            "etag": "2c46fe67c193202e324b617892468b61",
            "force_destroy": false,
            "id": "lambda/fetchstoreinfo/local.fetch_store_info_payload.zip",
            "key": "lambda/fetchstoreinfo/local.fetch_store_info_payload.zip",
            "kms_key_id": null,
            "metadata": {},
            "object_lock_legal_hold_status": "",
            "object_lock_mode": "",
            "object_lock_retain_until_date": "",
            "server_side_encryption": "AES256",
            "source": "modules/aws-dynamodb-cache-lookup/lambda/fetch_store_info/fetch_store_info_payload.zip",
            "source_hash": null,
            "storage_class": "STANDARD",
            "tags": {},
            "tags_all": {},
            "version_id": "",
            "website_redirect": ""
          },
          "sensitive_attributes": [],
          "private": "bnVsbA==",
          "dependencies": [
            "module.dynamodb-lookup-cache.aws_s3_bucket.aws-dynamodb-cache-lookup-s3",
            "module.dynamodb-lookup-cache.data.archive_file.fetchstoreinfo-payload"
          ]
        }
      ]
    },
    {
      "module": "module.dynamodb-lookup-cache",
      "mode": "managed",
      "type": "aws_s3_object",
      "name": "fetchstoreinfo_config_object",
      "provider": "provider[\"registry.terraform.io/hashicorp/aws\"]",
      "instances": [
        {
          "schema_version": 0,
          "attributes": {
            "acl": "private",
            "bucket": "aws-dynamodb-cache-lookup-bucket",
            "bucket_key_enabled": false,
            "cache_control": "",
            "content": null,
            "content_base64": null,
            "content_disposition": "",
            "content_encoding": "",
            "content_language": "",
            "content_type": "text/plain",
            "etag": "21174ebaf25f711978a8d72db192622b",
            "force_destroy": false,
            "id": "config/lambda/fetch_store_info/config.json",
            "key": "config/lambda/fetch_store_info/config.json",
            "kms_key_id": null,
            "metadata": {},
            "object_lock_legal_hold_status": "",
            "object_lock_mode": "",
            "object_lock_retain_until_date": "",
            "server_side_encryption": "AES256",
            "source": "modules/aws-dynamodb-cache-lookup/lambda/fetch_store_info/config.json",
            "source_hash": null,
            "storage_class": "STANDARD",
            "tags": {},
            "tags_all": {},
            "version_id": "",
            "website_redirect": ""
          },
          "sensitive_attributes": [],
          "private": "bnVsbA==",
          "dependencies": [
            "module.dynamodb-lookup-cache.aws_s3_bucket.aws-dynamodb-cache-lookup-s3"
          ]
        }
      ]
    },
    {
      "module": "module.dynamodb-lookup-cache",
      "mode": "managed",
      "type": "aws_s3_object",
      "name": "getappdetails-payload-upload",
      "provider": "provider[\"registry.terraform.io/hashicorp/aws\"]",
      "instances": [
        {
          "schema_version": 0,
          "attributes": {
            "acl": "private",
            "bucket": "aws-dynamodb-cache-lookup-bucket",
            "bucket_key_enabled": false,
            "cache_control": "",
            "content": null,
            "content_base64": null,
            "content_disposition": "",
            "content_encoding": "",
            "content_language": "",
            "content_type": "binary/octet-stream",
            "etag": "ecbad2e4ce2855293bfcefd57d167681",
            "force_destroy": false,
            "id": "lambda/getappdetails/local.get_app_details_payload.zip",
            "key": "lambda/getappdetails/local.get_app_details_payload.zip",
            "kms_key_id": null,
            "metadata": {},
            "object_lock_legal_hold_status": "",
            "object_lock_mode": "",
            "object_lock_retain_until_date": "",
            "server_side_encryption": "AES256",
            "source": "modules/aws-dynamodb-cache-lookup/lambda/get_app_details/get_app_details_payload.zip",
            "source_hash": null,
            "storage_class": "STANDARD",
            "tags": {},
            "tags_all": {},
            "version_id": "",
            "website_redirect": ""
          },
          "sensitive_attributes": [],
          "private": "bnVsbA==",
          "dependencies": [
            "module.dynamodb-lookup-cache.aws_s3_bucket.aws-dynamodb-cache-lookup-s3",
            "module.dynamodb-lookup-cache.data.archive_file.fetchstoreinfo-payload",
            "module.dynamodb-lookup-cache.data.archive_file.getappdetails-payload"
          ]
        }
      ]
    },
    {
      "module": "module.dynamodb-lookup-cache",
      "mode": "managed",
      "type": "aws_s3_object",
      "name": "writetocache-payload-upload",
      "provider": "provider[\"registry.terraform.io/hashicorp/aws\"]",
      "instances": [
        {
          "schema_version": 0,
          "attributes": {
            "acl": "private",
            "bucket": "aws-dynamodb-cache-lookup-bucket",
            "bucket_key_enabled": false,
            "cache_control": "",
            "content": null,
            "content_base64": null,
            "content_disposition": "",
            "content_encoding": "",
            "content_language": "",
            "content_type": "binary/octet-stream",
            "etag": "3d1f66163c6e2a5c741eb318022f84f1",
            "force_destroy": false,
            "id": "lambda/writetocache/local.write_to_cache_payload.zip",
            "key": "lambda/writetocache/local.write_to_cache_payload.zip",
            "kms_key_id": null,
            "metadata": {},
            "object_lock_legal_hold_status": "",
            "object_lock_mode": "",
            "object_lock_retain_until_date": "",
            "server_side_encryption": "AES256",
            "source": "modules/aws-dynamodb-cache-lookup/lambda/write_to_cache/write_to_cache_payload.zip",
            "source_hash": null,
            "storage_class": "STANDARD",
            "tags": {},
            "tags_all": {},
            "version_id": "",
            "website_redirect": ""
          },
          "sensitive_attributes": [],
          "private": "bnVsbA==",
          "dependencies": [
            "module.dynamodb-lookup-cache.aws_s3_bucket.aws-dynamodb-cache-lookup-s3",
            "module.dynamodb-lookup-cache.data.archive_file.writetocache-payload"
          ]
        }
      ]
    },
    {
      "module": "module.dynamodb-lookup-cache",
      "mode": "managed",
      "type": "local_file",
      "name": "api-deployment-url",
      "provider": "provider[\"registry.terraform.io/hashicorp/local\"]",
      "instances": [
        {
          "schema_version": 0,
          "attributes": {
            "content": "https://ypxtdlbo5a.execute-api.us-east-2.amazonaws.com/test/getAppDetails/",
            "content_base64": null,
            "content_base64sha256": "i6GZN3B2RE6ZN/1BkRDEkNwa6KorLmoj+FwEfySc14o=",
            "content_base64sha512": "ecF1Ex13UV+HsNQubaL/ltejsm0UdERppT1b5iuCEhyIl0PE2vvNL/1PjlHlGDO79Rd5YnMd1IMhr60r+CO5gA==",
            "content_md5": "d1ac8cd01d26006d364453df9fb7430b",
            "content_sha1": "518cae7067501810abde8ca76e995a6612c81058",
            "content_sha256": "8ba199377076444e9937fd419110c490dc1ae8aa2b2e6a23f85c047f249cd78a",
            "content_sha512": "79c175131d77515f87b0d42e6da2ff96d7a3b26d14744469a53d5be62b82121c889743c4dafbcd2ffd4f8e51e51833bbf5177962731dd48321afad2bf823b980",
            "directory_permission": "0777",
            "file_permission": "0777",
            "filename": "modules/aws-dynamodb-cache-lookup/apigw/apigw.conf",
            "id": "518cae7067501810abde8ca76e995a6612c81058",
            "sensitive_content": null,
            "source": null
          },
          "sensitive_attributes": [],
          "dependencies": [
            "module.dynamodb-lookup-cache.aws_api_gateway_deployment.deployment",
            "module.dynamodb-lookup-cache.aws_api_gateway_integration.lambda",
            "module.dynamodb-lookup-cache.aws_api_gateway_method.proxy",
            "module.dynamodb-lookup-cache.aws_api_gateway_resource.proxy",
            "module.dynamodb-lookup-cache.aws_api_gateway_rest_api.api_gateway",
            "module.dynamodb-lookup-cache.aws_iam_role.Lambda-FetchStoreInfo-Role",
            "module.dynamodb-lookup-cache.aws_iam_role.Lambda-GetAppDetails-Role",
            "module.dynamodb-lookup-cache.aws_iam_role.Lambda-WriteToCache-Role",
            "module.dynamodb-lookup-cache.aws_lambda_function.dynamodb-lookup",
            "module.dynamodb-lookup-cache.aws_lambda_function.fetch-store-info",
            "module.dynamodb-lookup-cache.aws_lambda_function.write-to-cache",
            "module.dynamodb-lookup-cache.aws_lambda_layer_version.jsdom_layer",
            "module.dynamodb-lookup-cache.aws_s3_bucket.aws-dynamodb-cache-lookup-s3",
            "module.dynamodb-lookup-cache.aws_s3_object.fetchstoreinfo-payload-upload",
            "module.dynamodb-lookup-cache.aws_s3_object.fetchstoreinfo_config_object",
            "module.dynamodb-lookup-cache.aws_s3_object.getappdetails-payload-upload",
            "module.dynamodb-lookup-cache.aws_s3_object.writetocache-payload-upload",
            "module.dynamodb-lookup-cache.data.archive_file.fetchstoreinfo-payload",
            "module.dynamodb-lookup-cache.data.archive_file.getappdetails-payload",
            "module.dynamodb-lookup-cache.data.archive_file.writetocache-payload",
            "module.dynamodb-lookup-cache.data.aws_s3_object.fetchstoreinfo_config_file"
          ]
        }
      ]
    },
    {
      "module": "module.ecs-cluster",
      "mode": "data",
      "type": "aws_caller_identity",
      "name": "current",
      "provider": "provider[\"registry.terraform.io/hashicorp/aws\"]",
      "instances": [
        {
          "schema_version": 0,
          "attributes": {
            "account_id": "382376429664",
            "arn": "arn:aws:iam::382376429664:user/zseiple",
            "id": "382376429664",
            "user_id": "AIDAVSB3JJBQLOFMGRMW2"
          },
          "sensitive_attributes": []
        }
      ]
    },
    {
      "module": "module.ecs-cluster",
      "mode": "data",
      "type": "template_file",
      "name": "container-def-json",
      "provider": "provider[\"registry.terraform.io/hashicorp/template\"]",
      "instances": [
        {
          "schema_version": 0,
          "attributes": {
            "filename": null,
            "id": "d3a705f3972dd7ccbe8a26ea9b5adf3c656193ad6a8a44d00174dae35db8a438",
            "rendered": "[\r\n  {\r\n    \"name\": \"wswp-server\",\r\n    \"image\": \"382376429664.dkr.ecr.us-east-2.amazonaws.com/wswp-images:test\",\r\n    \"cpu\": 1024,\r\n    \"memory\": 256,\r\n    \"entryPoint\": [\r\n      \"/bin/sh\",\r\n      \"-c\",\r\n      \"aws s3 cp s3://cert-bucket-23052023/https/certs /https/ --recursive \u0026\u0026 dotnet wswp-app.dll\"\r\n    ],\r\n    \"essential\": true,\r\n    \"portMappings\": [\r\n      {\r\n        \"containerPort\": 9796,\r\n        \"hostPort\": 80,\r\n        \"protocol\": \"tcp\"\r\n      },\r\n      {\r\n        \"containerPort\": 9797,\r\n        \"hostPort\": 443,\r\n        \"protocol\": \"tcp\"\r\n      }\r\n    ]\r\n  }\r\n]",
            "template": "[\r\n  {\r\n    \"name\": \"wswp-server\",\r\n    \"image\": \"382376429664.dkr.ecr.us-east-2.amazonaws.com/wswp-images:test\",\r\n    \"cpu\": 1024,\r\n    \"memory\": 256,\r\n    \"entryPoint\": [\r\n      \"/bin/sh\",\r\n      \"-c\",\r\n      \"aws s3 cp s3://${bucket_name}/https/certs /https/ --recursive \u0026\u0026 dotnet wswp-app.dll\"\r\n    ],\r\n    \"essential\": true,\r\n    \"portMappings\": [\r\n      {\r\n        \"containerPort\": 9796,\r\n        \"hostPort\": 80,\r\n        \"protocol\": \"tcp\"\r\n      },\r\n      {\r\n        \"containerPort\": 9797,\r\n        \"hostPort\": 443,\r\n        \"protocol\": \"tcp\"\r\n      }\r\n    ]\r\n  }\r\n]",
            "vars": {
              "bucket_name": "cert-bucket-23052023"
            }
          },
          "sensitive_attributes": []
        }
      ]
    },
    {
      "module": "module.ecs-cluster",
      "mode": "managed",
      "type": "aws_autoscaling_group",
      "name": "app-group",
      "provider": "provider[\"registry.terraform.io/hashicorp/aws\"]",
      "instances": [
        {
          "schema_version": 0,
          "attributes": {
            "arn": "arn:aws:autoscaling:us-east-2:382376429664:autoScalingGroup:9aea646a-b61b-465c-9c34-ea959f894284:autoScalingGroupName/wswp-asgroup",
            "availability_zones": [
              "us-east-2a",
              "us-east-2b"
            ],
            "capacity_rebalance": false,
            "context": "",
            "default_cooldown": 300,
            "default_instance_warmup": 0,
            "desired_capacity": 1,
            "desired_capacity_type": "",
            "enabled_metrics": [],
            "force_delete": false,
            "force_delete_warm_pool": false,
            "health_check_grace_period": 300,
            "health_check_type": "EC2",
            "id": "wswp-asgroup",
            "initial_lifecycle_hook": [],
            "instance_refresh": [],
            "launch_configuration": "",
            "launch_template": [
              {
                "id": "lt-01623b4166b1dee34",
                "name": "wswp-instance",
                "version": ""
              }
            ],
            "load_balancers": [],
            "max_instance_lifetime": 0,
            "max_size": 2,
            "metrics_granularity": "1Minute",
            "min_elb_capacity": null,
            "min_size": 1,
            "mixed_instances_policy": [],
            "name": "wswp-asgroup",
            "name_prefix": "",
            "placement_group": "",
            "protect_from_scale_in": false,
            "service_linked_role_arn": "arn:aws:iam::382376429664:role/aws-service-role/autoscaling.amazonaws.com/AWSServiceRoleForAutoScaling",
            "suspended_processes": [],
            "tag": [],
            "tags": null,
            "target_group_arns": [
              "arn:aws:elasticloadbalancing:us-east-2:382376429664:targetgroup/wswp-http-group/67ee4a66a197a462",
              "arn:aws:elasticloadbalancing:us-east-2:382376429664:targetgroup/wswp-https-group/e8a781a90f647fe9"
            ],
            "termination_policies": [],
            "timeouts": null,
            "vpc_zone_identifier": [
              "subnet-0349f7d48b04662a3",
              "subnet-08083a96f521cbdc1"
            ],
            "wait_for_capacity_timeout": "10m",
            "wait_for_elb_capacity": null,
            "warm_pool": []
          },
          "sensitive_attributes": [],
          "private": "eyJlMmJmYjczMC1lY2FhLTExZTYtOGY4OC0zNDM2M2JjN2M0YzAiOnsiZGVsZXRlIjo2MDAwMDAwMDAwMDAsInVwZGF0ZSI6NjAwMDAwMDAwMDAwfX0=",
          "dependencies": [
            "aws_key_pair.ec2_access",
            "aws_lb.app-lb",
            "aws_lb_target_group.wswp_http_group",
            "aws_lb_target_group.wswp_https_group",
            "aws_security_group.ec2_security_group",
            "aws_subnet.private_subnets",
            "aws_subnet.public_subnets",
            "aws_vpc.main_vpc",
            "data.aws_ami.ubuntu",
            "module.ecs-cluster.aws_launch_template.app-host"
          ]
        }
      ]
    },
    {
      "module": "module.ecs-cluster",
      "mode": "managed",
      "type": "aws_autoscaling_policy",
      "name": "autoscaling-rules",
      "provider": "provider[\"registry.terraform.io/hashicorp/aws\"]",
      "instances": [
        {
          "schema_version": 0,
          "attributes": {
            "adjustment_type": "ChangeInCapacity",
            "arn": "arn:aws:autoscaling:us-east-2:382376429664:scalingPolicy:6bf495f2-963d-43b4-9c67-8441125460f1:autoScalingGroupName/wswp-asgroup:policyName/wswp-aspolicy",
            "autoscaling_group_name": "wswp-asgroup",
            "cooldown": 0,
            "enabled": true,
            "estimated_instance_warmup": 0,
            "id": "wswp-aspolicy",
            "metric_aggregation_type": "",
            "min_adjustment_magnitude": 0,
            "name": "wswp-aspolicy",
            "policy_type": "SimpleScaling",
            "predictive_scaling_configuration": [],
            "scaling_adjustment": 1,
            "step_adjustment": [],
            "target_tracking_configuration": []
          },
          "sensitive_attributes": [],
          "private": "bnVsbA==",
          "dependencies": [
            "aws_key_pair.ec2_access",
            "aws_lb.app-lb",
            "aws_lb_target_group.wswp_http_group",
            "aws_lb_target_group.wswp_https_group",
            "aws_security_group.ec2_security_group",
            "aws_subnet.private_subnets",
            "aws_subnet.public_subnets",
            "aws_vpc.main_vpc",
            "data.aws_ami.ubuntu",
            "module.ecs-cluster.aws_autoscaling_group.app-group",
            "module.ecs-cluster.aws_launch_template.app-host"
          ]
        }
      ]
    },
    {
      "module": "module.ecs-cluster",
      "mode": "managed",
      "type": "aws_ecr_repository",
      "name": "image-repo",
      "provider": "provider[\"registry.terraform.io/hashicorp/aws\"]",
      "instances": [
        {
          "schema_version": 0,
          "attributes": {
            "arn": "arn:aws:ecr:us-east-2:382376429664:repository/wswp-images",
            "encryption_configuration": [
              {
                "encryption_type": "AES256",
                "kms_key": ""
              }
            ],
            "force_delete": null,
            "id": "wswp-images",
            "image_scanning_configuration": [
              {
                "scan_on_push": false
              }
            ],
            "image_tag_mutability": "MUTABLE",
            "name": "wswp-images",
            "registry_id": "382376429664",
            "repository_url": "382376429664.dkr.ecr.us-east-2.amazonaws.com/wswp-images",
            "tags": {},
            "tags_all": {},
            "timeouts": null
          },
          "sensitive_attributes": [],
          "private": "eyJlMmJmYjczMC1lY2FhLTExZTYtOGY4OC0zNDM2M2JjN2M0YzAiOnsiZGVsZXRlIjoxMjAwMDAwMDAwMDAwfX0=",
          "dependencies": [
            "aws_security_group.ec2_security_group",
            "aws_vpc.main_vpc"
          ]
        }
      ]
    },
    {
      "module": "module.ecs-cluster",
      "mode": "managed",
      "type": "aws_ecs_capacity_provider",
      "name": "provider",
      "provider": "provider[\"registry.terraform.io/hashicorp/aws\"]",
      "instances": [
        {
          "schema_version": 0,
          "attributes": {
            "arn": "arn:aws:ecs:us-east-2:382376429664:capacity-provider/capacity-provider-ecs",
            "auto_scaling_group_provider": [
              {
                "auto_scaling_group_arn": "arn:aws:autoscaling:us-east-2:382376429664:autoScalingGroup:9aea646a-b61b-465c-9c34-ea959f894284:autoScalingGroupName/wswp-asgroup",
                "managed_scaling": [
                  {
                    "instance_warmup_period": 300,
                    "maximum_scaling_step_size": 1,
                    "minimum_scaling_step_size": 1,
                    "status": "DISABLED",
                    "target_capacity": 100
                  }
                ],
                "managed_termination_protection": "DISABLED"
              }
            ],
            "id": "arn:aws:ecs:us-east-2:382376429664:capacity-provider/capacity-provider-ecs",
            "name": "capacity-provider-ecs",
            "tags": {},
            "tags_all": {}
          },
          "sensitive_attributes": [],
          "private": "bnVsbA==",
          "dependencies": [
            "aws_key_pair.ec2_access",
            "aws_lb.app-lb",
            "aws_lb_target_group.wswp_http_group",
            "aws_lb_target_group.wswp_https_group",
            "aws_security_group.ec2_security_group",
            "aws_subnet.private_subnets",
            "aws_subnet.public_subnets",
            "aws_vpc.main_vpc",
            "data.aws_ami.ubuntu",
            "module.ecs-cluster.aws_autoscaling_group.app-group",
            "module.ecs-cluster.aws_launch_template.app-host"
          ]
        }
      ]
    },
    {
      "module": "module.ecs-cluster",
      "mode": "managed",
      "type": "aws_ecs_cluster",
      "name": "cluster",
      "provider": "provider[\"registry.terraform.io/hashicorp/aws\"]",
      "instances": [
        {
          "schema_version": 0,
          "attributes": {
            "arn": "arn:aws:ecs:us-east-2:382376429664:cluster/app-cluster",
            "capacity_providers": [],
            "configuration": [],
            "default_capacity_provider_strategy": [],
            "id": "arn:aws:ecs:us-east-2:382376429664:cluster/app-cluster",
            "name": "app-cluster",
            "service_connect_defaults": [],
            "setting": [
              {
                "name": "containerInsights",
                "value": "disabled"
              }
            ],
            "tags": {},
            "tags_all": {}
          },
          "sensitive_attributes": [],
          "private": "bnVsbA==",
          "dependencies": [
            "aws_security_group.ec2_security_group",
            "aws_vpc.main_vpc"
          ]
        }
      ]
    },
    {
      "module": "module.ecs-cluster",
      "mode": "managed",
      "type": "aws_ecs_service",
      "name": "app-service",
      "provider": "provider[\"registry.terraform.io/hashicorp/aws\"]",
      "instances": [
        {
          "schema_version": 0,
          "attributes": {
            "alarms": [],
            "capacity_provider_strategy": [
              {
                "base": null,
                "capacity_provider": "capacity-provider-ecs",
                "weight": 100
              }
            ],
            "cluster": "arn:aws:ecs:us-east-2:382376429664:cluster/app-cluster",
            "deployment_circuit_breaker": [
              {
                "enable": false,
                "rollback": false
              }
            ],
            "deployment_controller": [
              {
                "type": "ECS"
              }
            ],
            "deployment_maximum_percent": 200,
            "deployment_minimum_healthy_percent": 100,
            "desired_count": 0,
            "enable_ecs_managed_tags": false,
            "enable_execute_command": false,
            "force_new_deployment": null,
            "health_check_grace_period_seconds": 0,
            "iam_role": "aws-service-role",
            "id": "arn:aws:ecs:us-east-2:382376429664:service/app-cluster/wswp",
            "launch_type": "",
            "load_balancer": [
              {
                "container_name": "wswp-server",
                "container_port": 9796,
                "elb_name": "",
                "target_group_arn": "arn:aws:elasticloadbalancing:us-east-2:382376429664:targetgroup/wswp-http-group/67ee4a66a197a462"
              },
              {
                "container_name": "wswp-server",
                "container_port": 9797,
                "elb_name": "",
                "target_group_arn": "arn:aws:elasticloadbalancing:us-east-2:382376429664:targetgroup/wswp-https-group/e8a781a90f647fe9"
              }
            ],
            "name": "wswp",
            "network_configuration": [],
            "ordered_placement_strategy": [],
            "placement_constraints": [],
            "platform_version": "",
            "propagate_tags": "NONE",
            "scheduling_strategy": "REPLICA",
            "service_connect_configuration": [],
            "service_registries": [],
            "tags": null,
            "tags_all": {},
            "task_definition": "arn:aws:ecs:us-east-2:382376429664:task-definition/app:7",
            "timeouts": null,
            "triggers": {},
            "wait_for_steady_state": false
          },
          "sensitive_attributes": [],
          "private": "eyJlMmJmYjczMC1lY2FhLTExZTYtOGY4OC0zNDM2M2JjN2M0YzAiOnsiY3JlYXRlIjoxMjAwMDAwMDAwMDAwLCJkZWxldGUiOjEyMDAwMDAwMDAwMDAsInVwZGF0ZSI6MTIwMDAwMDAwMDAwMH19",
          "dependencies": [
            "aws_lb.app-lb",
            "aws_lb_target_group.wswp_http_group",
            "aws_lb_target_group.wswp_https_group",
            "aws_security_group.ec2_security_group",
            "module.ecs-cluster.aws_ecs_capacity_provider.provider",
            "module.ecs-cluster.aws_ecs_cluster.cluster",
            "module.ecs-cluster.aws_ecs_task_definition.wswp-task",
            "module.ecs-cluster.aws_s3_bucket.cert-bucket",
            "module.ecs-cluster.data.template_file.container-def-json"
          ]
        }
      ]
    },
    {
      "module": "module.ecs-cluster",
      "mode": "managed",
      "type": "aws_ecs_task_definition",
      "name": "wswp-task",
      "provider": "provider[\"registry.terraform.io/hashicorp/aws\"]",
      "instances": [
        {
          "schema_version": 1,
          "attributes": {
            "arn": "arn:aws:ecs:us-east-2:382376429664:task-definition/app:7",
            "arn_without_revision": "arn:aws:ecs:us-east-2:382376429664:task-definition/app",
            "container_definitions": "[{\"cpu\":1024,\"entryPoint\":[\"/bin/sh\",\"-c\",\"aws s3 cp s3://cert-bucket-23052023/https/certs /https/ --recursive \u0026\u0026 dotnet wswp-app.dll\"],\"environment\":[],\"essential\":true,\"image\":\"382376429664.dkr.ecr.us-east-2.amazonaws.com/wswp-images:test\",\"memory\":256,\"mountPoints\":[],\"name\":\"wswp-server\",\"portMappings\":[{\"containerPort\":9796,\"hostPort\":80,\"protocol\":\"tcp\"},{\"containerPort\":9797,\"hostPort\":443,\"protocol\":\"tcp\"}],\"volumesFrom\":[]}]",
            "cpu": "",
            "ephemeral_storage": [],
            "execution_role_arn": "",
            "family": "app",
            "id": "app",
            "inference_accelerator": [],
            "ipc_mode": "",
            "memory": "",
            "network_mode": "",
            "pid_mode": "",
            "placement_constraints": [],
            "proxy_configuration": [],
            "requires_compatibilities": null,
            "revision": 7,
            "runtime_platform": [],
            "skip_destroy": false,
            "tags": null,
            "tags_all": {},
            "task_role_arn": "",
            "volume": [
              {
                "docker_volume_configuration": [],
                "efs_volume_configuration": [],
                "fsx_windows_file_server_volume_configuration": [],
                "host_path": "/https/",
                "name": "certs"
              }
            ]
          },
          "sensitive_attributes": [],
          "private": "eyJzY2hlbWFfdmVyc2lvbiI6IjEifQ==",
          "dependencies": [
            "aws_security_group.ec2_security_group",
            "module.ecs-cluster.aws_s3_bucket.cert-bucket",
            "module.ecs-cluster.data.template_file.container-def-json"
          ]
        }
      ]
    },
    {
      "module": "module.ecs-cluster",
      "mode": "managed",
      "type": "aws_iam_policy",
      "name": "ECSTaskExecutionPolicy",
      "provider": "provider[\"registry.terraform.io/hashicorp/aws\"]",
      "instances": [
        {
          "schema_version": 0,
          "attributes": {
            "arn": "arn:aws:iam::382376429664:policy/ECSTaskExecutionPolicy",
            "description": "",
            "id": "arn:aws:iam::382376429664:policy/ECSTaskExecutionPolicy",
            "name": "ECSTaskExecutionPolicy",
            "name_prefix": null,
            "path": "/",
            "policy": "{\"Statement\":[{\"Action\":[\"ecr:BatchGetImage\",\"ecr:GetAuthorizationToken\",\"ecr:GetDownloadUrlForLayer\",\"ecr:BatchCheckLayerAvailability\",\"logs:CreateLogStream\",\"logs:PutLogEvents\"],\"Effect\":\"Allow\",\"Resource\":\"*\"},{\"Action\":[\"s3:GetObject\",\"s3:ListBucket\"],\"Effect\":\"Allow\",\"Resource\":\"arn:aws:s3:::cert-bucket-23052023\"}],\"Version\":\"2012-10-17\"}",
            "policy_id": "ANPAVSB3JJBQPK7DD7UJU",
            "tags": {},
            "tags_all": {}
          },
          "sensitive_attributes": [],
          "private": "bnVsbA==",
          "dependencies": [
            "aws_security_group.ec2_security_group",
            "aws_vpc.main_vpc",
            "module.ecs-cluster.aws_s3_bucket.cert-bucket"
          ]
        }
      ]
    },
    {
      "module": "module.ecs-cluster",
      "mode": "managed",
      "type": "aws_iam_role",
      "name": "ECSTaskExecutionRole",
      "provider": "provider[\"registry.terraform.io/hashicorp/aws\"]",
      "instances": [
        {
          "schema_version": 0,
          "attributes": {
            "arn": "arn:aws:iam::382376429664:role/ECSTaskExecutionRole",
            "assume_role_policy": "{\"Statement\":[{\"Action\":\"sts:AssumeRole\",\"Condition\":{\"StringEquals\":{\"aws:SourceAccount\":\"382376429664\"}},\"Effect\":\"Allow\",\"Principal\":{\"Service\":[\"ecs-tasks.amazonaws.com\"]},\"Sid\":\"\"}],\"Version\":\"2012-10-17\"}",
            "create_date": "2023-05-22T22:11:05Z",
            "description": "",
            "force_detach_policies": false,
            "id": "ECSTaskExecutionRole",
            "inline_policy": [],
            "managed_policy_arns": [],
            "max_session_duration": 3600,
            "name": "ECSTaskExecutionRole",
            "name_prefix": "",
            "path": "/",
            "permissions_boundary": null,
            "tags": {},
            "tags_all": {},
            "unique_id": "AROAVSB3JJBQAKBSXLAF5"
          },
          "sensitive_attributes": [],
          "private": "bnVsbA==",
          "dependencies": [
            "aws_security_group.ec2_security_group",
            "aws_vpc.main_vpc",
            "module.ecs-cluster.data.aws_caller_identity.current"
          ]
        }
      ]
    },
    {
      "module": "module.ecs-cluster",
      "mode": "managed",
      "type": "aws_launch_template",
      "name": "app-host",
      "provider": "provider[\"registry.terraform.io/hashicorp/aws\"]",
      "instances": [
        {
          "schema_version": 0,
          "attributes": {
            "arn": "arn:aws:ec2:us-east-2:382376429664:launch-template/lt-01623b4166b1dee34",
            "block_device_mappings": [],
            "capacity_reservation_specification": [],
            "cpu_options": [],
            "credit_specification": [],
            "default_version": 1,
            "description": "Describes configuration for one host of WSWP",
            "disable_api_stop": false,
            "disable_api_termination": false,
            "ebs_optimized": "",
            "elastic_gpu_specifications": [],
            "elastic_inference_accelerator": [],
            "enclave_options": [],
            "hibernation_options": [],
            "iam_instance_profile": [],
            "id": "lt-01623b4166b1dee34",
            "image_id": "ami-0ddb5a74386eb6091",
            "instance_initiated_shutdown_behavior": "",
            "instance_market_options": [],
            "instance_requirements": [],
            "instance_type": "t3a.nano",
            "kernel_id": "",
            "key_name": "ec2_access",
            "latest_version": 1,
            "license_specification": [],
            "maintenance_options": [],
            "metadata_options": [],
            "monitoring": [],
            "name": "wswp-instance",
            "name_prefix": "",
            "network_interfaces": [],
            "placement": [],
            "private_dns_name_options": [],
            "ram_disk_id": "",
            "security_group_names": [],
            "tag_specifications": [],
            "tags": {},
            "tags_all": {},
            "update_default_version": null,
            "user_data": "",
            "vpc_security_group_ids": [
              "sg-0841d888474b7eca1"
            ]
          },
          "sensitive_attributes": [],
          "private": "bnVsbA==",
          "dependencies": [
            "aws_key_pair.ec2_access",
            "aws_security_group.ec2_security_group",
            "aws_vpc.main_vpc",
            "data.aws_ami.ubuntu"
          ]
        }
      ]
    },
    {
      "module": "module.ecs-cluster",
      "mode": "managed",
      "type": "aws_s3_bucket",
      "name": "cert-bucket",
      "provider": "provider[\"registry.terraform.io/hashicorp/aws\"]",
      "instances": [
        {
          "schema_version": 0,
          "attributes": {
            "acceleration_status": "",
            "acl": null,
            "arn": "arn:aws:s3:::cert-bucket-23052023",
            "bucket": "cert-bucket-23052023",
            "bucket_domain_name": "cert-bucket-23052023.s3.amazonaws.com",
            "bucket_prefix": null,
            "bucket_regional_domain_name": "cert-bucket-23052023.s3.us-east-2.amazonaws.com",
            "cors_rule": [],
            "force_destroy": false,
            "grant": [
              {
                "id": "2369ec787fd8c5497707161468eb83255d8727607516900bf30e2ac2be52c220",
                "permissions": [
                  "FULL_CONTROL"
                ],
                "type": "CanonicalUser",
                "uri": ""
              }
            ],
            "hosted_zone_id": "Z2O1EMRO9K5GLX",
            "id": "cert-bucket-23052023",
            "lifecycle_rule": [],
            "logging": [],
            "object_lock_configuration": [],
            "object_lock_enabled": false,
            "policy": "",
            "region": "us-east-2",
            "replication_configuration": [],
            "request_payer": "BucketOwner",
            "server_side_encryption_configuration": [
              {
                "rule": [
                  {
                    "apply_server_side_encryption_by_default": [
                      {
                        "kms_master_key_id": "",
                        "sse_algorithm": "AES256"
                      }
                    ],
                    "bucket_key_enabled": false
                  }
                ]
              }
            ],
            "tags": null,
            "tags_all": {},
            "timeouts": null,
            "versioning": [
              {
                "enabled": false,
                "mfa_delete": false
              }
            ],
            "website": [],
            "website_domain": null,
            "website_endpoint": null
          },
          "sensitive_attributes": [],
          "private": "eyJlMmJmYjczMC1lY2FhLTExZTYtOGY4OC0zNDM2M2JjN2M0YzAiOnsiY3JlYXRlIjoxMjAwMDAwMDAwMDAwLCJkZWxldGUiOjM2MDAwMDAwMDAwMDAsInJlYWQiOjEyMDAwMDAwMDAwMDAsInVwZGF0ZSI6MTIwMDAwMDAwMDAwMH19",
          "dependencies": [
            "aws_security_group.ec2_security_group"
          ]
        }
      ]
    }
  ]
}
